// !$*UTF8*$!
{
	archiveVersion = 1;
	classes = {
	};
	objectVersion = 50;
	objects = {

/* Begin PBXBuildFile section */
		E713607328D00C4500CE6A85 /* String+Subscript.swift in Sources */ = {isa = PBXBuildFile; fileRef = E713607228D00C4500CE6A85 /* String+Subscript.swift */; };
		E713607628D00E7000CE6A85 /* Substring+MQ.swift in Sources */ = {isa = PBXBuildFile; fileRef = E713607528D00E7000CE6A85 /* Substring+MQ.swift */; };
		E713607828D00FA800CE6A85 /* Substring+Subscript.swift in Sources */ = {isa = PBXBuildFile; fileRef = E713607728D00FA800CE6A85 /* Substring+Subscript.swift */; };
		E71DA96928B77FF9002A3DBD /* UIImage+Creator.swift in Sources */ = {isa = PBXBuildFile; fileRef = E71DA96828B77FF9002A3DBD /* UIImage+Creator.swift */; };
		E71E722E28B72ACE00197402 /* CGColor+MQ.swift in Sources */ = {isa = PBXBuildFile; fileRef = E71E722D28B72ACE00197402 /* CGColor+MQ.swift */; };
		E71E723128B72C0F00197402 /* UIColor+Creator.swift in Sources */ = {isa = PBXBuildFile; fileRef = E71E723028B72C0F00197402 /* UIColor+Creator.swift */; };
		E71E723828B746C800197402 /* UIColor+Metal.swift in Sources */ = {isa = PBXBuildFile; fileRef = E71E723728B746C800197402 /* UIColor+Metal.swift */; };
		E725073B28D8886800378A7D /* UIView+Shortcut.swift in Sources */ = {isa = PBXBuildFile; fileRef = E725073A28D8886800378A7D /* UIView+Shortcut.swift */; };
		E72C9E7628B8995700DC6C02 /* CGRect+Creator.swift in Sources */ = {isa = PBXBuildFile; fileRef = E72C9E7528B8995700DC6C02 /* CGRect+Creator.swift */; };
		E72C9E7928B8A2A500DC6C02 /* CGPoint+Creator.swift in Sources */ = {isa = PBXBuildFile; fileRef = E72C9E7828B8A2A500DC6C02 /* CGPoint+Creator.swift */; };
		E72C9E7C28B8A37B00DC6C02 /* CGSize+Creator.swift in Sources */ = {isa = PBXBuildFile; fileRef = E72C9E7B28B8A37B00DC6C02 /* CGSize+Creator.swift */; };
		E736F34024766E310016FF3C /* AppDelegate.swift in Sources */ = {isa = PBXBuildFile; fileRef = E736F33F24766E310016FF3C /* AppDelegate.swift */; };
		E736F34224766E310016FF3C /* SceneDelegate.swift in Sources */ = {isa = PBXBuildFile; fileRef = E736F34124766E310016FF3C /* SceneDelegate.swift */; };
		E736F34424766E310016FF3C /* ViewController.swift in Sources */ = {isa = PBXBuildFile; fileRef = E736F34324766E310016FF3C /* ViewController.swift */; };
		E736F34724766E310016FF3C /* Main.storyboard in Resources */ = {isa = PBXBuildFile; fileRef = E736F34524766E310016FF3C /* Main.storyboard */; };
		E736F34924766E310016FF3C /* Assets.xcassets in Resources */ = {isa = PBXBuildFile; fileRef = E736F34824766E310016FF3C /* Assets.xcassets */; };
		E736F34C24766E310016FF3C /* LaunchScreen.storyboard in Resources */ = {isa = PBXBuildFile; fileRef = E736F34A24766E310016FF3C /* LaunchScreen.storyboard */; };
		E736F35A24766F5D0016FF3C /* MQKit.h in Headers */ = {isa = PBXBuildFile; fileRef = E736F35824766F5D0016FF3C /* MQKit.h */; settings = {ATTRIBUTES = (Public, ); }; };
		E736F35D24766F5D0016FF3C /* MQKit.framework in Frameworks */ = {isa = PBXBuildFile; fileRef = E736F35624766F5D0016FF3C /* MQKit.framework */; };
		E736F3A224766F910016FF3C /* MQCollectionView.swift in Sources */ = {isa = PBXBuildFile; fileRef = E736F36424766F910016FF3C /* MQCollectionView.swift */; };
		E736F3A324766F910016FF3C /* MQTableView.swift in Sources */ = {isa = PBXBuildFile; fileRef = E736F36524766F910016FF3C /* MQTableView.swift */; };
		E736F3A424766F910016FF3C /* MTLTexture+MQ.swift in Sources */ = {isa = PBXBuildFile; fileRef = E736F36824766F910016FF3C /* MTLTexture+MQ.swift */; };
		E736F3A524766F910016FF3C /* UIImage+MQ.swift in Sources */ = {isa = PBXBuildFile; fileRef = E736F36B24766F910016FF3C /* UIImage+MQ.swift */; };
		E736F3A624766F910016FF3C /* UIImage+MQMetal.swift in Sources */ = {isa = PBXBuildFile; fileRef = E736F36C24766F910016FF3C /* UIImage+MQMetal.swift */; };
		E736F3A724766F910016FF3C /* CGPoint+MQ.swift in Sources */ = {isa = PBXBuildFile; fileRef = E736F36D24766F910016FF3C /* CGPoint+MQ.swift */; };
		E736F3A824766F910016FF3C /* UIApplication+MQThird.swift in Sources */ = {isa = PBXBuildFile; fileRef = E736F36F24766F910016FF3C /* UIApplication+MQThird.swift */; };
		E736F3AA24766F910016FF3C /* CGSize+MQ.swift in Sources */ = {isa = PBXBuildFile; fileRef = E736F37124766F910016FF3C /* CGSize+MQ.swift */; };
		E736F3AB24766F910016FF3C /* Coordinate+MQ.swift in Sources */ = {isa = PBXBuildFile; fileRef = E736F37224766F910016FF3C /* Coordinate+MQ.swift */; };
		E736F3AC24766F910016FF3C /* UIDevice+MQSoftware.swift in Sources */ = {isa = PBXBuildFile; fileRef = E736F37424766F910016FF3C /* UIDevice+MQSoftware.swift */; };
		E736F3AD24766F910016FF3C /* UIDevice+MQHardware.swift in Sources */ = {isa = PBXBuildFile; fileRef = E736F37524766F910016FF3C /* UIDevice+MQHardware.swift */; };
		E736F3AE24766F910016FF3C /* UIColor+MQ.swift in Sources */ = {isa = PBXBuildFile; fileRef = E736F37624766F910016FF3C /* UIColor+MQ.swift */; };
		E736F3AF24766F910016FF3C /* UIFont+MQ.swift in Sources */ = {isa = PBXBuildFile; fileRef = E736F37724766F910016FF3C /* UIFont+MQ.swift */; };
		E736F3B024766F910016FF3C /* UIView+MQ.swift in Sources */ = {isa = PBXBuildFile; fileRef = E736F37824766F910016FF3C /* UIView+MQ.swift */; };
		E736F3B124766F910016FF3C /* CGRect+MQ.swift in Sources */ = {isa = PBXBuildFile; fileRef = E736F37924766F910016FF3C /* CGRect+MQ.swift */; };
		E736F3B224766F910016FF3C /* OperationQueue+MQ.swift in Sources */ = {isa = PBXBuildFile; fileRef = E736F37B24766F910016FF3C /* OperationQueue+MQ.swift */; };
		E736F3B324766F910016FF3C /* Array+MQ.swift in Sources */ = {isa = PBXBuildFile; fileRef = E736F37C24766F910016FF3C /* Array+MQ.swift */; };
		E736F3B424766F910016FF3C /* Date+MQ.swift in Sources */ = {isa = PBXBuildFile; fileRef = E736F37D24766F910016FF3C /* Date+MQ.swift */; };
		E736F3B524766F910016FF3C /* NSRegularExpression+MQ.swift in Sources */ = {isa = PBXBuildFile; fileRef = E736F37E24766F910016FF3C /* NSRegularExpression+MQ.swift */; };
		E736F3B624766F910016FF3C /* FixedWidthInteger+MQ.swift in Sources */ = {isa = PBXBuildFile; fileRef = E736F38024766F910016FF3C /* FixedWidthInteger+MQ.swift */; };
		E736F3B724766F910016FF3C /* Decimal+MQ.swift in Sources */ = {isa = PBXBuildFile; fileRef = E736F38124766F910016FF3C /* Decimal+MQ.swift */; };
		E736F3B824766F910016FF3C /* Pow+MQ.swift in Sources */ = {isa = PBXBuildFile; fileRef = E736F38224766F910016FF3C /* Pow+MQ.swift */; };
		E736F3B924766F910016FF3C /* CFStringEncodings+MQCode.swift in Sources */ = {isa = PBXBuildFile; fileRef = E736F38424766F910016FF3C /* CFStringEncodings+MQCode.swift */; };
		E736F3BA24766F910016FF3C /* CFStringEncodings+MQList.swift in Sources */ = {isa = PBXBuildFile; fileRef = E736F38524766F910016FF3C /* CFStringEncodings+MQList.swift */; };
		E736F3BB24766F910016FF3C /* StringEncoding+MQCode.swift in Sources */ = {isa = PBXBuildFile; fileRef = E736F38624766F910016FF3C /* StringEncoding+MQCode.swift */; };
		E736F3BC24766F910016FF3C /* StringEncoding+MQList.swift in Sources */ = {isa = PBXBuildFile; fileRef = E736F38724766F910016FF3C /* StringEncoding+MQList.swift */; };
		E736F3BD24766F910016FF3C /* String+MQPath.swift in Sources */ = {isa = PBXBuildFile; fileRef = E736F38924766F910016FF3C /* String+MQPath.swift */; };
		E736F3BE24766F910016FF3C /* String+MQCode.swift in Sources */ = {isa = PBXBuildFile; fileRef = E736F38A24766F910016FF3C /* String+MQCode.swift */; };
		E736F3BF24766F910016FF3C /* String+MQSize.swift in Sources */ = {isa = PBXBuildFile; fileRef = E736F38B24766F910016FF3C /* String+MQSize.swift */; };
		E736F3C224766F910016FF3C /* String+MQMark.swift in Sources */ = {isa = PBXBuildFile; fileRef = E736F38E24766F910016FF3C /* String+MQMark.swift */; };
		E736F3C324766F910016FF3C /* String+MQChar.swift in Sources */ = {isa = PBXBuildFile; fileRef = E736F38F24766F910016FF3C /* String+MQChar.swift */; };
		E736F3C424766F910016FF3C /* Dictionary+MQ.swift in Sources */ = {isa = PBXBuildFile; fileRef = E736F39024766F910016FF3C /* Dictionary+MQ.swift */; };
		E736F3C524766F910016FF3C /* URL+MQ.swift in Sources */ = {isa = PBXBuildFile; fileRef = E736F39124766F910016FF3C /* URL+MQ.swift */; };
		E736F3C624766F910016FF3C /* NSMutableAttributedString+MQ.swift in Sources */ = {isa = PBXBuildFile; fileRef = E736F39224766F910016FF3C /* NSMutableAttributedString+MQ.swift */; };
		E736F3C724766F910016FF3C /* MQKeychain.swift in Sources */ = {isa = PBXBuildFile; fileRef = E736F39524766F910016FF3C /* MQKeychain.swift */; };
		E736F3C824766F910016FF3C /* Data+MQCrypt.swift in Sources */ = {isa = PBXBuildFile; fileRef = E736F39724766F910016FF3C /* Data+MQCrypt.swift */; };
		E736F3C924766F910016FF3C /* MQCrypt.swift in Sources */ = {isa = PBXBuildFile; fileRef = E736F39824766F910016FF3C /* MQCrypt.swift */; };
		E736F3CA24766F910016FF3C /* MQCrypt+AES.swift in Sources */ = {isa = PBXBuildFile; fileRef = E736F39924766F910016FF3C /* MQCrypt+AES.swift */; };
		E736F3CC24766F910016FF3C /* MQTaptic.swift in Sources */ = {isa = PBXBuildFile; fileRef = E736F39C24766F910016FF3C /* MQTaptic.swift */; };
		E736F3CD24766F910016FF3C /* UITextField+MQ.swift in Sources */ = {isa = PBXBuildFile; fileRef = E736F39E24766F910016FF3C /* UITextField+MQ.swift */; };
		E736F3CE24766F910016FF3C /* MQTextField.swift in Sources */ = {isa = PBXBuildFile; fileRef = E736F39F24766F910016FF3C /* MQTextField.swift */; };
		E736F3CF24766F910016FF3C /* MQHorizontalPagingView.swift in Sources */ = {isa = PBXBuildFile; fileRef = E736F3A124766F910016FF3C /* MQHorizontalPagingView.swift */; };
		E736F3ED24766FC10016FF3C /* MQUIImageViewController.swift in Sources */ = {isa = PBXBuildFile; fileRef = E736F3D224766FC10016FF3C /* MQUIImageViewController.swift */; };
		E736F3EE24766FC10016FF3C /* MQUIApplicationViewController.swift in Sources */ = {isa = PBXBuildFile; fileRef = E736F3D424766FC10016FF3C /* MQUIApplicationViewController.swift */; };
		E736F3EF24766FC10016FF3C /* MQColorViewController.swift in Sources */ = {isa = PBXBuildFile; fileRef = E736F3D624766FC10016FF3C /* MQColorViewController.swift */; };
		E736F3F024766FC10016FF3C /* MQFontViewController.swift in Sources */ = {isa = PBXBuildFile; fileRef = E736F3D824766FC10016FF3C /* MQFontViewController.swift */; };
		E736F3F124766FC10016FF3C /* MQDateViewController.swift in Sources */ = {isa = PBXBuildFile; fileRef = E736F3DA24766FC10016FF3C /* MQDateViewController.swift */; };
		E736F3F224766FC10016FF3C /* MQURLViewController.swift in Sources */ = {isa = PBXBuildFile; fileRef = E736F3DC24766FC10016FF3C /* MQURLViewController.swift */; };
		E736F3F324766FC10016FF3C /* MQStringViewController.swift in Sources */ = {isa = PBXBuildFile; fileRef = E736F3DE24766FC10016FF3C /* MQStringViewController.swift */; };
		E736F3F424766FC10016FF3C /* MQTextFieldViewController.swift in Sources */ = {isa = PBXBuildFile; fileRef = E736F3E224766FC10016FF3C /* MQTextFieldViewController.swift */; };
		E736F3F524766FC10016FF3C /* MQHorizontalPagingViewController.swift in Sources */ = {isa = PBXBuildFile; fileRef = E736F3E424766FC10016FF3C /* MQHorizontalPagingViewController.swift */; };
		E736F3F624766FC10016FF3C /* MQShowViewController.swift in Sources */ = {isa = PBXBuildFile; fileRef = E736F3E724766FC10016FF3C /* MQShowViewController.swift */; };
		E736F3F724766FC10016FF3C /* MQShowCell.swift in Sources */ = {isa = PBXBuildFile; fileRef = E736F3E924766FC10016FF3C /* MQShowCell.swift */; };
		E736F3F824766FC10016FF3C /* image0@2x.png in Resources */ = {isa = PBXBuildFile; fileRef = E736F3EC24766FC10016FF3C /* image0@2x.png */; };
		E79231E028D230CC00C849FA /* String+MQ.swift in Sources */ = {isa = PBXBuildFile; fileRef = E79231DF28D230CC00C849FA /* String+MQ.swift */; };
		E79C72C224783AB500AE327D /* MTLClearColor+MQ.swift in Sources */ = {isa = PBXBuildFile; fileRef = E79C72C124783AB500AE327D /* MTLClearColor+MQ.swift */; };
		E7A4386F24F8AB0A0055CB17 /* Data+MD5.swift in Sources */ = {isa = PBXBuildFile; fileRef = E7A4386E24F8AB0A0055CB17 /* Data+MD5.swift */; };
		E7CF6DB024D121B0004F3C66 /* CharacterSet+MQ.swift in Sources */ = {isa = PBXBuildFile; fileRef = E7CF6DAF24D121B0004F3C66 /* CharacterSet+MQ.swift */; };
		E7D5E69428C1F89700DF50A9 /* Bundle+MQ.swift in Sources */ = {isa = PBXBuildFile; fileRef = E7D5E69328C1F89700DF50A9 /* Bundle+MQ.swift */; };
		E7F5B00324D1952200C929A4 /* String+MQRegularExpression.swift in Sources */ = {isa = PBXBuildFile; fileRef = E7F5B00224D1952200C929A4 /* String+MQRegularExpression.swift */; };
/* End PBXBuildFile section */

/* Begin PBXContainerItemProxy section */
		E736F35B24766F5D0016FF3C /* PBXContainerItemProxy */ = {
			isa = PBXContainerItemProxy;
			containerPortal = E736F31A24766DCC0016FF3C /* Project object */;
			proxyType = 1;
			remoteGlobalIDString = E736F35524766F5D0016FF3C;
			remoteInfo = MQKit;
		};
/* End PBXContainerItemProxy section */

/* Begin PBXFileReference section */
		E713607228D00C4500CE6A85 /* String+Subscript.swift */ = {isa = PBXFileReference; lastKnownFileType = sourcecode.swift; path = "String+Subscript.swift"; sourceTree = "<group>"; };
		E713607528D00E7000CE6A85 /* Substring+MQ.swift */ = {isa = PBXFileReference; lastKnownFileType = sourcecode.swift; path = "Substring+MQ.swift"; sourceTree = "<group>"; };
		E713607728D00FA800CE6A85 /* Substring+Subscript.swift */ = {isa = PBXFileReference; lastKnownFileType = sourcecode.swift; path = "Substring+Subscript.swift"; sourceTree = "<group>"; };
		E71DA96828B77FF9002A3DBD /* UIImage+Creator.swift */ = {isa = PBXFileReference; lastKnownFileType = sourcecode.swift; path = "UIImage+Creator.swift"; sourceTree = "<group>"; };
		E71E722D28B72ACE00197402 /* CGColor+MQ.swift */ = {isa = PBXFileReference; lastKnownFileType = sourcecode.swift; path = "CGColor+MQ.swift"; sourceTree = "<group>"; };
		E71E723028B72C0F00197402 /* UIColor+Creator.swift */ = {isa = PBXFileReference; lastKnownFileType = sourcecode.swift; path = "UIColor+Creator.swift"; sourceTree = "<group>"; };
		E71E723728B746C800197402 /* UIColor+Metal.swift */ = {isa = PBXFileReference; lastKnownFileType = sourcecode.swift; path = "UIColor+Metal.swift"; sourceTree = "<group>"; };
		E725073A28D8886800378A7D /* UIView+Shortcut.swift */ = {isa = PBXFileReference; lastKnownFileType = sourcecode.swift; path = "UIView+Shortcut.swift"; sourceTree = "<group>"; };
		E72C9E7528B8995700DC6C02 /* CGRect+Creator.swift */ = {isa = PBXFileReference; lastKnownFileType = sourcecode.swift; path = "CGRect+Creator.swift"; sourceTree = "<group>"; };
		E72C9E7828B8A2A500DC6C02 /* CGPoint+Creator.swift */ = {isa = PBXFileReference; lastKnownFileType = sourcecode.swift; path = "CGPoint+Creator.swift"; sourceTree = "<group>"; };
		E72C9E7B28B8A37B00DC6C02 /* CGSize+Creator.swift */ = {isa = PBXFileReference; lastKnownFileType = sourcecode.swift; path = "CGSize+Creator.swift"; sourceTree = "<group>"; };
		E736F33D24766E310016FF3C /* Main.app */ = {isa = PBXFileReference; explicitFileType = wrapper.application; includeInIndex = 0; path = Main.app; sourceTree = BUILT_PRODUCTS_DIR; };
		E736F33F24766E310016FF3C /* AppDelegate.swift */ = {isa = PBXFileReference; lastKnownFileType = sourcecode.swift; path = AppDelegate.swift; sourceTree = "<group>"; };
		E736F34124766E310016FF3C /* SceneDelegate.swift */ = {isa = PBXFileReference; lastKnownFileType = sourcecode.swift; path = SceneDelegate.swift; sourceTree = "<group>"; };
		E736F34324766E310016FF3C /* ViewController.swift */ = {isa = PBXFileReference; lastKnownFileType = sourcecode.swift; path = ViewController.swift; sourceTree = "<group>"; };
		E736F34624766E310016FF3C /* Base */ = {isa = PBXFileReference; lastKnownFileType = file.storyboard; name = Base; path = Base.lproj/Main.storyboard; sourceTree = "<group>"; };
		E736F34824766E310016FF3C /* Assets.xcassets */ = {isa = PBXFileReference; lastKnownFileType = folder.assetcatalog; path = Assets.xcassets; sourceTree = "<group>"; };
		E736F34B24766E310016FF3C /* Base */ = {isa = PBXFileReference; lastKnownFileType = file.storyboard; name = Base; path = Base.lproj/LaunchScreen.storyboard; sourceTree = "<group>"; };
		E736F34D24766E310016FF3C /* Info.plist */ = {isa = PBXFileReference; lastKnownFileType = text.plist.xml; path = Info.plist; sourceTree = "<group>"; };
		E736F35624766F5D0016FF3C /* MQKit.framework */ = {isa = PBXFileReference; explicitFileType = wrapper.framework; includeInIndex = 0; path = MQKit.framework; sourceTree = BUILT_PRODUCTS_DIR; };
		E736F35824766F5D0016FF3C /* MQKit.h */ = {isa = PBXFileReference; lastKnownFileType = sourcecode.c.h; path = MQKit.h; sourceTree = "<group>"; };
		E736F35924766F5D0016FF3C /* Info.plist */ = {isa = PBXFileReference; lastKnownFileType = text.plist.xml; path = Info.plist; sourceTree = "<group>"; };
		E736F36424766F910016FF3C /* MQCollectionView.swift */ = {isa = PBXFileReference; fileEncoding = 4; lastKnownFileType = sourcecode.swift; path = MQCollectionView.swift; sourceTree = "<group>"; };
		E736F36524766F910016FF3C /* MQTableView.swift */ = {isa = PBXFileReference; fileEncoding = 4; lastKnownFileType = sourcecode.swift; path = MQTableView.swift; sourceTree = "<group>"; };
		E736F36824766F910016FF3C /* MTLTexture+MQ.swift */ = {isa = PBXFileReference; fileEncoding = 4; lastKnownFileType = sourcecode.swift; path = "MTLTexture+MQ.swift"; sourceTree = "<group>"; };
		E736F36B24766F910016FF3C /* UIImage+MQ.swift */ = {isa = PBXFileReference; fileEncoding = 4; lastKnownFileType = sourcecode.swift; path = "UIImage+MQ.swift"; sourceTree = "<group>"; };
		E736F36C24766F910016FF3C /* UIImage+MQMetal.swift */ = {isa = PBXFileReference; fileEncoding = 4; lastKnownFileType = sourcecode.swift; path = "UIImage+MQMetal.swift"; sourceTree = "<group>"; };
		E736F36D24766F910016FF3C /* CGPoint+MQ.swift */ = {isa = PBXFileReference; fileEncoding = 4; lastKnownFileType = sourcecode.swift; path = "CGPoint+MQ.swift"; sourceTree = "<group>"; };
		E736F36F24766F910016FF3C /* UIApplication+MQThird.swift */ = {isa = PBXFileReference; fileEncoding = 4; lastKnownFileType = sourcecode.swift; path = "UIApplication+MQThird.swift"; sourceTree = "<group>"; };
		E736F37124766F910016FF3C /* CGSize+MQ.swift */ = {isa = PBXFileReference; fileEncoding = 4; lastKnownFileType = sourcecode.swift; path = "CGSize+MQ.swift"; sourceTree = "<group>"; };
		E736F37224766F910016FF3C /* Coordinate+MQ.swift */ = {isa = PBXFileReference; fileEncoding = 4; lastKnownFileType = sourcecode.swift; path = "Coordinate+MQ.swift"; sourceTree = "<group>"; };
		E736F37424766F910016FF3C /* UIDevice+MQSoftware.swift */ = {isa = PBXFileReference; fileEncoding = 4; lastKnownFileType = sourcecode.swift; path = "UIDevice+MQSoftware.swift"; sourceTree = "<group>"; };
		E736F37524766F910016FF3C /* UIDevice+MQHardware.swift */ = {isa = PBXFileReference; fileEncoding = 4; lastKnownFileType = sourcecode.swift; path = "UIDevice+MQHardware.swift"; sourceTree = "<group>"; };
		E736F37624766F910016FF3C /* UIColor+MQ.swift */ = {isa = PBXFileReference; fileEncoding = 4; lastKnownFileType = sourcecode.swift; path = "UIColor+MQ.swift"; sourceTree = "<group>"; };
		E736F37724766F910016FF3C /* UIFont+MQ.swift */ = {isa = PBXFileReference; fileEncoding = 4; lastKnownFileType = sourcecode.swift; path = "UIFont+MQ.swift"; sourceTree = "<group>"; };
		E736F37824766F910016FF3C /* UIView+MQ.swift */ = {isa = PBXFileReference; fileEncoding = 4; lastKnownFileType = sourcecode.swift; path = "UIView+MQ.swift"; sourceTree = "<group>"; };
		E736F37924766F910016FF3C /* CGRect+MQ.swift */ = {isa = PBXFileReference; fileEncoding = 4; lastKnownFileType = sourcecode.swift; path = "CGRect+MQ.swift"; sourceTree = "<group>"; };
		E736F37B24766F910016FF3C /* OperationQueue+MQ.swift */ = {isa = PBXFileReference; fileEncoding = 4; lastKnownFileType = sourcecode.swift; path = "OperationQueue+MQ.swift"; sourceTree = "<group>"; };
		E736F37C24766F910016FF3C /* Array+MQ.swift */ = {isa = PBXFileReference; fileEncoding = 4; lastKnownFileType = sourcecode.swift; path = "Array+MQ.swift"; sourceTree = "<group>"; };
		E736F37D24766F910016FF3C /* Date+MQ.swift */ = {isa = PBXFileReference; fileEncoding = 4; lastKnownFileType = sourcecode.swift; path = "Date+MQ.swift"; sourceTree = "<group>"; };
		E736F37E24766F910016FF3C /* NSRegularExpression+MQ.swift */ = {isa = PBXFileReference; fileEncoding = 4; lastKnownFileType = sourcecode.swift; path = "NSRegularExpression+MQ.swift"; sourceTree = "<group>"; };
		E736F38024766F910016FF3C /* FixedWidthInteger+MQ.swift */ = {isa = PBXFileReference; fileEncoding = 4; lastKnownFileType = sourcecode.swift; path = "FixedWidthInteger+MQ.swift"; sourceTree = "<group>"; };
		E736F38124766F910016FF3C /* Decimal+MQ.swift */ = {isa = PBXFileReference; fileEncoding = 4; lastKnownFileType = sourcecode.swift; path = "Decimal+MQ.swift"; sourceTree = "<group>"; };
		E736F38224766F910016FF3C /* Pow+MQ.swift */ = {isa = PBXFileReference; fileEncoding = 4; lastKnownFileType = sourcecode.swift; path = "Pow+MQ.swift"; sourceTree = "<group>"; };
		E736F38424766F910016FF3C /* CFStringEncodings+MQCode.swift */ = {isa = PBXFileReference; fileEncoding = 4; lastKnownFileType = sourcecode.swift; path = "CFStringEncodings+MQCode.swift"; sourceTree = "<group>"; };
		E736F38524766F910016FF3C /* CFStringEncodings+MQList.swift */ = {isa = PBXFileReference; fileEncoding = 4; lastKnownFileType = sourcecode.swift; path = "CFStringEncodings+MQList.swift"; sourceTree = "<group>"; };
		E736F38624766F910016FF3C /* StringEncoding+MQCode.swift */ = {isa = PBXFileReference; fileEncoding = 4; lastKnownFileType = sourcecode.swift; path = "StringEncoding+MQCode.swift"; sourceTree = "<group>"; };
		E736F38724766F910016FF3C /* StringEncoding+MQList.swift */ = {isa = PBXFileReference; fileEncoding = 4; lastKnownFileType = sourcecode.swift; path = "StringEncoding+MQList.swift"; sourceTree = "<group>"; };
		E736F38924766F910016FF3C /* String+MQPath.swift */ = {isa = PBXFileReference; fileEncoding = 4; lastKnownFileType = sourcecode.swift; path = "String+MQPath.swift"; sourceTree = "<group>"; };
		E736F38A24766F910016FF3C /* String+MQCode.swift */ = {isa = PBXFileReference; fileEncoding = 4; lastKnownFileType = sourcecode.swift; path = "String+MQCode.swift"; sourceTree = "<group>"; };
		E736F38B24766F910016FF3C /* String+MQSize.swift */ = {isa = PBXFileReference; fileEncoding = 4; lastKnownFileType = sourcecode.swift; path = "String+MQSize.swift"; sourceTree = "<group>"; };
		E736F38E24766F910016FF3C /* String+MQMark.swift */ = {isa = PBXFileReference; fileEncoding = 4; lastKnownFileType = sourcecode.swift; path = "String+MQMark.swift"; sourceTree = "<group>"; };
		E736F38F24766F910016FF3C /* String+MQChar.swift */ = {isa = PBXFileReference; fileEncoding = 4; lastKnownFileType = sourcecode.swift; path = "String+MQChar.swift"; sourceTree = "<group>"; };
		E736F39024766F910016FF3C /* Dictionary+MQ.swift */ = {isa = PBXFileReference; fileEncoding = 4; lastKnownFileType = sourcecode.swift; path = "Dictionary+MQ.swift"; sourceTree = "<group>"; };
		E736F39124766F910016FF3C /* URL+MQ.swift */ = {isa = PBXFileReference; fileEncoding = 4; lastKnownFileType = sourcecode.swift; path = "URL+MQ.swift"; sourceTree = "<group>"; };
		E736F39224766F910016FF3C /* NSMutableAttributedString+MQ.swift */ = {isa = PBXFileReference; fileEncoding = 4; lastKnownFileType = sourcecode.swift; path = "NSMutableAttributedString+MQ.swift"; sourceTree = "<group>"; };
		E736F39524766F910016FF3C /* MQKeychain.swift */ = {isa = PBXFileReference; fileEncoding = 4; lastKnownFileType = sourcecode.swift; path = MQKeychain.swift; sourceTree = "<group>"; };
		E736F39724766F910016FF3C /* Data+MQCrypt.swift */ = {isa = PBXFileReference; fileEncoding = 4; lastKnownFileType = sourcecode.swift; path = "Data+MQCrypt.swift"; sourceTree = "<group>"; };
		E736F39824766F910016FF3C /* MQCrypt.swift */ = {isa = PBXFileReference; fileEncoding = 4; lastKnownFileType = sourcecode.swift; path = MQCrypt.swift; sourceTree = "<group>"; };
		E736F39924766F910016FF3C /* MQCrypt+AES.swift */ = {isa = PBXFileReference; fileEncoding = 4; lastKnownFileType = sourcecode.swift; path = "MQCrypt+AES.swift"; sourceTree = "<group>"; };
		E736F39C24766F910016FF3C /* MQTaptic.swift */ = {isa = PBXFileReference; fileEncoding = 4; lastKnownFileType = sourcecode.swift; path = MQTaptic.swift; sourceTree = "<group>"; };
		E736F39E24766F910016FF3C /* UITextField+MQ.swift */ = {isa = PBXFileReference; fileEncoding = 4; lastKnownFileType = sourcecode.swift; path = "UITextField+MQ.swift"; sourceTree = "<group>"; };
		E736F39F24766F910016FF3C /* MQTextField.swift */ = {isa = PBXFileReference; fileEncoding = 4; lastKnownFileType = sourcecode.swift; path = MQTextField.swift; sourceTree = "<group>"; };
		E736F3A124766F910016FF3C /* MQHorizontalPagingView.swift */ = {isa = PBXFileReference; fileEncoding = 4; lastKnownFileType = sourcecode.swift; path = MQHorizontalPagingView.swift; sourceTree = "<group>"; };
		E736F3D224766FC10016FF3C /* MQUIImageViewController.swift */ = {isa = PBXFileReference; fileEncoding = 4; lastKnownFileType = sourcecode.swift; path = MQUIImageViewController.swift; sourceTree = "<group>"; };
		E736F3D424766FC10016FF3C /* MQUIApplicationViewController.swift */ = {isa = PBXFileReference; fileEncoding = 4; lastKnownFileType = sourcecode.swift; path = MQUIApplicationViewController.swift; sourceTree = "<group>"; };
		E736F3D624766FC10016FF3C /* MQColorViewController.swift */ = {isa = PBXFileReference; fileEncoding = 4; lastKnownFileType = sourcecode.swift; path = MQColorViewController.swift; sourceTree = "<group>"; };
		E736F3D824766FC10016FF3C /* MQFontViewController.swift */ = {isa = PBXFileReference; fileEncoding = 4; lastKnownFileType = sourcecode.swift; path = MQFontViewController.swift; sourceTree = "<group>"; };
		E736F3DA24766FC10016FF3C /* MQDateViewController.swift */ = {isa = PBXFileReference; fileEncoding = 4; lastKnownFileType = sourcecode.swift; path = MQDateViewController.swift; sourceTree = "<group>"; };
		E736F3DC24766FC10016FF3C /* MQURLViewController.swift */ = {isa = PBXFileReference; fileEncoding = 4; lastKnownFileType = sourcecode.swift; path = MQURLViewController.swift; sourceTree = "<group>"; };
		E736F3DE24766FC10016FF3C /* MQStringViewController.swift */ = {isa = PBXFileReference; fileEncoding = 4; lastKnownFileType = sourcecode.swift; path = MQStringViewController.swift; sourceTree = "<group>"; };
		E736F3E224766FC10016FF3C /* MQTextFieldViewController.swift */ = {isa = PBXFileReference; fileEncoding = 4; lastKnownFileType = sourcecode.swift; path = MQTextFieldViewController.swift; sourceTree = "<group>"; };
		E736F3E424766FC10016FF3C /* MQHorizontalPagingViewController.swift */ = {isa = PBXFileReference; fileEncoding = 4; lastKnownFileType = sourcecode.swift; path = MQHorizontalPagingViewController.swift; sourceTree = "<group>"; };
		E736F3E724766FC10016FF3C /* MQShowViewController.swift */ = {isa = PBXFileReference; fileEncoding = 4; lastKnownFileType = sourcecode.swift; path = MQShowViewController.swift; sourceTree = "<group>"; };
		E736F3E924766FC10016FF3C /* MQShowCell.swift */ = {isa = PBXFileReference; fileEncoding = 4; lastKnownFileType = sourcecode.swift; path = MQShowCell.swift; sourceTree = "<group>"; };
		E736F3EC24766FC10016FF3C /* image0@2x.png */ = {isa = PBXFileReference; lastKnownFileType = image.png; path = "image0@2x.png"; sourceTree = "<group>"; };
		E79231DF28D230CC00C849FA /* String+MQ.swift */ = {isa = PBXFileReference; lastKnownFileType = sourcecode.swift; path = "String+MQ.swift"; sourceTree = "<group>"; };
		E79C72C124783AB500AE327D /* MTLClearColor+MQ.swift */ = {isa = PBXFileReference; lastKnownFileType = sourcecode.swift; path = "MTLClearColor+MQ.swift"; sourceTree = "<group>"; };
		E7A4386E24F8AB0A0055CB17 /* Data+MD5.swift */ = {isa = PBXFileReference; lastKnownFileType = sourcecode.swift; path = "Data+MD5.swift"; sourceTree = "<group>"; };
		E7CF6DAF24D121B0004F3C66 /* CharacterSet+MQ.swift */ = {isa = PBXFileReference; lastKnownFileType = sourcecode.swift; path = "CharacterSet+MQ.swift"; sourceTree = "<group>"; };
		E7D5E69328C1F89700DF50A9 /* Bundle+MQ.swift */ = {isa = PBXFileReference; lastKnownFileType = sourcecode.swift; path = "Bundle+MQ.swift"; sourceTree = "<group>"; };
		E7F5B00224D1952200C929A4 /* String+MQRegularExpression.swift */ = {isa = PBXFileReference; lastKnownFileType = sourcecode.swift; path = "String+MQRegularExpression.swift"; sourceTree = "<group>"; };
/* End PBXFileReference section */

/* Begin PBXFrameworksBuildPhase section */
		E736F33A24766E310016FF3C /* Frameworks */ = {
			isa = PBXFrameworksBuildPhase;
			buildActionMask = 2147483647;
			files = (
				E736F35D24766F5D0016FF3C /* MQKit.framework in Frameworks */,
			);
			runOnlyForDeploymentPostprocessing = 0;
		};
		E736F35324766F5D0016FF3C /* Frameworks */ = {
			isa = PBXFrameworksBuildPhase;
			buildActionMask = 2147483647;
			files = (
			);
			runOnlyForDeploymentPostprocessing = 0;
		};
/* End PBXFrameworksBuildPhase section */

/* Begin PBXGroup section */
		E713607428D00E5700CE6A85 /* Substring */ = {
			isa = PBXGroup;
			children = (
				E713607528D00E7000CE6A85 /* Substring+MQ.swift */,
				E713607728D00FA800CE6A85 /* Substring+Subscript.swift */,
			);
			path = Substring;
			sourceTree = "<group>";
		};
		E71E722F28B72BEF00197402 /* UIColor */ = {
			isa = PBXGroup;
			children = (
				E71E723028B72C0F00197402 /* UIColor+Creator.swift */,
				E71E723728B746C800197402 /* UIColor+Metal.swift */,
				E736F37624766F910016FF3C /* UIColor+MQ.swift */,
			);
			path = UIColor;
			sourceTree = "<group>";
		};
		E725073928D8885300378A7D /* UIView */ = {
			isa = PBXGroup;
			children = (
				E736F37824766F910016FF3C /* UIView+MQ.swift */,
				E725073A28D8886800378A7D /* UIView+Shortcut.swift */,
			);
			path = UIView;
			sourceTree = "<group>";
		};
		E72C9E7428B898F700DC6C02 /* CGRect */ = {
			isa = PBXGroup;
			children = (
				E72C9E7528B8995700DC6C02 /* CGRect+Creator.swift */,
				E736F37924766F910016FF3C /* CGRect+MQ.swift */,
			);
			path = CGRect;
			sourceTree = "<group>";
		};
		E72C9E7728B8A28300DC6C02 /* CGPoint */ = {
			isa = PBXGroup;
			children = (
				E736F36D24766F910016FF3C /* CGPoint+MQ.swift */,
				E72C9E7828B8A2A500DC6C02 /* CGPoint+Creator.swift */,
			);
			path = CGPoint;
			sourceTree = "<group>";
		};
		E72C9E7A28B8A2FA00DC6C02 /* CGSize */ = {
			isa = PBXGroup;
			children = (
				E736F37124766F910016FF3C /* CGSize+MQ.swift */,
				E72C9E7B28B8A37B00DC6C02 /* CGSize+Creator.swift */,
			);
			path = CGSize;
			sourceTree = "<group>";
		};
		E736F31924766DCC0016FF3C = {
			isa = PBXGroup;
			children = (
				E736F33E24766E310016FF3C /* Main */,
				E736F35724766F5D0016FF3C /* MQKit */,
				E736F32324766DCC0016FF3C /* Products */,
			);
			sourceTree = "<group>";
		};
		E736F32324766DCC0016FF3C /* Products */ = {
			isa = PBXGroup;
			children = (
				E736F33D24766E310016FF3C /* Main.app */,
				E736F35624766F5D0016FF3C /* MQKit.framework */,
			);
			name = Products;
			sourceTree = "<group>";
		};
		E736F33E24766E310016FF3C /* Main */ = {
			isa = PBXGroup;
			children = (
				E736F3D024766FC10016FF3C /* Extension */,
				E736F3DF24766FC10016FF3C /* Other */,
				E736F3EA24766FC10016FF3C /* Resources */,
				E736F3E524766FC10016FF3C /* Show */,
				E736F33F24766E310016FF3C /* AppDelegate.swift */,
				E736F34124766E310016FF3C /* SceneDelegate.swift */,
				E736F34324766E310016FF3C /* ViewController.swift */,
				E736F34524766E310016FF3C /* Main.storyboard */,
				E736F34824766E310016FF3C /* Assets.xcassets */,
				E736F34A24766E310016FF3C /* LaunchScreen.storyboard */,
				E736F34D24766E310016FF3C /* Info.plist */,
			);
			path = Main;
			sourceTree = "<group>";
		};
		E736F35724766F5D0016FF3C /* MQKit */ = {
			isa = PBXGroup;
			children = (
				E736F36624766F910016FF3C /* Extension */,
				E736F39324766F910016FF3C /* Other */,
				E736F36324766F910016FF3C /* UIKit */,
				E736F35824766F5D0016FF3C /* MQKit.h */,
				E736F35924766F5D0016FF3C /* Info.plist */,
			);
			path = MQKit;
			sourceTree = "<group>";
		};
		E736F36324766F910016FF3C /* UIKit */ = {
			isa = PBXGroup;
			children = (
				E736F36424766F910016FF3C /* MQCollectionView.swift */,
				E736F36524766F910016FF3C /* MQTableView.swift */,
			);
			path = UIKit;
			sourceTree = "<group>";
		};
		E736F36624766F910016FF3C /* Extension */ = {
			isa = PBXGroup;
			children = (
				E7C083F128C24F2A00AA4C80 /* CoreGraphics */,
				E736F37A24766F910016FF3C /* Foundation */,
				E736F36724766F910016FF3C /* Metal */,
				E736F36924766F910016FF3C /* UIKit */,
			);
			path = Extension;
			sourceTree = "<group>";
		};
		E736F36724766F910016FF3C /* Metal */ = {
			isa = PBXGroup;
			children = (
				E736F36824766F910016FF3C /* MTLTexture+MQ.swift */,
				E79C72C124783AB500AE327D /* MTLClearColor+MQ.swift */,
			);
			path = Metal;
			sourceTree = "<group>";
		};
		E736F36924766F910016FF3C /* UIKit */ = {
			isa = PBXGroup;
			children = (
				E736F37224766F910016FF3C /* Coordinate+MQ.swift */,
				E736F36E24766F910016FF3C /* UIApplication */,
				E71E722F28B72BEF00197402 /* UIColor */,
				E736F37324766F910016FF3C /* UIDevice */,
				E736F37724766F910016FF3C /* UIFont+MQ.swift */,
				E736F36A24766F910016FF3C /* UIImage */,
				E725073928D8885300378A7D /* UIView */,
			);
			path = UIKit;
			sourceTree = "<group>";
		};
		E736F36A24766F910016FF3C /* UIImage */ = {
			isa = PBXGroup;
			children = (
				E71DA96828B77FF9002A3DBD /* UIImage+Creator.swift */,
				E736F36B24766F910016FF3C /* UIImage+MQ.swift */,
				E736F36C24766F910016FF3C /* UIImage+MQMetal.swift */,
			);
			path = UIImage;
			sourceTree = "<group>";
		};
		E736F36E24766F910016FF3C /* UIApplication */ = {
			isa = PBXGroup;
			children = (
				E736F36F24766F910016FF3C /* UIApplication+MQThird.swift */,
			);
			path = UIApplication;
			sourceTree = "<group>";
		};
		E736F37324766F910016FF3C /* UIDevice */ = {
			isa = PBXGroup;
			children = (
				E736F37424766F910016FF3C /* UIDevice+MQSoftware.swift */,
				E736F37524766F910016FF3C /* UIDevice+MQHardware.swift */,
			);
			path = UIDevice;
			sourceTree = "<group>";
		};
		E736F37A24766F910016FF3C /* Foundation */ = {
			isa = PBXGroup;
			children = (
				E736F37C24766F910016FF3C /* Array+MQ.swift */,
				E7D5E69328C1F89700DF50A9 /* Bundle+MQ.swift */,
				E7CF6DAF24D121B0004F3C66 /* CharacterSet+MQ.swift */,
				E7A4386D24F8AAF10055CB17 /* Data */,
				E736F37D24766F910016FF3C /* Date+MQ.swift */,
				E736F39024766F910016FF3C /* Dictionary+MQ.swift */,
				E736F39224766F910016FF3C /* NSMutableAttributedString+MQ.swift */,
				E736F37E24766F910016FF3C /* NSRegularExpression+MQ.swift */,
				E736F37F24766F910016FF3C /* Number */,
				E736F37B24766F910016FF3C /* OperationQueue+MQ.swift */,
				E736F38824766F910016FF3C /* String */,
				E736F38324766F910016FF3C /* StringEncoding */,
				E713607428D00E5700CE6A85 /* Substring */,
				E736F39124766F910016FF3C /* URL+MQ.swift */,
			);
			path = Foundation;
			sourceTree = "<group>";
		};
		E736F37F24766F910016FF3C /* Number */ = {
			isa = PBXGroup;
			children = (
				E736F38024766F910016FF3C /* FixedWidthInteger+MQ.swift */,
				E736F38124766F910016FF3C /* Decimal+MQ.swift */,
				E736F38224766F910016FF3C /* Pow+MQ.swift */,
			);
			path = Number;
			sourceTree = "<group>";
		};
		E736F38324766F910016FF3C /* StringEncoding */ = {
			isa = PBXGroup;
			children = (
				E736F38424766F910016FF3C /* CFStringEncodings+MQCode.swift */,
				E736F38524766F910016FF3C /* CFStringEncodings+MQList.swift */,
				E736F38624766F910016FF3C /* StringEncoding+MQCode.swift */,
				E736F38724766F910016FF3C /* StringEncoding+MQList.swift */,
			);
			path = StringEncoding;
			sourceTree = "<group>";
		};
		E736F38824766F910016FF3C /* String */ = {
			isa = PBXGroup;
			children = (
				E79231DF28D230CC00C849FA /* String+MQ.swift */,
				E736F38F24766F910016FF3C /* String+MQChar.swift */,
				E736F38A24766F910016FF3C /* String+MQCode.swift */,
				E736F38E24766F910016FF3C /* String+MQMark.swift */,
				E736F38924766F910016FF3C /* String+MQPath.swift */,
				E7F5B00224D1952200C929A4 /* String+MQRegularExpression.swift */,
				E736F38B24766F910016FF3C /* String+MQSize.swift */,
				E713607228D00C4500CE6A85 /* String+Subscript.swift */,
			);
			path = String;
			sourceTree = "<group>";
		};
		E736F39324766F910016FF3C /* Other */ = {
			isa = PBXGroup;
			children = (
				E736F39424766F910016FF3C /* MQKeychain */,
				E736F39624766F910016FF3C /* MQCrypt */,
				E736F39B24766F910016FF3C /* MQTaptic */,
				E736F39D24766F910016FF3C /* MQTextField */,
				E736F3A024766F910016FF3C /* MQHorizontalPagingView */,
			);
			path = Other;
			sourceTree = "<group>";
		};
		E736F39424766F910016FF3C /* MQKeychain */ = {
			isa = PBXGroup;
			children = (
				E736F39524766F910016FF3C /* MQKeychain.swift */,
			);
			path = MQKeychain;
			sourceTree = "<group>";
		};
		E736F39624766F910016FF3C /* MQCrypt */ = {
			isa = PBXGroup;
			children = (
				E736F39724766F910016FF3C /* Data+MQCrypt.swift */,
				E736F39824766F910016FF3C /* MQCrypt.swift */,
				E736F39924766F910016FF3C /* MQCrypt+AES.swift */,
			);
			path = MQCrypt;
			sourceTree = "<group>";
		};
		E736F39B24766F910016FF3C /* MQTaptic */ = {
			isa = PBXGroup;
			children = (
				E736F39C24766F910016FF3C /* MQTaptic.swift */,
			);
			path = MQTaptic;
			sourceTree = "<group>";
		};
		E736F39D24766F910016FF3C /* MQTextField */ = {
			isa = PBXGroup;
			children = (
				E736F39E24766F910016FF3C /* UITextField+MQ.swift */,
				E736F39F24766F910016FF3C /* MQTextField.swift */,
			);
			path = MQTextField;
			sourceTree = "<group>";
		};
		E736F3A024766F910016FF3C /* MQHorizontalPagingView */ = {
			isa = PBXGroup;
			children = (
				E736F3A124766F910016FF3C /* MQHorizontalPagingView.swift */,
			);
			path = MQHorizontalPagingView;
			sourceTree = "<group>";
		};
		E736F3D024766FC10016FF3C /* Extension */ = {
			isa = PBXGroup;
			children = (
				E736F3D124766FC10016FF3C /* UIImage */,
				E736F3D324766FC10016FF3C /* UIApplication */,
				E736F3D524766FC10016FF3C /* UIColor */,
				E736F3D724766FC10016FF3C /* UIFont */,
				E736F3D924766FC10016FF3C /* Date */,
				E736F3DB24766FC10016FF3C /* URL */,
				E736F3DD24766FC10016FF3C /* String */,
			);
			path = Extension;
			sourceTree = "<group>";
		};
		E736F3D124766FC10016FF3C /* UIImage */ = {
			isa = PBXGroup;
			children = (
				E736F3D224766FC10016FF3C /* MQUIImageViewController.swift */,
			);
			path = UIImage;
			sourceTree = "<group>";
		};
		E736F3D324766FC10016FF3C /* UIApplication */ = {
			isa = PBXGroup;
			children = (
				E736F3D424766FC10016FF3C /* MQUIApplicationViewController.swift */,
			);
			path = UIApplication;
			sourceTree = "<group>";
		};
		E736F3D524766FC10016FF3C /* UIColor */ = {
			isa = PBXGroup;
			children = (
				E736F3D624766FC10016FF3C /* MQColorViewController.swift */,
			);
			path = UIColor;
			sourceTree = "<group>";
		};
		E736F3D724766FC10016FF3C /* UIFont */ = {
			isa = PBXGroup;
			children = (
				E736F3D824766FC10016FF3C /* MQFontViewController.swift */,
			);
			path = UIFont;
			sourceTree = "<group>";
		};
		E736F3D924766FC10016FF3C /* Date */ = {
			isa = PBXGroup;
			children = (
				E736F3DA24766FC10016FF3C /* MQDateViewController.swift */,
			);
			path = Date;
			sourceTree = "<group>";
		};
		E736F3DB24766FC10016FF3C /* URL */ = {
			isa = PBXGroup;
			children = (
				E736F3DC24766FC10016FF3C /* MQURLViewController.swift */,
			);
			path = URL;
			sourceTree = "<group>";
		};
		E736F3DD24766FC10016FF3C /* String */ = {
			isa = PBXGroup;
			children = (
				E736F3DE24766FC10016FF3C /* MQStringViewController.swift */,
			);
			path = String;
			sourceTree = "<group>";
		};
		E736F3DF24766FC10016FF3C /* Other */ = {
			isa = PBXGroup;
			children = (
				E736F3E024766FC10016FF3C /* MQTaptic */,
				E736F3E124766FC10016FF3C /* MQTextField */,
				E736F3E324766FC10016FF3C /* MQHorizontalPagingView */,
			);
			path = Other;
			sourceTree = "<group>";
		};
		E736F3E024766FC10016FF3C /* MQTaptic */ = {
			isa = PBXGroup;
			children = (
			);
			path = MQTaptic;
			sourceTree = "<group>";
		};
		E736F3E124766FC10016FF3C /* MQTextField */ = {
			isa = PBXGroup;
			children = (
				E736F3E224766FC10016FF3C /* MQTextFieldViewController.swift */,
			);
			path = MQTextField;
			sourceTree = "<group>";
		};
		E736F3E324766FC10016FF3C /* MQHorizontalPagingView */ = {
			isa = PBXGroup;
			children = (
				E736F3E424766FC10016FF3C /* MQHorizontalPagingViewController.swift */,
			);
			path = MQHorizontalPagingView;
			sourceTree = "<group>";
		};
		E736F3E524766FC10016FF3C /* Show */ = {
			isa = PBXGroup;
			children = (
				E736F3E624766FC10016FF3C /* Controller */,
				E736F3E824766FC10016FF3C /* View */,
			);
			path = Show;
			sourceTree = "<group>";
		};
		E736F3E624766FC10016FF3C /* Controller */ = {
			isa = PBXGroup;
			children = (
				E736F3E724766FC10016FF3C /* MQShowViewController.swift */,
			);
			path = Controller;
			sourceTree = "<group>";
		};
		E736F3E824766FC10016FF3C /* View */ = {
			isa = PBXGroup;
			children = (
				E736F3E924766FC10016FF3C /* MQShowCell.swift */,
			);
			path = View;
			sourceTree = "<group>";
		};
		E736F3EA24766FC10016FF3C /* Resources */ = {
			isa = PBXGroup;
			children = (
				E736F3EB24766FC10016FF3C /* Images */,
			);
			path = Resources;
			sourceTree = "<group>";
		};
		E736F3EB24766FC10016FF3C /* Images */ = {
			isa = PBXGroup;
			children = (
				E736F3EC24766FC10016FF3C /* image0@2x.png */,
			);
			path = Images;
			sourceTree = "<group>";
		};
		E7A4386D24F8AAF10055CB17 /* Data */ = {
			isa = PBXGroup;
			children = (
				E7A4386E24F8AB0A0055CB17 /* Data+MD5.swift */,
			);
			path = Data;
			sourceTree = "<group>";
		};
		E7C083F128C24F2A00AA4C80 /* CoreGraphics */ = {
			isa = PBXGroup;
			children = (
				E71E722D28B72ACE00197402 /* CGColor+MQ.swift */,
				E72C9E7728B8A28300DC6C02 /* CGPoint */,
				E72C9E7428B898F700DC6C02 /* CGRect */,
				E72C9E7A28B8A2FA00DC6C02 /* CGSize */,
			);
			path = CoreGraphics;
			sourceTree = "<group>";
		};
/* End PBXGroup section */

/* Begin PBXHeadersBuildPhase section */
		E736F35124766F5D0016FF3C /* Headers */ = {
			isa = PBXHeadersBuildPhase;
			buildActionMask = 2147483647;
			files = (
				E736F35A24766F5D0016FF3C /* MQKit.h in Headers */,
			);
			runOnlyForDeploymentPostprocessing = 0;
		};
/* End PBXHeadersBuildPhase section */

/* Begin PBXNativeTarget section */
		E736F33C24766E310016FF3C /* Main */ = {
			isa = PBXNativeTarget;
			buildConfigurationList = E736F34E24766E310016FF3C /* Build configuration list for PBXNativeTarget "Main" */;
			buildPhases = (
				E736F33924766E310016FF3C /* Sources */,
				E736F33A24766E310016FF3C /* Frameworks */,
				E736F33B24766E310016FF3C /* Resources */,
			);
			buildRules = (
			);
			dependencies = (
				E736F35C24766F5D0016FF3C /* PBXTargetDependency */,
			);
			name = Main;
			productName = Main;
			productReference = E736F33D24766E310016FF3C /* Main.app */;
			productType = "com.apple.product-type.application";
		};
		E736F35524766F5D0016FF3C /* MQKit */ = {
			isa = PBXNativeTarget;
			buildConfigurationList = E736F36224766F5D0016FF3C /* Build configuration list for PBXNativeTarget "MQKit" */;
			buildPhases = (
				E736F35124766F5D0016FF3C /* Headers */,
				E736F35224766F5D0016FF3C /* Sources */,
				E736F35324766F5D0016FF3C /* Frameworks */,
				E736F35424766F5D0016FF3C /* Resources */,
			);
			buildRules = (
			);
			dependencies = (
			);
			name = MQKit;
			productName = MQKit;
			productReference = E736F35624766F5D0016FF3C /* MQKit.framework */;
			productType = "com.apple.product-type.framework";
		};
/* End PBXNativeTarget section */

/* Begin PBXProject section */
		E736F31A24766DCC0016FF3C /* Project object */ = {
			isa = PBXProject;
			attributes = {
				LastSwiftUpdateCheck = 1150;
				LastUpgradeCheck = 1150;
				ORGANIZATIONNAME = M_noAria;
				TargetAttributes = {
					E736F33C24766E310016FF3C = {
						CreatedOnToolsVersion = 11.5;
					};
					E736F35524766F5D0016FF3C = {
						CreatedOnToolsVersion = 11.5;
					};
				};
			};
			buildConfigurationList = E736F31D24766DCC0016FF3C /* Build configuration list for PBXProject "MQKit" */;
			compatibilityVersion = "Xcode 9.3";
			developmentRegion = en;
			hasScannedForEncodings = 0;
			knownRegions = (
				en,
				Base,
			);
			mainGroup = E736F31924766DCC0016FF3C;
			productRefGroup = E736F32324766DCC0016FF3C /* Products */;
			projectDirPath = "";
			projectRoot = "";
			targets = (
				E736F33C24766E310016FF3C /* Main */,
				E736F35524766F5D0016FF3C /* MQKit */,
			);
		};
/* End PBXProject section */

/* Begin PBXResourcesBuildPhase section */
		E736F33B24766E310016FF3C /* Resources */ = {
			isa = PBXResourcesBuildPhase;
			buildActionMask = 2147483647;
			files = (
				E736F34C24766E310016FF3C /* LaunchScreen.storyboard in Resources */,
				E736F3F824766FC10016FF3C /* image0@2x.png in Resources */,
				E736F34924766E310016FF3C /* Assets.xcassets in Resources */,
				E736F34724766E310016FF3C /* Main.storyboard in Resources */,
			);
			runOnlyForDeploymentPostprocessing = 0;
		};
		E736F35424766F5D0016FF3C /* Resources */ = {
			isa = PBXResourcesBuildPhase;
			buildActionMask = 2147483647;
			files = (
			);
			runOnlyForDeploymentPostprocessing = 0;
		};
/* End PBXResourcesBuildPhase section */

/* Begin PBXSourcesBuildPhase section */
		E736F33924766E310016FF3C /* Sources */ = {
			isa = PBXSourcesBuildPhase;
			buildActionMask = 2147483647;
			files = (
				E736F3F124766FC10016FF3C /* MQDateViewController.swift in Sources */,
				E736F34424766E310016FF3C /* ViewController.swift in Sources */,
				E736F3F524766FC10016FF3C /* MQHorizontalPagingViewController.swift in Sources */,
				E736F3F424766FC10016FF3C /* MQTextFieldViewController.swift in Sources */,
				E736F34024766E310016FF3C /* AppDelegate.swift in Sources */,
				E736F3F324766FC10016FF3C /* MQStringViewController.swift in Sources */,
				E736F3ED24766FC10016FF3C /* MQUIImageViewController.swift in Sources */,
				E736F34224766E310016FF3C /* SceneDelegate.swift in Sources */,
				E736F3F624766FC10016FF3C /* MQShowViewController.swift in Sources */,
				E736F3F224766FC10016FF3C /* MQURLViewController.swift in Sources */,
				E736F3EF24766FC10016FF3C /* MQColorViewController.swift in Sources */,
				E736F3F024766FC10016FF3C /* MQFontViewController.swift in Sources */,
				E736F3F724766FC10016FF3C /* MQShowCell.swift in Sources */,
				E736F3EE24766FC10016FF3C /* MQUIApplicationViewController.swift in Sources */,
			);
			runOnlyForDeploymentPostprocessing = 0;
		};
		E736F35224766F5D0016FF3C /* Sources */ = {
			isa = PBXSourcesBuildPhase;
			buildActionMask = 2147483647;
			files = (
				E736F3AF24766F910016FF3C /* UIFont+MQ.swift in Sources */,
				E736F3A424766F910016FF3C /* MTLTexture+MQ.swift in Sources */,
				E725073B28D8886800378A7D /* UIView+Shortcut.swift in Sources */,
				E736F3AB24766F910016FF3C /* Coordinate+MQ.swift in Sources */,
				E736F3C224766F910016FF3C /* String+MQMark.swift in Sources */,
				E736F3B324766F910016FF3C /* Array+MQ.swift in Sources */,
				E7D5E69428C1F89700DF50A9 /* Bundle+MQ.swift in Sources */,
				E736F3B424766F910016FF3C /* Date+MQ.swift in Sources */,
				E736F3CE24766F910016FF3C /* MQTextField.swift in Sources */,
				E736F3BF24766F910016FF3C /* String+MQSize.swift in Sources */,
				E736F3C524766F910016FF3C /* URL+MQ.swift in Sources */,
				E736F3C924766F910016FF3C /* MQCrypt.swift in Sources */,
				E736F3A524766F910016FF3C /* UIImage+MQ.swift in Sources */,
				E736F3C724766F910016FF3C /* MQKeychain.swift in Sources */,
				E736F3C324766F910016FF3C /* String+MQChar.swift in Sources */,
				E736F3A224766F910016FF3C /* MQCollectionView.swift in Sources */,
				E736F3BD24766F910016FF3C /* String+MQPath.swift in Sources */,
				E736F3AE24766F910016FF3C /* UIColor+MQ.swift in Sources */,
				E736F3BB24766F910016FF3C /* StringEncoding+MQCode.swift in Sources */,
				E736F3CF24766F910016FF3C /* MQHorizontalPagingView.swift in Sources */,
				E736F3A824766F910016FF3C /* UIApplication+MQThird.swift in Sources */,
				E713607828D00FA800CE6A85 /* Substring+Subscript.swift in Sources */,
				E736F3B024766F910016FF3C /* UIView+MQ.swift in Sources */,
				E736F3C824766F910016FF3C /* Data+MQCrypt.swift in Sources */,
				E71E723128B72C0F00197402 /* UIColor+Creator.swift in Sources */,
				E736F3CC24766F910016FF3C /* MQTaptic.swift in Sources */,
				E736F3A624766F910016FF3C /* UIImage+MQMetal.swift in Sources */,
				E736F3AC24766F910016FF3C /* UIDevice+MQSoftware.swift in Sources */,
				E736F3B124766F910016FF3C /* CGRect+MQ.swift in Sources */,
				E736F3CA24766F910016FF3C /* MQCrypt+AES.swift in Sources */,
				E736F3A724766F910016FF3C /* CGPoint+MQ.swift in Sources */,
				E71E722E28B72ACE00197402 /* CGColor+MQ.swift in Sources */,
				E713607628D00E7000CE6A85 /* Substring+MQ.swift in Sources */,
				E72C9E7C28B8A37B00DC6C02 /* CGSize+Creator.swift in Sources */,
				E736F3AD24766F910016FF3C /* UIDevice+MQHardware.swift in Sources */,
				E736F3AA24766F910016FF3C /* CGSize+MQ.swift in Sources */,
				E71E723828B746C800197402 /* UIColor+Metal.swift in Sources */,
				E736F3B724766F910016FF3C /* Decimal+MQ.swift in Sources */,
				E736F3A324766F910016FF3C /* MQTableView.swift in Sources */,
				E7CF6DB024D121B0004F3C66 /* CharacterSet+MQ.swift in Sources */,
				E736F3C624766F910016FF3C /* NSMutableAttributedString+MQ.swift in Sources */,
				E736F3B224766F910016FF3C /* OperationQueue+MQ.swift in Sources */,
				E72C9E7628B8995700DC6C02 /* CGRect+Creator.swift in Sources */,
				E736F3BC24766F910016FF3C /* StringEncoding+MQList.swift in Sources */,
				E736F3C424766F910016FF3C /* Dictionary+MQ.swift in Sources */,
				E72C9E7928B8A2A500DC6C02 /* CGPoint+Creator.swift in Sources */,
				E736F3B524766F910016FF3C /* NSRegularExpression+MQ.swift in Sources */,
				E736F3B624766F910016FF3C /* FixedWidthInteger+MQ.swift in Sources */,
				E7A4386F24F8AB0A0055CB17 /* Data+MD5.swift in Sources */,
				E736F3CD24766F910016FF3C /* UITextField+MQ.swift in Sources */,
				E79C72C224783AB500AE327D /* MTLClearColor+MQ.swift in Sources */,
				E71DA96928B77FF9002A3DBD /* UIImage+Creator.swift in Sources */,
				E79231E028D230CC00C849FA /* String+MQ.swift in Sources */,
				E713607328D00C4500CE6A85 /* String+Subscript.swift in Sources */,
				E736F3B824766F910016FF3C /* Pow+MQ.swift in Sources */,
				E736F3BE24766F910016FF3C /* String+MQCode.swift in Sources */,
				E7F5B00324D1952200C929A4 /* String+MQRegularExpression.swift in Sources */,
				E736F3B924766F910016FF3C /* CFStringEncodings+MQCode.swift in Sources */,
				E736F3BA24766F910016FF3C /* CFStringEncodings+MQList.swift in Sources */,
			);
			runOnlyForDeploymentPostprocessing = 0;
		};
/* End PBXSourcesBuildPhase section */

/* Begin PBXTargetDependency section */
		E736F35C24766F5D0016FF3C /* PBXTargetDependency */ = {
			isa = PBXTargetDependency;
			target = E736F35524766F5D0016FF3C /* MQKit */;
			targetProxy = E736F35B24766F5D0016FF3C /* PBXContainerItemProxy */;
		};
/* End PBXTargetDependency section */

/* Begin PBXVariantGroup section */
		E736F34524766E310016FF3C /* Main.storyboard */ = {
			isa = PBXVariantGroup;
			children = (
				E736F34624766E310016FF3C /* Base */,
			);
			name = Main.storyboard;
			sourceTree = "<group>";
		};
		E736F34A24766E310016FF3C /* LaunchScreen.storyboard */ = {
			isa = PBXVariantGroup;
			children = (
				E736F34B24766E310016FF3C /* Base */,
			);
			name = LaunchScreen.storyboard;
			sourceTree = "<group>";
		};
/* End PBXVariantGroup section */

/* Begin XCBuildConfiguration section */
		E736F33424766DCE0016FF3C /* Debug */ = {
			isa = XCBuildConfiguration;
			buildSettings = {
				ALWAYS_SEARCH_USER_PATHS = NO;
				CLANG_ANALYZER_NONNULL = YES;
				CLANG_ANALYZER_NUMBER_OBJECT_CONVERSION = YES_AGGRESSIVE;
				CLANG_CXX_LANGUAGE_STANDARD = "gnu++14";
				CLANG_CXX_LIBRARY = "libc++";
				CLANG_ENABLE_MODULES = YES;
				CLANG_ENABLE_OBJC_ARC = YES;
				CLANG_ENABLE_OBJC_WEAK = YES;
				CLANG_WARN_BLOCK_CAPTURE_AUTORELEASING = YES;
				CLANG_WARN_BOOL_CONVERSION = YES;
				CLANG_WARN_COMMA = YES;
				CLANG_WARN_CONSTANT_CONVERSION = YES;
				CLANG_WARN_DEPRECATED_OBJC_IMPLEMENTATIONS = YES;
				CLANG_WARN_DIRECT_OBJC_ISA_USAGE = YES_ERROR;
				CLANG_WARN_DOCUMENTATION_COMMENTS = YES;
				CLANG_WARN_EMPTY_BODY = YES;
				CLANG_WARN_ENUM_CONVERSION = YES;
				CLANG_WARN_INFINITE_RECURSION = YES;
				CLANG_WARN_INT_CONVERSION = YES;
				CLANG_WARN_NON_LITERAL_NULL_CONVERSION = YES;
				CLANG_WARN_OBJC_IMPLICIT_RETAIN_SELF = YES;
				CLANG_WARN_OBJC_LITERAL_CONVERSION = YES;
				CLANG_WARN_OBJC_ROOT_CLASS = YES_ERROR;
				CLANG_WARN_RANGE_LOOP_ANALYSIS = YES;
				CLANG_WARN_STRICT_PROTOTYPES = YES;
				CLANG_WARN_SUSPICIOUS_MOVE = YES;
				CLANG_WARN_UNGUARDED_AVAILABILITY = YES_AGGRESSIVE;
				CLANG_WARN_UNREACHABLE_CODE = YES;
				CLANG_WARN__DUPLICATE_METHOD_MATCH = YES;
				COPY_PHASE_STRIP = NO;
				DEBUG_INFORMATION_FORMAT = dwarf;
				ENABLE_STRICT_OBJC_MSGSEND = YES;
				ENABLE_TESTABILITY = YES;
				GCC_C_LANGUAGE_STANDARD = gnu11;
				GCC_DYNAMIC_NO_PIC = NO;
				GCC_NO_COMMON_BLOCKS = YES;
				GCC_OPTIMIZATION_LEVEL = 0;
				GCC_PREPROCESSOR_DEFINITIONS = (
					"DEBUG=1",
					"$(inherited)",
				);
				GCC_WARN_64_TO_32_BIT_CONVERSION = YES;
				GCC_WARN_ABOUT_RETURN_TYPE = YES_ERROR;
				GCC_WARN_UNDECLARED_SELECTOR = YES;
				GCC_WARN_UNINITIALIZED_AUTOS = YES_AGGRESSIVE;
				GCC_WARN_UNUSED_FUNCTION = YES;
				GCC_WARN_UNUSED_VARIABLE = YES;
				IPHONEOS_DEPLOYMENT_TARGET = 16.0;
				MTL_ENABLE_DEBUG_INFO = INCLUDE_SOURCE;
				MTL_FAST_MATH = YES;
				ONLY_ACTIVE_ARCH = YES;
				SDKROOT = iphoneos;
				SWIFT_ACTIVE_COMPILATION_CONDITIONS = DEBUG;
				SWIFT_OPTIMIZATION_LEVEL = "-Onone";
			};
			name = Debug;
		};
		E736F33524766DCE0016FF3C /* Release */ = {
			isa = XCBuildConfiguration;
			buildSettings = {
				ALWAYS_SEARCH_USER_PATHS = NO;
				CLANG_ANALYZER_NONNULL = YES;
				CLANG_ANALYZER_NUMBER_OBJECT_CONVERSION = YES_AGGRESSIVE;
				CLANG_CXX_LANGUAGE_STANDARD = "gnu++14";
				CLANG_CXX_LIBRARY = "libc++";
				CLANG_ENABLE_MODULES = YES;
				CLANG_ENABLE_OBJC_ARC = YES;
				CLANG_ENABLE_OBJC_WEAK = YES;
				CLANG_WARN_BLOCK_CAPTURE_AUTORELEASING = YES;
				CLANG_WARN_BOOL_CONVERSION = YES;
				CLANG_WARN_COMMA = YES;
				CLANG_WARN_CONSTANT_CONVERSION = YES;
				CLANG_WARN_DEPRECATED_OBJC_IMPLEMENTATIONS = YES;
				CLANG_WARN_DIRECT_OBJC_ISA_USAGE = YES_ERROR;
				CLANG_WARN_DOCUMENTATION_COMMENTS = YES;
				CLANG_WARN_EMPTY_BODY = YES;
				CLANG_WARN_ENUM_CONVERSION = YES;
				CLANG_WARN_INFINITE_RECURSION = YES;
				CLANG_WARN_INT_CONVERSION = YES;
				CLANG_WARN_NON_LITERAL_NULL_CONVERSION = YES;
				CLANG_WARN_OBJC_IMPLICIT_RETAIN_SELF = YES;
				CLANG_WARN_OBJC_LITERAL_CONVERSION = YES;
				CLANG_WARN_OBJC_ROOT_CLASS = YES_ERROR;
				CLANG_WARN_RANGE_LOOP_ANALYSIS = YES;
				CLANG_WARN_STRICT_PROTOTYPES = YES;
				CLANG_WARN_SUSPICIOUS_MOVE = YES;
				CLANG_WARN_UNGUARDED_AVAILABILITY = YES_AGGRESSIVE;
				CLANG_WARN_UNREACHABLE_CODE = YES;
				CLANG_WARN__DUPLICATE_METHOD_MATCH = YES;
				COPY_PHASE_STRIP = NO;
				DEBUG_INFORMATION_FORMAT = "dwarf-with-dsym";
				ENABLE_NS_ASSERTIONS = NO;
				ENABLE_STRICT_OBJC_MSGSEND = YES;
				GCC_C_LANGUAGE_STANDARD = gnu11;
				GCC_NO_COMMON_BLOCKS = YES;
				GCC_WARN_64_TO_32_BIT_CONVERSION = YES;
				GCC_WARN_ABOUT_RETURN_TYPE = YES_ERROR;
				GCC_WARN_UNDECLARED_SELECTOR = YES;
				GCC_WARN_UNINITIALIZED_AUTOS = YES_AGGRESSIVE;
				GCC_WARN_UNUSED_FUNCTION = YES;
				GCC_WARN_UNUSED_VARIABLE = YES;
				IPHONEOS_DEPLOYMENT_TARGET = 16.0;
				MTL_ENABLE_DEBUG_INFO = NO;
				MTL_FAST_MATH = YES;
				SDKROOT = iphoneos;
				SWIFT_COMPILATION_MODE = wholemodule;
				SWIFT_OPTIMIZATION_LEVEL = "-O";
				VALIDATE_PRODUCT = YES;
			};
			name = Release;
		};
		E736F34F24766E310016FF3C /* Debug */ = {
			isa = XCBuildConfiguration;
			buildSettings = {
				ASSETCATALOG_COMPILER_APPICON_NAME = AppIcon;
				CODE_SIGN_STYLE = Automatic;
				INFOPLIST_FILE = Main/Info.plist;
				IPHONEOS_DEPLOYMENT_TARGET = 11.0;
				LD_RUNPATH_SEARCH_PATHS = (
					"$(inherited)",
					"@executable_path/Frameworks",
				);
				PRODUCT_BUNDLE_IDENTIFIER = "com.M-Quadra.Main";
				PRODUCT_NAME = "$(TARGET_NAME)";
				SWIFT_VERSION = 5.0;
				TARGETED_DEVICE_FAMILY = "1,2";
			};
			name = Debug;
		};
		E736F35024766E310016FF3C /* Release */ = {
			isa = XCBuildConfiguration;
			buildSettings = {
				ASSETCATALOG_COMPILER_APPICON_NAME = AppIcon;
				CODE_SIGN_STYLE = Automatic;
				INFOPLIST_FILE = Main/Info.plist;
				IPHONEOS_DEPLOYMENT_TARGET = 11.0;
				LD_RUNPATH_SEARCH_PATHS = (
					"$(inherited)",
					"@executable_path/Frameworks",
				);
				PRODUCT_BUNDLE_IDENTIFIER = "com.M-Quadra.Main";
				PRODUCT_NAME = "$(TARGET_NAME)";
				SWIFT_VERSION = 5.0;
				TARGETED_DEVICE_FAMILY = "1,2";
			};
			name = Release;
		};
		E736F36024766F5D0016FF3C /* Debug */ = {
			isa = XCBuildConfiguration;
			buildSettings = {
				CODE_SIGN_STYLE = Automatic;
				CURRENT_PROJECT_VERSION = 1;
				DEFINES_MODULE = YES;
				DYLIB_COMPATIBILITY_VERSION = 1;
				DYLIB_CURRENT_VERSION = 1;
				DYLIB_INSTALL_NAME_BASE = "@rpath";
				INFOPLIST_FILE = MQKit/Info.plist;
				INSTALL_PATH = "$(LOCAL_LIBRARY_DIR)/Frameworks";
				IPHONEOS_DEPLOYMENT_TARGET = 11.0;
				LD_RUNPATH_SEARCH_PATHS = (
					"$(inherited)",
					"@executable_path/Frameworks",
					"@loader_path/Frameworks",
				);
				MACH_O_TYPE = staticlib;
				PRODUCT_BUNDLE_IDENTIFIER = "com.M-Quadra.MQKit";
				PRODUCT_NAME = "$(TARGET_NAME:c99extidentifier)";
				SKIP_INSTALL = YES;
				SUPPORTS_MACCATALYST = NO;
				SWIFT_VERSION = 5.0;
				TARGETED_DEVICE_FAMILY = "1,2";
				VERSIONING_SYSTEM = "apple-generic";
				VERSION_INFO_PREFIX = "";
			};
			name = Debug;
		};
		E736F36124766F5D0016FF3C /* Release */ = {
			isa = XCBuildConfiguration;
			buildSettings = {
				CODE_SIGN_STYLE = Automatic;
				CURRENT_PROJECT_VERSION = 1;
				DEFINES_MODULE = YES;
				DYLIB_COMPATIBILITY_VERSION = 1;
				DYLIB_CURRENT_VERSION = 1;
				DYLIB_INSTALL_NAME_BASE = "@rpath";
				INFOPLIST_FILE = MQKit/Info.plist;
				INSTALL_PATH = "$(LOCAL_LIBRARY_DIR)/Frameworks";
				IPHONEOS_DEPLOYMENT_TARGET = 11.0;
				LD_RUNPATH_SEARCH_PATHS = (
					"$(inherited)",
					"@executable_path/Frameworks",
					"@loader_path/Frameworks",
				);
				MACH_O_TYPE = staticlib;
				PRODUCT_BUNDLE_IDENTIFIER = "com.M-Quadra.MQKit";
				PRODUCT_NAME = "$(TARGET_NAME:c99extidentifier)";
				SKIP_INSTALL = YES;
				SUPPORTS_MACCATALYST = NO;
				SWIFT_VERSION = 5.0;
				TARGETED_DEVICE_FAMILY = "1,2";
				VERSIONING_SYSTEM = "apple-generic";
				VERSION_INFO_PREFIX = "";
			};
			name = Release;
		};
/* End XCBuildConfiguration section */

/* Begin XCConfigurationList section */
		E736F31D24766DCC0016FF3C /* Build configuration list for PBXProject "MQKit" */ = {
			isa = XCConfigurationList;
			buildConfigurations = (
				E736F33424766DCE0016FF3C /* Debug */,
				E736F33524766DCE0016FF3C /* Release */,
			);
			defaultConfigurationIsVisible = 0;
			defaultConfigurationName = Release;
		};
		E736F34E24766E310016FF3C /* Build configuration list for PBXNativeTarget "Main" */ = {
			isa = XCConfigurationList;
			buildConfigurations = (
				E736F34F24766E310016FF3C /* Debug */,
				E736F35024766E310016FF3C /* Release */,
			);
			defaultConfigurationIsVisible = 0;
			defaultConfigurationName = Release;
		};
		E736F36224766F5D0016FF3C /* Build configuration list for PBXNativeTarget "MQKit" */ = {
			isa = XCConfigurationList;
			buildConfigurations = (
				E736F36024766F5D0016FF3C /* Debug */,
				E736F36124766F5D0016FF3C /* Release */,
			);
			defaultConfigurationIsVisible = 0;
			defaultConfigurationName = Release;
		};
/* End XCConfigurationList section */
	};
	rootObject = E736F31A24766DCC0016FF3C /* Project object */;
}
