// !$*UTF8*$!
{
	archiveVersion = 1;
	classes = {
	};
	objectVersion = 52;
	objects = {

/* Begin PBXBuildFile section */
		E700812722C1348200FBD89D /* MQShowViewController.swift in Sources */ = {isa = PBXBuildFile; fileRef = E700812622C1348200FBD89D /* MQShowViewController.swift */; };
		E700812B22C1350600FBD89D /* MQShowCell.swift in Sources */ = {isa = PBXBuildFile; fileRef = E700812A22C1350600FBD89D /* MQShowCell.swift */; };
		E700812F22C13A1F00FBD89D /* MQFontViewController.swift in Sources */ = {isa = PBXBuildFile; fileRef = E700812E22C13A1F00FBD89D /* MQFontViewController.swift */; };
		E70705E822FC403200F5779C /* Data+MQCrypt.swift in Sources */ = {isa = PBXBuildFile; fileRef = E70705E722FC403200F5779C /* Data+MQCrypt.swift */; };
		E709B4EF22BCDF7C0093B7F1 /* MQTaptic.swift in Sources */ = {isa = PBXBuildFile; fileRef = E709B4EE22BCDF7C0093B7F1 /* MQTaptic.swift */; };
		E70A549B22EBE7CF003D0E2B /* String+MQPath.swift in Sources */ = {isa = PBXBuildFile; fileRef = E70A549A22EBE7CF003D0E2B /* String+MQPath.swift */; };
		E70A549F22EBF3BA003D0E2B /* String+MQMark.swift in Sources */ = {isa = PBXBuildFile; fileRef = E70A549E22EBF3BA003D0E2B /* String+MQMark.swift */; };
		E70A54A122EBF578003D0E2B /* String+MQCode.swift in Sources */ = {isa = PBXBuildFile; fileRef = E70A54A022EBF578003D0E2B /* String+MQCode.swift */; };
		E70A54A322EBF684003D0E2B /* String+MQChar.swift in Sources */ = {isa = PBXBuildFile; fileRef = E70A54A222EBF684003D0E2B /* String+MQChar.swift */; };
		E70A9B9D22B0878600D5E334 /* MQCollectionView.swift in Sources */ = {isa = PBXBuildFile; fileRef = E70A9B9C22B0878600D5E334 /* MQCollectionView.swift */; };
		E70A9B9F22B0883500D5E334 /* MQTableView.swift in Sources */ = {isa = PBXBuildFile; fileRef = E70A9B9E22B0883500D5E334 /* MQTableView.swift */; };
		E70DBCEC230639C00080F2A6 /* UIApplication+MQInfo.swift in Sources */ = {isa = PBXBuildFile; fileRef = E70DBCEB230639C00080F2A6 /* UIApplication+MQInfo.swift */; };
		E70ECF2922C5F1400073B888 /* MQColorViewController.swift in Sources */ = {isa = PBXBuildFile; fileRef = E70ECF2822C5F1400073B888 /* MQColorViewController.swift */; };
		E70ECF2C22C5F6600073B888 /* MQURLViewController.swift in Sources */ = {isa = PBXBuildFile; fileRef = E70ECF2B22C5F6600073B888 /* MQURLViewController.swift */; };
		E71AB46822F133DF00B84C68 /* NSMutableAttributedString+MQ.swift in Sources */ = {isa = PBXBuildFile; fileRef = E71AB46722F133DF00B84C68 /* NSMutableAttributedString+MQ.swift */; };
		E72171F722B3AB7C00397F0E /* Date+MQ.swift in Sources */ = {isa = PBXBuildFile; fileRef = E72171F622B3AB7C00397F0E /* Date+MQ.swift */; };
		E722768622B8C56300008A96 /* UIImage+MQ.swift in Sources */ = {isa = PBXBuildFile; fileRef = E722768522B8C56300008A96 /* UIImage+MQ.swift */; };
		E722768A22B8CD1200008A96 /* image0@2x.png in Resources */ = {isa = PBXBuildFile; fileRef = E722768922B8CD1200008A96 /* image0@2x.png */; };
		E7246B7222AE017B001202B2 /* UIView+MQ.swift in Sources */ = {isa = PBXBuildFile; fileRef = E7246B7122AE017B001202B2 /* UIView+MQ.swift */; };
		E72B9ECC23018F8000F2A8D7 /* MQCrypt+AES.swift in Sources */ = {isa = PBXBuildFile; fileRef = E72B9ECB23018F8000F2A8D7 /* MQCrypt+AES.swift */; };
		E72C450022F29B1E00F0FB79 /* Array+MQ.swift in Sources */ = {isa = PBXBuildFile; fileRef = E72C44FF22F29B1E00F0FB79 /* Array+MQ.swift */; };
		E72D732222D885BB0064F5BF /* MQHorizontalPagingView.swift in Sources */ = {isa = PBXBuildFile; fileRef = E72D732122D885BB0064F5BF /* MQHorizontalPagingView.swift */; };
		E72D732522D8AB510064F5BF /* MQHorizontalPagingViewController.swift in Sources */ = {isa = PBXBuildFile; fileRef = E72D732422D8AB510064F5BF /* MQHorizontalPagingViewController.swift */; };
		E737D1A022D4760600AA9486 /* Dictionary+MQ.swift in Sources */ = {isa = PBXBuildFile; fileRef = E737D19F22D4760600AA9486 /* Dictionary+MQ.swift */; };
		E738258E230A2F5100927DBB /* UIDevice+MQSoftware.swift in Sources */ = {isa = PBXBuildFile; fileRef = E738258D230A2F5100927DBB /* UIDevice+MQSoftware.swift */; };
		E7382590230AC2FF00927DBB /* UIDevice+MQHardware.swift in Sources */ = {isa = PBXBuildFile; fileRef = E738258F230AC2FF00927DBB /* UIDevice+MQHardware.swift */; };
		E73A5F372337F5BA00EA4718 /* FixedWidthInteger+MQ.swift in Sources */ = {isa = PBXBuildFile; fileRef = E73A5F362337F5BA00EA4718 /* FixedWidthInteger+MQ.swift */; };
		E73DEBF122EFE36E006FD71C /* StringEncoding+MQList.swift in Sources */ = {isa = PBXBuildFile; fileRef = E73DEBF022EFE36E006FD71C /* StringEncoding+MQList.swift */; };
		E73DEBF322EFE380006FD71C /* StringEncoding+MQCode.swift in Sources */ = {isa = PBXBuildFile; fileRef = E73DEBF222EFE380006FD71C /* StringEncoding+MQCode.swift */; };
		E73DEBF722F043E9006FD71C /* String+MQSub.swift in Sources */ = {isa = PBXBuildFile; fileRef = E73DEBF622F043E9006FD71C /* String+MQSub.swift */; };
		E741048322F41A7000BE8984 /* MQTextFieldViewController.swift in Sources */ = {isa = PBXBuildFile; fileRef = E741048222F41A7000BE8984 /* MQTextFieldViewController.swift */; };
		E74B455D22E776460015038C /* Coordinate+MQ.swift in Sources */ = {isa = PBXBuildFile; fileRef = E74B455C22E776460015038C /* Coordinate+MQ.swift */; };
		E74D976E23029D640023AD8C /* UITextField+MQ.swift in Sources */ = {isa = PBXBuildFile; fileRef = E74D976D23029D640023AD8C /* UITextField+MQ.swift */; };
		E7556C0B22FEA343005CFD37 /* MQCrypt.swift in Sources */ = {isa = PBXBuildFile; fileRef = E7556C0A22FEA343005CFD37 /* MQCrypt.swift */; };
		E75E5D0922A82EEE000C1A61 /* URL+MQ.swift in Sources */ = {isa = PBXBuildFile; fileRef = E75E5D0822A82EEE000C1A61 /* URL+MQ.swift */; };
		E75EF41D22C99B25006DA5A3 /* MQDateViewController.swift in Sources */ = {isa = PBXBuildFile; fileRef = E75EF41C22C99B25006DA5A3 /* MQDateViewController.swift */; };
		E768962E22CB0A5200B5D143 /* MQUIImageViewController.swift in Sources */ = {isa = PBXBuildFile; fileRef = E768962D22CB0A5200B5D143 /* MQUIImageViewController.swift */; };
		E77918EF22C9AA2D00877715 /* MQStringViewController.swift in Sources */ = {isa = PBXBuildFile; fileRef = E77918EE22C9AA2D00877715 /* MQStringViewController.swift */; };
		E77918F222C9AFD700877715 /* MQUIApplicationViewController.swift in Sources */ = {isa = PBXBuildFile; fileRef = E77918F122C9AFD700877715 /* MQUIApplicationViewController.swift */; };
		E77E0A4C22F1B4D7003243F3 /* MQTextField.swift in Sources */ = {isa = PBXBuildFile; fileRef = E77E0A4B22F1B4D7003243F3 /* MQTextField.swift */; };
		E78F66162318C9410091FDF8 /* MQCrypt+MD5.swift in Sources */ = {isa = PBXBuildFile; fileRef = E78F66152318C9410091FDF8 /* MQCrypt+MD5.swift */; };
		E79324A322EE0B9400880C23 /* OperationQueue+MQ.swift in Sources */ = {isa = PBXBuildFile; fileRef = E79324A222EE0B9400880C23 /* OperationQueue+MQ.swift */; };
		E79324A822EE103600880C23 /* CFStringEncodings+MQCode.swift in Sources */ = {isa = PBXBuildFile; fileRef = E79324A722EE103600880C23 /* CFStringEncodings+MQCode.swift */; };
		E79324AA22EE105900880C23 /* CFStringEncodings+MQList.swift in Sources */ = {isa = PBXBuildFile; fileRef = E79324A922EE105900880C23 /* CFStringEncodings+MQList.swift */; };
		E79ECC3322A6C10C00736EF2 /* AppDelegate.swift in Sources */ = {isa = PBXBuildFile; fileRef = E79ECC3222A6C10C00736EF2 /* AppDelegate.swift */; };
		E79ECC3522A6C10D00736EF2 /* ViewController.swift in Sources */ = {isa = PBXBuildFile; fileRef = E79ECC3422A6C10D00736EF2 /* ViewController.swift */; };
		E79ECC3822A6C10D00736EF2 /* Main.storyboard in Resources */ = {isa = PBXBuildFile; fileRef = E79ECC3622A6C10D00736EF2 /* Main.storyboard */; };
		E79ECC3A22A6C10D00736EF2 /* Assets.xcassets in Resources */ = {isa = PBXBuildFile; fileRef = E79ECC3922A6C10D00736EF2 /* Assets.xcassets */; };
		E79ECC3D22A6C10D00736EF2 /* LaunchScreen.storyboard in Resources */ = {isa = PBXBuildFile; fileRef = E79ECC3B22A6C10D00736EF2 /* LaunchScreen.storyboard */; };
		E79ECC4622A6C6E800736EF2 /* UIFont+MQ.swift in Sources */ = {isa = PBXBuildFile; fileRef = E79ECC4522A6C6E800736EF2 /* UIFont+MQ.swift */; };
		E79ECC4922A6DA1000736EF2 /* UIColor+MQ.swift in Sources */ = {isa = PBXBuildFile; fileRef = E79ECC4822A6DA1000736EF2 /* UIColor+MQ.swift */; };
		E7A4DE4E22E955B2006D5AD8 /* CGPoint+MQ.swift in Sources */ = {isa = PBXBuildFile; fileRef = E7A4DE4D22E955B2006D5AD8 /* CGPoint+MQ.swift */; };
		E7A4DE5022E9CD5C006D5AD8 /* CGSize+MQ.swift in Sources */ = {isa = PBXBuildFile; fileRef = E7A4DE4F22E9CD5C006D5AD8 /* CGSize+MQ.swift */; };
		E7C2ACCA22DF2C4E00150F9E /* MQKeychain.swift in Sources */ = {isa = PBXBuildFile; fileRef = E7C2ACC922DF2C4E00150F9E /* MQKeychain.swift */; };
		E7E738EB2305D11C00CC3C7E /* UIApplication+MQThird.swift in Sources */ = {isa = PBXBuildFile; fileRef = E7E738EA2305D11C00CC3C7E /* UIApplication+MQThird.swift */; };
/* End PBXBuildFile section */

/* Begin PBXFileReference section */
		E700812622C1348200FBD89D /* MQShowViewController.swift */ = {isa = PBXFileReference; lastKnownFileType = sourcecode.swift; path = MQShowViewController.swift; sourceTree = "<group>"; };
		E700812A22C1350600FBD89D /* MQShowCell.swift */ = {isa = PBXFileReference; lastKnownFileType = sourcecode.swift; path = MQShowCell.swift; sourceTree = "<group>"; };
		E700812E22C13A1F00FBD89D /* MQFontViewController.swift */ = {isa = PBXFileReference; lastKnownFileType = sourcecode.swift; path = MQFontViewController.swift; sourceTree = "<group>"; };
		E70705E722FC403200F5779C /* Data+MQCrypt.swift */ = {isa = PBXFileReference; lastKnownFileType = sourcecode.swift; path = "Data+MQCrypt.swift"; sourceTree = "<group>"; };
		E709B4EE22BCDF7C0093B7F1 /* MQTaptic.swift */ = {isa = PBXFileReference; lastKnownFileType = sourcecode.swift; path = MQTaptic.swift; sourceTree = "<group>"; };
		E70A549A22EBE7CF003D0E2B /* String+MQPath.swift */ = {isa = PBXFileReference; lastKnownFileType = sourcecode.swift; path = "String+MQPath.swift"; sourceTree = "<group>"; };
		E70A549E22EBF3BA003D0E2B /* String+MQMark.swift */ = {isa = PBXFileReference; lastKnownFileType = sourcecode.swift; path = "String+MQMark.swift"; sourceTree = "<group>"; };
		E70A54A022EBF578003D0E2B /* String+MQCode.swift */ = {isa = PBXFileReference; lastKnownFileType = sourcecode.swift; path = "String+MQCode.swift"; sourceTree = "<group>"; };
		E70A54A222EBF684003D0E2B /* String+MQChar.swift */ = {isa = PBXFileReference; lastKnownFileType = sourcecode.swift; path = "String+MQChar.swift"; sourceTree = "<group>"; };
		E70A9B9C22B0878600D5E334 /* MQCollectionView.swift */ = {isa = PBXFileReference; lastKnownFileType = sourcecode.swift; path = MQCollectionView.swift; sourceTree = "<group>"; };
		E70A9B9E22B0883500D5E334 /* MQTableView.swift */ = {isa = PBXFileReference; lastKnownFileType = sourcecode.swift; path = MQTableView.swift; sourceTree = "<group>"; };
		E70DBCEB230639C00080F2A6 /* UIApplication+MQInfo.swift */ = {isa = PBXFileReference; lastKnownFileType = sourcecode.swift; path = "UIApplication+MQInfo.swift"; sourceTree = "<group>"; };
		E70ECF2822C5F1400073B888 /* MQColorViewController.swift */ = {isa = PBXFileReference; lastKnownFileType = sourcecode.swift; path = MQColorViewController.swift; sourceTree = "<group>"; };
		E70ECF2B22C5F6600073B888 /* MQURLViewController.swift */ = {isa = PBXFileReference; lastKnownFileType = sourcecode.swift; path = MQURLViewController.swift; sourceTree = "<group>"; };
		E71AB46722F133DF00B84C68 /* NSMutableAttributedString+MQ.swift */ = {isa = PBXFileReference; lastKnownFileType = sourcecode.swift; path = "NSMutableAttributedString+MQ.swift"; sourceTree = "<group>"; };
		E72171F622B3AB7C00397F0E /* Date+MQ.swift */ = {isa = PBXFileReference; lastKnownFileType = sourcecode.swift; path = "Date+MQ.swift"; sourceTree = "<group>"; };
		E722768522B8C56300008A96 /* UIImage+MQ.swift */ = {isa = PBXFileReference; lastKnownFileType = sourcecode.swift; path = "UIImage+MQ.swift"; sourceTree = "<group>"; };
		E722768922B8CD1200008A96 /* image0@2x.png */ = {isa = PBXFileReference; lastKnownFileType = image.png; path = "image0@2x.png"; sourceTree = "<group>"; };
		E7246B7122AE017B001202B2 /* UIView+MQ.swift */ = {isa = PBXFileReference; lastKnownFileType = sourcecode.swift; path = "UIView+MQ.swift"; sourceTree = "<group>"; };
		E72B9ECB23018F8000F2A8D7 /* MQCrypt+AES.swift */ = {isa = PBXFileReference; lastKnownFileType = sourcecode.swift; path = "MQCrypt+AES.swift"; sourceTree = "<group>"; };
		E72C44FF22F29B1E00F0FB79 /* Array+MQ.swift */ = {isa = PBXFileReference; lastKnownFileType = sourcecode.swift; path = "Array+MQ.swift"; sourceTree = "<group>"; };
		E72D732122D885BB0064F5BF /* MQHorizontalPagingView.swift */ = {isa = PBXFileReference; lastKnownFileType = sourcecode.swift; path = MQHorizontalPagingView.swift; sourceTree = "<group>"; };
		E72D732422D8AB510064F5BF /* MQHorizontalPagingViewController.swift */ = {isa = PBXFileReference; lastKnownFileType = sourcecode.swift; path = MQHorizontalPagingViewController.swift; sourceTree = "<group>"; };
		E737D19F22D4760600AA9486 /* Dictionary+MQ.swift */ = {isa = PBXFileReference; lastKnownFileType = sourcecode.swift; path = "Dictionary+MQ.swift"; sourceTree = "<group>"; };
		E738258D230A2F5100927DBB /* UIDevice+MQSoftware.swift */ = {isa = PBXFileReference; lastKnownFileType = sourcecode.swift; path = "UIDevice+MQSoftware.swift"; sourceTree = "<group>"; };
		E738258F230AC2FF00927DBB /* UIDevice+MQHardware.swift */ = {isa = PBXFileReference; lastKnownFileType = sourcecode.swift; path = "UIDevice+MQHardware.swift"; sourceTree = "<group>"; };
		E73A5F362337F5BA00EA4718 /* FixedWidthInteger+MQ.swift */ = {isa = PBXFileReference; lastKnownFileType = sourcecode.swift; path = "FixedWidthInteger+MQ.swift"; sourceTree = "<group>"; };
		E73DEBF022EFE36E006FD71C /* StringEncoding+MQList.swift */ = {isa = PBXFileReference; lastKnownFileType = sourcecode.swift; path = "StringEncoding+MQList.swift"; sourceTree = "<group>"; };
		E73DEBF222EFE380006FD71C /* StringEncoding+MQCode.swift */ = {isa = PBXFileReference; lastKnownFileType = sourcecode.swift; path = "StringEncoding+MQCode.swift"; sourceTree = "<group>"; };
		E73DEBF622F043E9006FD71C /* String+MQSub.swift */ = {isa = PBXFileReference; lastKnownFileType = sourcecode.swift; path = "String+MQSub.swift"; sourceTree = "<group>"; };
		E741048222F41A7000BE8984 /* MQTextFieldViewController.swift */ = {isa = PBXFileReference; lastKnownFileType = sourcecode.swift; path = MQTextFieldViewController.swift; sourceTree = "<group>"; };
		E74B455C22E776460015038C /* Coordinate+MQ.swift */ = {isa = PBXFileReference; lastKnownFileType = sourcecode.swift; path = "Coordinate+MQ.swift"; sourceTree = "<group>"; };
		E74D976D23029D640023AD8C /* UITextField+MQ.swift */ = {isa = PBXFileReference; lastKnownFileType = sourcecode.swift; path = "UITextField+MQ.swift"; sourceTree = "<group>"; };
		E7556C0A22FEA343005CFD37 /* MQCrypt.swift */ = {isa = PBXFileReference; lastKnownFileType = sourcecode.swift; path = MQCrypt.swift; sourceTree = "<group>"; };
		E75E5D0822A82EEE000C1A61 /* URL+MQ.swift */ = {isa = PBXFileReference; lastKnownFileType = sourcecode.swift; path = "URL+MQ.swift"; sourceTree = "<group>"; };
		E75EF41C22C99B25006DA5A3 /* MQDateViewController.swift */ = {isa = PBXFileReference; lastKnownFileType = sourcecode.swift; path = MQDateViewController.swift; sourceTree = "<group>"; };
		E768962D22CB0A5200B5D143 /* MQUIImageViewController.swift */ = {isa = PBXFileReference; lastKnownFileType = sourcecode.swift; path = MQUIImageViewController.swift; sourceTree = "<group>"; };
		E77918EE22C9AA2D00877715 /* MQStringViewController.swift */ = {isa = PBXFileReference; lastKnownFileType = sourcecode.swift; path = MQStringViewController.swift; sourceTree = "<group>"; };
		E77918F122C9AFD700877715 /* MQUIApplicationViewController.swift */ = {isa = PBXFileReference; lastKnownFileType = sourcecode.swift; path = MQUIApplicationViewController.swift; sourceTree = "<group>"; };
		E77E0A4B22F1B4D7003243F3 /* MQTextField.swift */ = {isa = PBXFileReference; lastKnownFileType = sourcecode.swift; path = MQTextField.swift; sourceTree = "<group>"; };
		E78F66152318C9410091FDF8 /* MQCrypt+MD5.swift */ = {isa = PBXFileReference; lastKnownFileType = sourcecode.swift; path = "MQCrypt+MD5.swift"; sourceTree = "<group>"; };
		E79324A222EE0B9400880C23 /* OperationQueue+MQ.swift */ = {isa = PBXFileReference; lastKnownFileType = sourcecode.swift; path = "OperationQueue+MQ.swift"; sourceTree = "<group>"; };
		E79324A722EE103600880C23 /* CFStringEncodings+MQCode.swift */ = {isa = PBXFileReference; lastKnownFileType = sourcecode.swift; path = "CFStringEncodings+MQCode.swift"; sourceTree = "<group>"; };
		E79324A922EE105900880C23 /* CFStringEncodings+MQList.swift */ = {isa = PBXFileReference; lastKnownFileType = sourcecode.swift; path = "CFStringEncodings+MQList.swift"; sourceTree = "<group>"; };
		E79ECC2F22A6C10C00736EF2 /* MQKit.app */ = {isa = PBXFileReference; explicitFileType = wrapper.application; includeInIndex = 0; path = MQKit.app; sourceTree = BUILT_PRODUCTS_DIR; };
		E79ECC3222A6C10C00736EF2 /* AppDelegate.swift */ = {isa = PBXFileReference; lastKnownFileType = sourcecode.swift; path = AppDelegate.swift; sourceTree = "<group>"; };
		E79ECC3422A6C10D00736EF2 /* ViewController.swift */ = {isa = PBXFileReference; lastKnownFileType = sourcecode.swift; path = ViewController.swift; sourceTree = "<group>"; };
		E79ECC3722A6C10D00736EF2 /* Base */ = {isa = PBXFileReference; lastKnownFileType = file.storyboard; name = Base; path = Base.lproj/Main.storyboard; sourceTree = "<group>"; };
		E79ECC3922A6C10D00736EF2 /* Assets.xcassets */ = {isa = PBXFileReference; lastKnownFileType = folder.assetcatalog; path = Assets.xcassets; sourceTree = "<group>"; };
		E79ECC3C22A6C10D00736EF2 /* Base */ = {isa = PBXFileReference; lastKnownFileType = file.storyboard; name = Base; path = Base.lproj/LaunchScreen.storyboard; sourceTree = "<group>"; };
		E79ECC3E22A6C10D00736EF2 /* Info.plist */ = {isa = PBXFileReference; lastKnownFileType = text.plist.xml; path = Info.plist; sourceTree = "<group>"; };
		E79ECC4522A6C6E800736EF2 /* UIFont+MQ.swift */ = {isa = PBXFileReference; lastKnownFileType = sourcecode.swift; path = "UIFont+MQ.swift"; sourceTree = "<group>"; };
		E79ECC4822A6DA1000736EF2 /* UIColor+MQ.swift */ = {isa = PBXFileReference; lastKnownFileType = sourcecode.swift; path = "UIColor+MQ.swift"; sourceTree = "<group>"; };
		E7A4DE4D22E955B2006D5AD8 /* CGPoint+MQ.swift */ = {isa = PBXFileReference; lastKnownFileType = sourcecode.swift; path = "CGPoint+MQ.swift"; sourceTree = "<group>"; };
		E7A4DE4F22E9CD5C006D5AD8 /* CGSize+MQ.swift */ = {isa = PBXFileReference; lastKnownFileType = sourcecode.swift; path = "CGSize+MQ.swift"; sourceTree = "<group>"; };
		E7C2ACC922DF2C4E00150F9E /* MQKeychain.swift */ = {isa = PBXFileReference; lastKnownFileType = sourcecode.swift; path = MQKeychain.swift; sourceTree = "<group>"; };
		E7E738EA2305D11C00CC3C7E /* UIApplication+MQThird.swift */ = {isa = PBXFileReference; lastKnownFileType = sourcecode.swift; path = "UIApplication+MQThird.swift"; sourceTree = "<group>"; };
/* End PBXFileReference section */

/* Begin PBXFrameworksBuildPhase section */
		E79ECC2C22A6C10C00736EF2 /* Frameworks */ = {
			isa = PBXFrameworksBuildPhase;
			buildActionMask = 2147483647;
			files = (
			);
			runOnlyForDeploymentPostprocessing = 0;
		};
/* End PBXFrameworksBuildPhase section */

/* Begin PBXGroup section */
		E700812522C1343900FBD89D /* Show */ = {
			isa = PBXGroup;
			children = (
				E700812922C134F200FBD89D /* View */,
				E700812822C134E700FBD89D /* Controller */,
			);
			path = Show;
			sourceTree = "<group>";
		};
		E700812822C134E700FBD89D /* Controller */ = {
			isa = PBXGroup;
			children = (
				E700812622C1348200FBD89D /* MQShowViewController.swift */,
			);
			path = Controller;
			sourceTree = "<group>";
		};
		E700812922C134F200FBD89D /* View */ = {
			isa = PBXGroup;
			children = (
				E700812A22C1350600FBD89D /* MQShowCell.swift */,
			);
			path = View;
			sourceTree = "<group>";
		};
		E700812C22C139CF00FBD89D /* Extension */ = {
			isa = PBXGroup;
			children = (
				E768962922CB08D300B5D143 /* UIImage */,
				E77918F022C9AEF400877715 /* UIApplication */,
				E75EF41B22C99AC9006DA5A3 /* Date */,
				E77918ED22C9A9EC00877715 /* String */,
				E70ECF2722C5F11A0073B888 /* UIColor */,
				E700812D22C13A0300FBD89D /* UIFont */,
				E70ECF2A22C5F6350073B888 /* URL */,
			);
			path = Extension;
			sourceTree = "<group>";
		};
		E700812D22C13A0300FBD89D /* UIFont */ = {
			isa = PBXGroup;
			children = (
				E700812E22C13A1F00FBD89D /* MQFontViewController.swift */,
			);
			path = UIFont;
			sourceTree = "<group>";
		};
		E70705E622FC322600F5779C /* MQCrypt */ = {
			isa = PBXGroup;
			children = (
				E70705E722FC403200F5779C /* Data+MQCrypt.swift */,
				E7556C0A22FEA343005CFD37 /* MQCrypt.swift */,
				E72B9ECB23018F8000F2A8D7 /* MQCrypt+AES.swift */,
				E78F66152318C9410091FDF8 /* MQCrypt+MD5.swift */,
			);
			path = MQCrypt;
			sourceTree = "<group>";
		};
		E709B4ED22BCDE670093B7F1 /* Other */ = {
			isa = PBXGroup;
			children = (
				E70705E622FC322600F5779C /* MQCrypt */,
				E77E0A4A22F1B4B7003243F3 /* MQTextField */,
				E7C2ACC822DF2C3000150F9E /* MQKeychain */,
				E72D731E22D8857C0064F5BF /* MQHorizontalPagingView */,
				E7BEBA3D22D5BB3B004D295D /* MQTaptic */,
			);
			path = Other;
			sourceTree = "<group>";
		};
		E70A549922EBE7AB003D0E2B /* String */ = {
			isa = PBXGroup;
			children = (
				E70A549A22EBE7CF003D0E2B /* String+MQPath.swift */,
				E70A549E22EBF3BA003D0E2B /* String+MQMark.swift */,
				E70A54A022EBF578003D0E2B /* String+MQCode.swift */,
				E70A54A222EBF684003D0E2B /* String+MQChar.swift */,
				E73DEBF622F043E9006FD71C /* String+MQSub.swift */,
			);
			path = String;
			sourceTree = "<group>";
		};
		E70A9B9A22B0872100D5E334 /* Extension */ = {
			isa = PBXGroup;
			children = (
				E73A5F352337F59300EA4718 /* Number */,
				E738258C230A2EBC00927DBB /* UIDevice */,
				E7E738E92305D0FB00CC3C7E /* UIApplication */,
				E70A549922EBE7AB003D0E2B /* String */,
				E79324A422EE0EED00880C23 /* StringEncoding */,
				E7A4DE4D22E955B2006D5AD8 /* CGPoint+MQ.swift */,
				E7A4DE4F22E9CD5C006D5AD8 /* CGSize+MQ.swift */,
				E74B455C22E776460015038C /* Coordinate+MQ.swift */,
				E72171F622B3AB7C00397F0E /* Date+MQ.swift */,
				E737D19F22D4760600AA9486 /* Dictionary+MQ.swift */,
				E79324A222EE0B9400880C23 /* OperationQueue+MQ.swift */,
				E79ECC4822A6DA1000736EF2 /* UIColor+MQ.swift */,
				E79ECC4522A6C6E800736EF2 /* UIFont+MQ.swift */,
				E722768522B8C56300008A96 /* UIImage+MQ.swift */,
				E7246B7122AE017B001202B2 /* UIView+MQ.swift */,
				E75E5D0822A82EEE000C1A61 /* URL+MQ.swift */,
				E71AB46722F133DF00B84C68 /* NSMutableAttributedString+MQ.swift */,
				E72C44FF22F29B1E00F0FB79 /* Array+MQ.swift */,
			);
			path = Extension;
			sourceTree = "<group>";
		};
		E70A9B9B22B0872D00D5E334 /* UIKit */ = {
			isa = PBXGroup;
			children = (
				E70A9B9C22B0878600D5E334 /* MQCollectionView.swift */,
				E70A9B9E22B0883500D5E334 /* MQTableView.swift */,
			);
			path = UIKit;
			sourceTree = "<group>";
		};
		E70ECF2722C5F11A0073B888 /* UIColor */ = {
			isa = PBXGroup;
			children = (
				E70ECF2822C5F1400073B888 /* MQColorViewController.swift */,
			);
			path = UIColor;
			sourceTree = "<group>";
		};
		E70ECF2A22C5F6350073B888 /* URL */ = {
			isa = PBXGroup;
			children = (
				E70ECF2B22C5F6600073B888 /* MQURLViewController.swift */,
			);
			path = URL;
			sourceTree = "<group>";
		};
		E722768722B8CCFF00008A96 /* Resources */ = {
			isa = PBXGroup;
			children = (
				E722768822B8CD0800008A96 /* Images */,
			);
			path = Resources;
			sourceTree = "<group>";
		};
		E722768822B8CD0800008A96 /* Images */ = {
			isa = PBXGroup;
			children = (
				E722768922B8CD1200008A96 /* image0@2x.png */,
			);
			path = Images;
			sourceTree = "<group>";
		};
		E72D731E22D8857C0064F5BF /* MQHorizontalPagingView */ = {
			isa = PBXGroup;
			children = (
				E72D732122D885BB0064F5BF /* MQHorizontalPagingView.swift */,
			);
			path = MQHorizontalPagingView;
			sourceTree = "<group>";
		};
		E72D732322D8AB280064F5BF /* MQHorizontalPagingView */ = {
			isa = PBXGroup;
			children = (
				E72D732422D8AB510064F5BF /* MQHorizontalPagingViewController.swift */,
			);
			path = MQHorizontalPagingView;
			sourceTree = "<group>";
		};
		E738258C230A2EBC00927DBB /* UIDevice */ = {
			isa = PBXGroup;
			children = (
				E738258D230A2F5100927DBB /* UIDevice+MQSoftware.swift */,
				E738258F230AC2FF00927DBB /* UIDevice+MQHardware.swift */,
			);
			path = UIDevice;
			sourceTree = "<group>";
		};
		E73A5F352337F59300EA4718 /* Number */ = {
			isa = PBXGroup;
			children = (
				E73A5F362337F5BA00EA4718 /* FixedWidthInteger+MQ.swift */,
			);
			path = Number;
			sourceTree = "<group>";
		};
		E741048122F41A3800BE8984 /* MQTextField */ = {
			isa = PBXGroup;
			children = (
				E741048222F41A7000BE8984 /* MQTextFieldViewController.swift */,
			);
			path = MQTextField;
			sourceTree = "<group>";
		};
		E75EF41B22C99AC9006DA5A3 /* Date */ = {
			isa = PBXGroup;
			children = (
				E75EF41C22C99B25006DA5A3 /* MQDateViewController.swift */,
			);
			path = Date;
			sourceTree = "<group>";
		};
		E768962922CB08D300B5D143 /* UIImage */ = {
			isa = PBXGroup;
			children = (
				E768962D22CB0A5200B5D143 /* MQUIImageViewController.swift */,
			);
			path = UIImage;
			sourceTree = "<group>";
		};
		E77918ED22C9A9EC00877715 /* String */ = {
			isa = PBXGroup;
			children = (
				E77918EE22C9AA2D00877715 /* MQStringViewController.swift */,
			);
			path = String;
			sourceTree = "<group>";
		};
		E77918F022C9AEF400877715 /* UIApplication */ = {
			isa = PBXGroup;
			children = (
				E77918F122C9AFD700877715 /* MQUIApplicationViewController.swift */,
			);
			path = UIApplication;
			sourceTree = "<group>";
		};
		E77E0A4A22F1B4B7003243F3 /* MQTextField */ = {
			isa = PBXGroup;
			children = (
				E77E0A4B22F1B4D7003243F3 /* MQTextField.swift */,
				E74D976D23029D640023AD8C /* UITextField+MQ.swift */,
			);
			path = MQTextField;
			sourceTree = "<group>";
		};
		E79324A422EE0EED00880C23 /* StringEncoding */ = {
			isa = PBXGroup;
			children = (
				E79324A722EE103600880C23 /* CFStringEncodings+MQCode.swift */,
				E79324A922EE105900880C23 /* CFStringEncodings+MQList.swift */,
				E73DEBF222EFE380006FD71C /* StringEncoding+MQCode.swift */,
				E73DEBF022EFE36E006FD71C /* StringEncoding+MQList.swift */,
			);
			path = StringEncoding;
			sourceTree = "<group>";
		};
		E79ECC2622A6C10C00736EF2 = {
			isa = PBXGroup;
			children = (
				E79ECC4422A6C16D00736EF2 /* Main */,
				E79ECC3122A6C10C00736EF2 /* MQKit */,
				E79ECC3022A6C10C00736EF2 /* Products */,
			);
			sourceTree = "<group>";
		};
		E79ECC3022A6C10C00736EF2 /* Products */ = {
			isa = PBXGroup;
			children = (
				E79ECC2F22A6C10C00736EF2 /* MQKit.app */,
			);
			name = Products;
			sourceTree = "<group>";
		};
		E79ECC3122A6C10C00736EF2 /* MQKit */ = {
			isa = PBXGroup;
			children = (
				E709B4ED22BCDE670093B7F1 /* Other */,
				E70A9B9B22B0872D00D5E334 /* UIKit */,
				E70A9B9A22B0872100D5E334 /* Extension */,
			);
			path = MQKit;
			sourceTree = "<group>";
		};
		E79ECC4422A6C16D00736EF2 /* Main */ = {
			isa = PBXGroup;
			children = (
				E7BEBA4022D5BC0F004D295D /* Other */,
				E700812C22C139CF00FBD89D /* Extension */,
				E700812522C1343900FBD89D /* Show */,
				E722768722B8CCFF00008A96 /* Resources */,
				E79ECC3222A6C10C00736EF2 /* AppDelegate.swift */,
				E79ECC3422A6C10D00736EF2 /* ViewController.swift */,
				E79ECC3622A6C10D00736EF2 /* Main.storyboard */,
				E79ECC3922A6C10D00736EF2 /* Assets.xcassets */,
				E79ECC3B22A6C10D00736EF2 /* LaunchScreen.storyboard */,
				E79ECC3E22A6C10D00736EF2 /* Info.plist */,
			);
			path = Main;
			sourceTree = "<group>";
		};
		E7BEBA3D22D5BB3B004D295D /* MQTaptic */ = {
			isa = PBXGroup;
			children = (
				E709B4EE22BCDF7C0093B7F1 /* MQTaptic.swift */,
			);
			path = MQTaptic;
			sourceTree = "<group>";
		};
		E7BEBA4022D5BC0F004D295D /* Other */ = {
			isa = PBXGroup;
			children = (
				E741048122F41A3800BE8984 /* MQTextField */,
				E72D732322D8AB280064F5BF /* MQHorizontalPagingView */,
			);
			path = Other;
			sourceTree = "<group>";
		};
		E7C2ACC822DF2C3000150F9E /* MQKeychain */ = {
			isa = PBXGroup;
			children = (
				E7C2ACC922DF2C4E00150F9E /* MQKeychain.swift */,
			);
			path = MQKeychain;
			sourceTree = "<group>";
		};
		E7E738E92305D0FB00CC3C7E /* UIApplication */ = {
			isa = PBXGroup;
			children = (
				E7E738EA2305D11C00CC3C7E /* UIApplication+MQThird.swift */,
				E70DBCEB230639C00080F2A6 /* UIApplication+MQInfo.swift */,
			);
			path = UIApplication;
			sourceTree = "<group>";
		};
/* End PBXGroup section */

/* Begin PBXNativeTarget section */
		E79ECC2E22A6C10C00736EF2 /* MQKit */ = {
			isa = PBXNativeTarget;
			buildConfigurationList = E79ECC4122A6C10D00736EF2 /* Build configuration list for PBXNativeTarget "MQKit" */;
			buildPhases = (
				E79ECC2B22A6C10C00736EF2 /* Sources */,
				E79ECC2C22A6C10C00736EF2 /* Frameworks */,
				E79ECC2D22A6C10C00736EF2 /* Resources */,
			);
			buildRules = (
			);
			dependencies = (
			);
			name = MQKit;
			productName = MQKit;
			productReference = E79ECC2F22A6C10C00736EF2 /* MQKit.app */;
			productType = "com.apple.product-type.application";
		};
/* End PBXNativeTarget section */

/* Begin PBXProject section */
		E79ECC2722A6C10C00736EF2 /* Project object */ = {
			isa = PBXProject;
			attributes = {
				LastSwiftUpdateCheck = 1020;
				LastUpgradeCheck = 1020;
				ORGANIZATIONNAME = M_noAria;
				TargetAttributes = {
					E79ECC2E22A6C10C00736EF2 = {
						CreatedOnToolsVersion = 10.2.1;
						LastSwiftMigration = 1020;
					};
				};
			};
			buildConfigurationList = E79ECC2A22A6C10C00736EF2 /* Build configuration list for PBXProject "MQKit" */;
			compatibilityVersion = "Xcode 11.0";
			developmentRegion = en;
			hasScannedForEncodings = 0;
			knownRegions = (
				en,
				Base,
			);
			mainGroup = E79ECC2622A6C10C00736EF2;
			productRefGroup = E79ECC3022A6C10C00736EF2 /* Products */;
			projectDirPath = "";
			projectRoot = "";
			targets = (
				E79ECC2E22A6C10C00736EF2 /* MQKit */,
			);
		};
/* End PBXProject section */

/* Begin PBXResourcesBuildPhase section */
		E79ECC2D22A6C10C00736EF2 /* Resources */ = {
			isa = PBXResourcesBuildPhase;
			buildActionMask = 2147483647;
			files = (
				E79ECC3D22A6C10D00736EF2 /* LaunchScreen.storyboard in Resources */,
				E722768A22B8CD1200008A96 /* image0@2x.png in Resources */,
				E79ECC3A22A6C10D00736EF2 /* Assets.xcassets in Resources */,
				E79ECC3822A6C10D00736EF2 /* Main.storyboard in Resources */,
			);
			runOnlyForDeploymentPostprocessing = 0;
		};
/* End PBXResourcesBuildPhase section */

/* Begin PBXSourcesBuildPhase section */
		E79ECC2B22A6C10C00736EF2 /* Sources */ = {
			isa = PBXSourcesBuildPhase;
			buildActionMask = 2147483647;
			files = (
				E71AB46822F133DF00B84C68 /* NSMutableAttributedString+MQ.swift in Sources */,
				E79ECC3522A6C10D00736EF2 /* ViewController.swift in Sources */,
				E7246B7222AE017B001202B2 /* UIView+MQ.swift in Sources */,
				E79ECC4922A6DA1000736EF2 /* UIColor+MQ.swift in Sources */,
				E70ECF2922C5F1400073B888 /* MQColorViewController.swift in Sources */,
				E7A4DE5022E9CD5C006D5AD8 /* CGSize+MQ.swift in Sources */,
				E741048322F41A7000BE8984 /* MQTextFieldViewController.swift in Sources */,
				E73DEBF722F043E9006FD71C /* String+MQSub.swift in Sources */,
				E700812F22C13A1F00FBD89D /* MQFontViewController.swift in Sources */,
				E74D976E23029D640023AD8C /* UITextField+MQ.swift in Sources */,
				E70705E822FC403200F5779C /* Data+MQCrypt.swift in Sources */,
				E7E738EB2305D11C00CC3C7E /* UIApplication+MQThird.swift in Sources */,
				E73DEBF122EFE36E006FD71C /* StringEncoding+MQList.swift in Sources */,
				E78F66162318C9410091FDF8 /* MQCrypt+MD5.swift in Sources */,
				E700812722C1348200FBD89D /* MQShowViewController.swift in Sources */,
				E70A54A322EBF684003D0E2B /* String+MQChar.swift in Sources */,
				E79ECC3322A6C10C00736EF2 /* AppDelegate.swift in Sources */,
				E75EF41D22C99B25006DA5A3 /* MQDateViewController.swift in Sources */,
				E70ECF2C22C5F6600073B888 /* MQURLViewController.swift in Sources */,
				E70A549B22EBE7CF003D0E2B /* String+MQPath.swift in Sources */,
				E72D732522D8AB510064F5BF /* MQHorizontalPagingViewController.swift in Sources */,
				E70DBCEC230639C00080F2A6 /* UIApplication+MQInfo.swift in Sources */,
				E70A9B9D22B0878600D5E334 /* MQCollectionView.swift in Sources */,
				E70A54A122EBF578003D0E2B /* String+MQCode.swift in Sources */,
				E73A5F372337F5BA00EA4718 /* FixedWidthInteger+MQ.swift in Sources */,
				E77918F222C9AFD700877715 /* MQUIApplicationViewController.swift in Sources */,
				E7C2ACCA22DF2C4E00150F9E /* MQKeychain.swift in Sources */,
				E72C450022F29B1E00F0FB79 /* Array+MQ.swift in Sources */,
				E74B455D22E776460015038C /* Coordinate+MQ.swift in Sources */,
				E77918EF22C9AA2D00877715 /* MQStringViewController.swift in Sources */,
				E737D1A022D4760600AA9486 /* Dictionary+MQ.swift in Sources */,
				E79ECC4622A6C6E800736EF2 /* UIFont+MQ.swift in Sources */,
				E7556C0B22FEA343005CFD37 /* MQCrypt.swift in Sources */,
				E79324A822EE103600880C23 /* CFStringEncodings+MQCode.swift in Sources */,
				E75E5D0922A82EEE000C1A61 /* URL+MQ.swift in Sources */,
				E722768622B8C56300008A96 /* UIImage+MQ.swift in Sources */,
				E70A9B9F22B0883500D5E334 /* MQTableView.swift in Sources */,
				E700812B22C1350600FBD89D /* MQShowCell.swift in Sources */,
				E77E0A4C22F1B4D7003243F3 /* MQTextField.swift in Sources */,
				E79324AA22EE105900880C23 /* CFStringEncodings+MQList.swift in Sources */,
				E72D732222D885BB0064F5BF /* MQHorizontalPagingView.swift in Sources */,
				E70A549F22EBF3BA003D0E2B /* String+MQMark.swift in Sources */,
				E738258E230A2F5100927DBB /* UIDevice+MQSoftware.swift in Sources */,
				E72B9ECC23018F8000F2A8D7 /* MQCrypt+AES.swift in Sources */,
				E709B4EF22BCDF7C0093B7F1 /* MQTaptic.swift in Sources */,
				E73DEBF322EFE380006FD71C /* StringEncoding+MQCode.swift in Sources */,
				E768962E22CB0A5200B5D143 /* MQUIImageViewController.swift in Sources */,
				E7A4DE4E22E955B2006D5AD8 /* CGPoint+MQ.swift in Sources */,
				E7382590230AC2FF00927DBB /* UIDevice+MQHardware.swift in Sources */,
				E72171F722B3AB7C00397F0E /* Date+MQ.swift in Sources */,
				E79324A322EE0B9400880C23 /* OperationQueue+MQ.swift in Sources */,
			);
			runOnlyForDeploymentPostprocessing = 0;
		};
/* End PBXSourcesBuildPhase section */

/* Begin PBXVariantGroup section */
		E79ECC3622A6C10D00736EF2 /* Main.storyboard */ = {
			isa = PBXVariantGroup;
			children = (
				E79ECC3722A6C10D00736EF2 /* Base */,
			);
			name = Main.storyboard;
			sourceTree = "<group>";
		};
		E79ECC3B22A6C10D00736EF2 /* LaunchScreen.storyboard */ = {
			isa = PBXVariantGroup;
			children = (
				E79ECC3C22A6C10D00736EF2 /* Base */,
			);
			name = LaunchScreen.storyboard;
			sourceTree = "<group>";
		};
/* End PBXVariantGroup section */

/* Begin XCBuildConfiguration section */
		E79ECC3F22A6C10D00736EF2 /* Debug */ = {
			isa = XCBuildConfiguration;
			buildSettings = {
				ALWAYS_SEARCH_USER_PATHS = NO;
				CLANG_ANALYZER_NONNULL = YES;
				CLANG_ANALYZER_NUMBER_OBJECT_CONVERSION = YES_AGGRESSIVE;
				CLANG_CXX_LANGUAGE_STANDARD = "gnu++14";
				CLANG_CXX_LIBRARY = "libc++";
				CLANG_ENABLE_MODULES = YES;
				CLANG_ENABLE_OBJC_ARC = YES;
				CLANG_ENABLE_OBJC_WEAK = YES;
				CLANG_WARN_BLOCK_CAPTURE_AUTORELEASING = YES;
				CLANG_WARN_BOOL_CONVERSION = YES;
				CLANG_WARN_COMMA = YES;
				CLANG_WARN_CONSTANT_CONVERSION = YES;
				CLANG_WARN_DEPRECATED_OBJC_IMPLEMENTATIONS = YES;
				CLANG_WARN_DIRECT_OBJC_ISA_USAGE = YES_ERROR;
				CLANG_WARN_DOCUMENTATION_COMMENTS = YES;
				CLANG_WARN_EMPTY_BODY = YES;
				CLANG_WARN_ENUM_CONVERSION = YES;
				CLANG_WARN_INFINITE_RECURSION = YES;
				CLANG_WARN_INT_CONVERSION = YES;
				CLANG_WARN_NON_LITERAL_NULL_CONVERSION = YES;
				CLANG_WARN_OBJC_IMPLICIT_RETAIN_SELF = YES;
				CLANG_WARN_OBJC_LITERAL_CONVERSION = YES;
				CLANG_WARN_OBJC_ROOT_CLASS = YES_ERROR;
				CLANG_WARN_RANGE_LOOP_ANALYSIS = YES;
				CLANG_WARN_STRICT_PROTOTYPES = YES;
				CLANG_WARN_SUSPICIOUS_MOVE = YES;
				CLANG_WARN_UNGUARDED_AVAILABILITY = YES_AGGRESSIVE;
				CLANG_WARN_UNREACHABLE_CODE = YES;
				CLANG_WARN__DUPLICATE_METHOD_MATCH = YES;
				CODE_SIGN_IDENTITY = "iPhone Developer";
				COPY_PHASE_STRIP = NO;
				DEBUG_INFORMATION_FORMAT = dwarf;
				ENABLE_STRICT_OBJC_MSGSEND = YES;
				ENABLE_TESTABILITY = YES;
				GCC_C_LANGUAGE_STANDARD = gnu11;
				GCC_DYNAMIC_NO_PIC = NO;
				GCC_NO_COMMON_BLOCKS = YES;
				GCC_OPTIMIZATION_LEVEL = 0;
				GCC_PREPROCESSOR_DEFINITIONS = (
					"DEBUG=1",
					"$(inherited)",
				);
				GCC_WARN_64_TO_32_BIT_CONVERSION = YES;
				GCC_WARN_ABOUT_RETURN_TYPE = YES_ERROR;
				GCC_WARN_UNDECLARED_SELECTOR = YES;
				GCC_WARN_UNINITIALIZED_AUTOS = YES_AGGRESSIVE;
				GCC_WARN_UNUSED_FUNCTION = YES;
				GCC_WARN_UNUSED_VARIABLE = YES;
				IPHONEOS_DEPLOYMENT_TARGET = 9.0;
				MTL_ENABLE_DEBUG_INFO = INCLUDE_SOURCE;
				MTL_FAST_MATH = YES;
				ONLY_ACTIVE_ARCH = YES;
				SDKROOT = iphoneos;
				SWIFT_ACTIVE_COMPILATION_CONDITIONS = DEBUG;
				SWIFT_OPTIMIZATION_LEVEL = "-Onone";
			};
			name = Debug;
		};
		E79ECC4022A6C10D00736EF2 /* Release */ = {
			isa = XCBuildConfiguration;
			buildSettings = {
				ALWAYS_SEARCH_USER_PATHS = NO;
				CLANG_ANALYZER_NONNULL = YES;
				CLANG_ANALYZER_NUMBER_OBJECT_CONVERSION = YES_AGGRESSIVE;
				CLANG_CXX_LANGUAGE_STANDARD = "gnu++14";
				CLANG_CXX_LIBRARY = "libc++";
				CLANG_ENABLE_MODULES = YES;
				CLANG_ENABLE_OBJC_ARC = YES;
				CLANG_ENABLE_OBJC_WEAK = YES;
				CLANG_WARN_BLOCK_CAPTURE_AUTORELEASING = YES;
				CLANG_WARN_BOOL_CONVERSION = YES;
				CLANG_WARN_COMMA = YES;
				CLANG_WARN_CONSTANT_CONVERSION = YES;
				CLANG_WARN_DEPRECATED_OBJC_IMPLEMENTATIONS = YES;
				CLANG_WARN_DIRECT_OBJC_ISA_USAGE = YES_ERROR;
				CLANG_WARN_DOCUMENTATION_COMMENTS = YES;
				CLANG_WARN_EMPTY_BODY = YES;
				CLANG_WARN_ENUM_CONVERSION = YES;
				CLANG_WARN_INFINITE_RECURSION = YES;
				CLANG_WARN_INT_CONVERSION = YES;
				CLANG_WARN_NON_LITERAL_NULL_CONVERSION = YES;
				CLANG_WARN_OBJC_IMPLICIT_RETAIN_SELF = YES;
				CLANG_WARN_OBJC_LITERAL_CONVERSION = YES;
				CLANG_WARN_OBJC_ROOT_CLASS = YES_ERROR;
				CLANG_WARN_RANGE_LOOP_ANALYSIS = YES;
				CLANG_WARN_STRICT_PROTOTYPES = YES;
				CLANG_WARN_SUSPICIOUS_MOVE = YES;
				CLANG_WARN_UNGUARDED_AVAILABILITY = YES_AGGRESSIVE;
				CLANG_WARN_UNREACHABLE_CODE = YES;
				CLANG_WARN__DUPLICATE_METHOD_MATCH = YES;
				CODE_SIGN_IDENTITY = "iPhone Developer";
				COPY_PHASE_STRIP = NO;
				DEBUG_INFORMATION_FORMAT = "dwarf-with-dsym";
				ENABLE_NS_ASSERTIONS = NO;
				ENABLE_STRICT_OBJC_MSGSEND = YES;
				GCC_C_LANGUAGE_STANDARD = gnu11;
				GCC_NO_COMMON_BLOCKS = YES;
				GCC_WARN_64_TO_32_BIT_CONVERSION = YES;
				GCC_WARN_ABOUT_RETURN_TYPE = YES_ERROR;
				GCC_WARN_UNDECLARED_SELECTOR = YES;
				GCC_WARN_UNINITIALIZED_AUTOS = YES_AGGRESSIVE;
				GCC_WARN_UNUSED_FUNCTION = YES;
				GCC_WARN_UNUSED_VARIABLE = YES;
				IPHONEOS_DEPLOYMENT_TARGET = 9.0;
				MTL_ENABLE_DEBUG_INFO = NO;
				MTL_FAST_MATH = YES;
				SDKROOT = iphoneos;
				SWIFT_COMPILATION_MODE = wholemodule;
				SWIFT_OPTIMIZATION_LEVEL = "-O";
				VALIDATE_PRODUCT = YES;
			};
			name = Release;
		};
		E79ECC4222A6C10D00736EF2 /* Debug */ = {
			isa = XCBuildConfiguration;
			buildSettings = {
				ASSETCATALOG_COMPILER_APPICON_NAME = AppIcon;
				CLANG_ENABLE_MODULES = YES;
				CODE_SIGN_IDENTITY = "iPhone Developer";
				CODE_SIGN_STYLE = Manual;
				DEVELOPMENT_TEAM = "";
				INFOPLIST_FILE = "$(SRCROOT)/Main/Info.plist";
				IPHONEOS_DEPLOYMENT_TARGET = 9.0;
				LD_RUNPATH_SEARCH_PATHS = (
					"$(inherited)",
					"@executable_path/Frameworks",
				);
				PRODUCT_BUNDLE_IDENTIFIER = "com.M-Quadra.MQKit";
				PRODUCT_NAME = "$(TARGET_NAME)";
				PROVISIONING_PROFILE_SPECIFIER = "";
				SWIFT_OPTIMIZATION_LEVEL = "-Onone";
				SWIFT_VERSION = 5.0;
				TARGETED_DEVICE_FAMILY = "1,2";
			};
			name = Debug;
		};
		E79ECC4322A6C10D00736EF2 /* Release */ = {
			isa = XCBuildConfiguration;
			buildSettings = {
				ASSETCATALOG_COMPILER_APPICON_NAME = AppIcon;
				CLANG_ENABLE_MODULES = YES;
				CODE_SIGN_IDENTITY = "iPhone Developer";
				CODE_SIGN_STYLE = Manual;
				DEVELOPMENT_TEAM = "";
				INFOPLIST_FILE = "$(SRCROOT)/Main/Info.plist";
				IPHONEOS_DEPLOYMENT_TARGET = 9.0;
				LD_RUNPATH_SEARCH_PATHS = (
					"$(inherited)",
					"@executable_path/Frameworks",
				);
				PRODUCT_BUNDLE_IDENTIFIER = "com.M-Quadra.MQKit";
				PRODUCT_NAME = "$(TARGET_NAME)";
				PROVISIONING_PROFILE_SPECIFIER = "";
				SWIFT_VERSION = 5.0;
				TARGETED_DEVICE_FAMILY = "1,2";
			};
			name = Release;
		};
/* End XCBuildConfiguration section */

/* Begin XCConfigurationList section */
		E79ECC2A22A6C10C00736EF2 /* Build configuration list for PBXProject "MQKit" */ = {
			isa = XCConfigurationList;
			buildConfigurations = (
				E79ECC3F22A6C10D00736EF2 /* Debug */,
				E79ECC4022A6C10D00736EF2 /* Release */,
			);
			defaultConfigurationIsVisible = 0;
			defaultConfigurationName = Release;
		};
		E79ECC4122A6C10D00736EF2 /* Build configuration list for PBXNativeTarget "MQKit" */ = {
			isa = XCConfigurationList;
			buildConfigurations = (
				E79ECC4222A6C10D00736EF2 /* Debug */,
				E79ECC4322A6C10D00736EF2 /* Release */,
			);
			defaultConfigurationIsVisible = 0;
			defaultConfigurationName = Release;
		};
/* End XCConfigurationList section */
	};
	rootObject = E79ECC2722A6C10C00736EF2 /* Project object */;
}
