// !$*UTF8*$!
{
	archiveVersion = 1;
	classes = {
	};
	objectVersion = 50;
	objects = {

/* Begin PBXBuildFile section */
		E75E5D0922A82EEE000C1A61 /* URL+MQ.swift in Sources */ = {isa = PBXBuildFile; fileRef = E75E5D0822A82EEE000C1A61 /* URL+MQ.swift */; };
		E75E5D0B22A82FD9000C1A61 /* String+MQ.swift in Sources */ = {isa = PBXBuildFile; fileRef = E75E5D0A22A82FD9000C1A61 /* String+MQ.swift */; };
		E79ECC3322A6C10C00736EF2 /* AppDelegate.swift in Sources */ = {isa = PBXBuildFile; fileRef = E79ECC3222A6C10C00736EF2 /* AppDelegate.swift */; };
		E79ECC3522A6C10D00736EF2 /* ViewController.swift in Sources */ = {isa = PBXBuildFile; fileRef = E79ECC3422A6C10D00736EF2 /* ViewController.swift */; };
		E79ECC3822A6C10D00736EF2 /* Main.storyboard in Resources */ = {isa = PBXBuildFile; fileRef = E79ECC3622A6C10D00736EF2 /* Main.storyboard */; };
		E79ECC3A22A6C10D00736EF2 /* Assets.xcassets in Resources */ = {isa = PBXBuildFile; fileRef = E79ECC3922A6C10D00736EF2 /* Assets.xcassets */; };
		E79ECC3D22A6C10D00736EF2 /* LaunchScreen.storyboard in Resources */ = {isa = PBXBuildFile; fileRef = E79ECC3B22A6C10D00736EF2 /* LaunchScreen.storyboard */; };
		E79ECC4622A6C6E800736EF2 /* UIFont+MQ.swift in Sources */ = {isa = PBXBuildFile; fileRef = E79ECC4522A6C6E800736EF2 /* UIFont+MQ.swift */; };
		E79ECC4922A6DA1000736EF2 /* UIColor+MQ.swift in Sources */ = {isa = PBXBuildFile; fileRef = E79ECC4822A6DA1000736EF2 /* UIColor+MQ.swift */; };
/* End PBXBuildFile section */

/* Begin PBXFileReference section */
		E75E5D0822A82EEE000C1A61 /* URL+MQ.swift */ = {isa = PBXFileReference; lastKnownFileType = sourcecode.swift; path = "URL+MQ.swift"; sourceTree = "<group>"; };
		E75E5D0A22A82FD9000C1A61 /* String+MQ.swift */ = {isa = PBXFileReference; lastKnownFileType = sourcecode.swift; path = "String+MQ.swift"; sourceTree = "<group>"; };
		E79ECC2F22A6C10C00736EF2 /* MQKit.app */ = {isa = PBXFileReference; explicitFileType = wrapper.application; includeInIndex = 0; path = MQKit.app; sourceTree = BUILT_PRODUCTS_DIR; };
		E79ECC3222A6C10C00736EF2 /* AppDelegate.swift */ = {isa = PBXFileReference; lastKnownFileType = sourcecode.swift; path = AppDelegate.swift; sourceTree = "<group>"; };
		E79ECC3422A6C10D00736EF2 /* ViewController.swift */ = {isa = PBXFileReference; lastKnownFileType = sourcecode.swift; path = ViewController.swift; sourceTree = "<group>"; };
		E79ECC3722A6C10D00736EF2 /* Base */ = {isa = PBXFileReference; lastKnownFileType = file.storyboard; name = Base; path = Base.lproj/Main.storyboard; sourceTree = "<group>"; };
		E79ECC3922A6C10D00736EF2 /* Assets.xcassets */ = {isa = PBXFileReference; lastKnownFileType = folder.assetcatalog; path = Assets.xcassets; sourceTree = "<group>"; };
		E79ECC3C22A6C10D00736EF2 /* Base */ = {isa = PBXFileReference; lastKnownFileType = file.storyboard; name = Base; path = Base.lproj/LaunchScreen.storyboard; sourceTree = "<group>"; };
		E79ECC3E22A6C10D00736EF2 /* Info.plist */ = {isa = PBXFileReference; lastKnownFileType = text.plist.xml; path = Info.plist; sourceTree = "<group>"; };
		E79ECC4522A6C6E800736EF2 /* UIFont+MQ.swift */ = {isa = PBXFileReference; lastKnownFileType = sourcecode.swift; path = "UIFont+MQ.swift"; sourceTree = "<group>"; };
		E79ECC4822A6DA1000736EF2 /* UIColor+MQ.swift */ = {isa = PBXFileReference; lastKnownFileType = sourcecode.swift; path = "UIColor+MQ.swift"; sourceTree = "<group>"; };
/* End PBXFileReference section */

/* Begin PBXFrameworksBuildPhase section */
		E79ECC2C22A6C10C00736EF2 /* Frameworks */ = {
			isa = PBXFrameworksBuildPhase;
			buildActionMask = 2147483647;
			files = (
			);
			runOnlyForDeploymentPostprocessing = 0;
		};
/* End PBXFrameworksBuildPhase section */

/* Begin PBXGroup section */
		E79ECC2622A6C10C00736EF2 = {
			isa = PBXGroup;
			children = (
				E79ECC4422A6C16D00736EF2 /* Main */,
				E79ECC3122A6C10C00736EF2 /* MQKit */,
				E79ECC3022A6C10C00736EF2 /* Products */,
			);
			sourceTree = "<group>";
		};
		E79ECC3022A6C10C00736EF2 /* Products */ = {
			isa = PBXGroup;
			children = (
				E79ECC2F22A6C10C00736EF2 /* MQKit.app */,
			);
			name = Products;
			sourceTree = "<group>";
		};
		E79ECC3122A6C10C00736EF2 /* MQKit */ = {
			isa = PBXGroup;
			children = (
				E79ECC4522A6C6E800736EF2 /* UIFont+MQ.swift */,
				E79ECC4822A6DA1000736EF2 /* UIColor+MQ.swift */,
				E75E5D0822A82EEE000C1A61 /* URL+MQ.swift */,
				E75E5D0A22A82FD9000C1A61 /* String+MQ.swift */,
			);
			path = MQKit;
			sourceTree = "<group>";
		};
		E79ECC4422A6C16D00736EF2 /* Main */ = {
			isa = PBXGroup;
			children = (
				E79ECC3222A6C10C00736EF2 /* AppDelegate.swift */,
				E79ECC3422A6C10D00736EF2 /* ViewController.swift */,
				E79ECC3622A6C10D00736EF2 /* Main.storyboard */,
				E79ECC3922A6C10D00736EF2 /* Assets.xcassets */,
				E79ECC3B22A6C10D00736EF2 /* LaunchScreen.storyboard */,
				E79ECC3E22A6C10D00736EF2 /* Info.plist */,
			);
			path = Main;
			sourceTree = "<group>";
		};
/* End PBXGroup section */

/* Begin PBXNativeTarget section */
		E79ECC2E22A6C10C00736EF2 /* MQKit */ = {
			isa = PBXNativeTarget;
			buildConfigurationList = E79ECC4122A6C10D00736EF2 /* Build configuration list for PBXNativeTarget "MQKit" */;
			buildPhases = (
				E79ECC2B22A6C10C00736EF2 /* Sources */,
				E79ECC2C22A6C10C00736EF2 /* Frameworks */,
				E79ECC2D22A6C10C00736EF2 /* Resources */,
			);
			buildRules = (
			);
			dependencies = (
			);
			name = MQKit;
			productName = MQKit;
			productReference = E79ECC2F22A6C10C00736EF2 /* MQKit.app */;
			productType = "com.apple.product-type.application";
		};
/* End PBXNativeTarget section */

/* Begin PBXProject section */
		E79ECC2722A6C10C00736EF2 /* Project object */ = {
			isa = PBXProject;
			attributes = {
				LastSwiftUpdateCheck = 1020;
				LastUpgradeCheck = 1020;
				ORGANIZATIONNAME = M_noAria;
				TargetAttributes = {
					E79ECC2E22A6C10C00736EF2 = {
						CreatedOnToolsVersion = 10.2.1;
					};
				};
			};
			buildConfigurationList = E79ECC2A22A6C10C00736EF2 /* Build configuration list for PBXProject "MQKit" */;
			compatibilityVersion = "Xcode 9.3";
			developmentRegion = en;
			hasScannedForEncodings = 0;
			knownRegions = (
				en,
				Base,
			);
			mainGroup = E79ECC2622A6C10C00736EF2;
			productRefGroup = E79ECC3022A6C10C00736EF2 /* Products */;
			projectDirPath = "";
			projectRoot = "";
			targets = (
				E79ECC2E22A6C10C00736EF2 /* MQKit */,
			);
		};
/* End PBXProject section */

/* Begin PBXResourcesBuildPhase section */
		E79ECC2D22A6C10C00736EF2 /* Resources */ = {
			isa = PBXResourcesBuildPhase;
			buildActionMask = 2147483647;
			files = (
				E79ECC3D22A6C10D00736EF2 /* LaunchScreen.storyboard in Resources */,
				E79ECC3A22A6C10D00736EF2 /* Assets.xcassets in Resources */,
				E79ECC3822A6C10D00736EF2 /* Main.storyboard in Resources */,
			);
			runOnlyForDeploymentPostprocessing = 0;
		};
/* End PBXResourcesBuildPhase section */

/* Begin PBXSourcesBuildPhase section */
		E79ECC2B22A6C10C00736EF2 /* Sources */ = {
			isa = PBXSourcesBuildPhase;
			buildActionMask = 2147483647;
			files = (
				E79ECC3522A6C10D00736EF2 /* ViewController.swift in Sources */,
				E79ECC4922A6DA1000736EF2 /* UIColor+MQ.swift in Sources */,
				E79ECC3322A6C10C00736EF2 /* AppDelegate.swift in Sources */,
				E79ECC4622A6C6E800736EF2 /* UIFont+MQ.swift in Sources */,
				E75E5D0922A82EEE000C1A61 /* URL+MQ.swift in Sources */,
				E75E5D0B22A82FD9000C1A61 /* String+MQ.swift in Sources */,
			);
			runOnlyForDeploymentPostprocessing = 0;
		};
/* End PBXSourcesBuildPhase section */

/* Begin PBXVariantGroup section */
		E79ECC3622A6C10D00736EF2 /* Main.storyboard */ = {
			isa = PBXVariantGroup;
			children = (
				E79ECC3722A6C10D00736EF2 /* Base */,
			);
			name = Main.storyboard;
			sourceTree = "<group>";
		};
		E79ECC3B22A6C10D00736EF2 /* LaunchScreen.storyboard */ = {
			isa = PBXVariantGroup;
			children = (
				E79ECC3C22A6C10D00736EF2 /* Base */,
			);
			name = LaunchScreen.storyboard;
			sourceTree = "<group>";
		};
/* End PBXVariantGroup section */

/* Begin XCBuildConfiguration section */
		E79ECC3F22A6C10D00736EF2 /* Debug */ = {
			isa = XCBuildConfiguration;
			buildSettings = {
				ALWAYS_SEARCH_USER_PATHS = NO;
				CLANG_ANALYZER_NONNULL = YES;
				CLANG_ANALYZER_NUMBER_OBJECT_CONVERSION = YES_AGGRESSIVE;
				CLANG_CXX_LANGUAGE_STANDARD = "gnu++14";
				CLANG_CXX_LIBRARY = "libc++";
				CLANG_ENABLE_MODULES = YES;
				CLANG_ENABLE_OBJC_ARC = YES;
				CLANG_ENABLE_OBJC_WEAK = YES;
				CLANG_WARN_BLOCK_CAPTURE_AUTORELEASING = YES;
				CLANG_WARN_BOOL_CONVERSION = YES;
				CLANG_WARN_COMMA = YES;
				CLANG_WARN_CONSTANT_CONVERSION = YES;
				CLANG_WARN_DEPRECATED_OBJC_IMPLEMENTATIONS = YES;
				CLANG_WARN_DIRECT_OBJC_ISA_USAGE = YES_ERROR;
				CLANG_WARN_DOCUMENTATION_COMMENTS = YES;
				CLANG_WARN_EMPTY_BODY = YES;
				CLANG_WARN_ENUM_CONVERSION = YES;
				CLANG_WARN_INFINITE_RECURSION = YES;
				CLANG_WARN_INT_CONVERSION = YES;
				CLANG_WARN_NON_LITERAL_NULL_CONVERSION = YES;
				CLANG_WARN_OBJC_IMPLICIT_RETAIN_SELF = YES;
				CLANG_WARN_OBJC_LITERAL_CONVERSION = YES;
				CLANG_WARN_OBJC_ROOT_CLASS = YES_ERROR;
				CLANG_WARN_RANGE_LOOP_ANALYSIS = YES;
				CLANG_WARN_STRICT_PROTOTYPES = YES;
				CLANG_WARN_SUSPICIOUS_MOVE = YES;
				CLANG_WARN_UNGUARDED_AVAILABILITY = YES_AGGRESSIVE;
				CLANG_WARN_UNREACHABLE_CODE = YES;
				CLANG_WARN__DUPLICATE_METHOD_MATCH = YES;
				CODE_SIGN_IDENTITY = "iPhone Developer";
				COPY_PHASE_STRIP = NO;
				DEBUG_INFORMATION_FORMAT = dwarf;
				ENABLE_STRICT_OBJC_MSGSEND = YES;
				ENABLE_TESTABILITY = YES;
				GCC_C_LANGUAGE_STANDARD = gnu11;
				GCC_DYNAMIC_NO_PIC = NO;
				GCC_NO_COMMON_BLOCKS = YES;
				GCC_OPTIMIZATION_LEVEL = 0;
				GCC_PREPROCESSOR_DEFINITIONS = (
					"DEBUG=1",
					"$(inherited)",
				);
				GCC_WARN_64_TO_32_BIT_CONVERSION = YES;
				GCC_WARN_ABOUT_RETURN_TYPE = YES_ERROR;
				GCC_WARN_UNDECLARED_SELECTOR = YES;
				GCC_WARN_UNINITIALIZED_AUTOS = YES_AGGRESSIVE;
				GCC_WARN_UNUSED_FUNCTION = YES;
				GCC_WARN_UNUSED_VARIABLE = YES;
				IPHONEOS_DEPLOYMENT_TARGET = 9.0;
				MTL_ENABLE_DEBUG_INFO = INCLUDE_SOURCE;
				MTL_FAST_MATH = YES;
				ONLY_ACTIVE_ARCH = YES;
				SDKROOT = iphoneos;
				SWIFT_ACTIVE_COMPILATION_CONDITIONS = DEBUG;
				SWIFT_OPTIMIZATION_LEVEL = "-Onone";
			};
			name = Debug;
		};
		E79ECC4022A6C10D00736EF2 /* Release */ = {
			isa = XCBuildConfiguration;
			buildSettings = {
				ALWAYS_SEARCH_USER_PATHS = NO;
				CLANG_ANALYZER_NONNULL = YES;
				CLANG_ANALYZER_NUMBER_OBJECT_CONVERSION = YES_AGGRESSIVE;
				CLANG_CXX_LANGUAGE_STANDARD = "gnu++14";
				CLANG_CXX_LIBRARY = "libc++";
				CLANG_ENABLE_MODULES = YES;
				CLANG_ENABLE_OBJC_ARC = YES;
				CLANG_ENABLE_OBJC_WEAK = YES;
				CLANG_WARN_BLOCK_CAPTURE_AUTORELEASING = YES;
				CLANG_WARN_BOOL_CONVERSION = YES;
				CLANG_WARN_COMMA = YES;
				CLANG_WARN_CONSTANT_CONVERSION = YES;
				CLANG_WARN_DEPRECATED_OBJC_IMPLEMENTATIONS = YES;
				CLANG_WARN_DIRECT_OBJC_ISA_USAGE = YES_ERROR;
				CLANG_WARN_DOCUMENTATION_COMMENTS = YES;
				CLANG_WARN_EMPTY_BODY = YES;
				CLANG_WARN_ENUM_CONVERSION = YES;
				CLANG_WARN_INFINITE_RECURSION = YES;
				CLANG_WARN_INT_CONVERSION = YES;
				CLANG_WARN_NON_LITERAL_NULL_CONVERSION = YES;
				CLANG_WARN_OBJC_IMPLICIT_RETAIN_SELF = YES;
				CLANG_WARN_OBJC_LITERAL_CONVERSION = YES;
				CLANG_WARN_OBJC_ROOT_CLASS = YES_ERROR;
				CLANG_WARN_RANGE_LOOP_ANALYSIS = YES;
				CLANG_WARN_STRICT_PROTOTYPES = YES;
				CLANG_WARN_SUSPICIOUS_MOVE = YES;
				CLANG_WARN_UNGUARDED_AVAILABILITY = YES_AGGRESSIVE;
				CLANG_WARN_UNREACHABLE_CODE = YES;
				CLANG_WARN__DUPLICATE_METHOD_MATCH = YES;
				CODE_SIGN_IDENTITY = "iPhone Developer";
				COPY_PHASE_STRIP = NO;
				DEBUG_INFORMATION_FORMAT = "dwarf-with-dsym";
				ENABLE_NS_ASSERTIONS = NO;
				ENABLE_STRICT_OBJC_MSGSEND = YES;
				GCC_C_LANGUAGE_STANDARD = gnu11;
				GCC_NO_COMMON_BLOCKS = YES;
				GCC_WARN_64_TO_32_BIT_CONVERSION = YES;
				GCC_WARN_ABOUT_RETURN_TYPE = YES_ERROR;
				GCC_WARN_UNDECLARED_SELECTOR = YES;
				GCC_WARN_UNINITIALIZED_AUTOS = YES_AGGRESSIVE;
				GCC_WARN_UNUSED_FUNCTION = YES;
				GCC_WARN_UNUSED_VARIABLE = YES;
				IPHONEOS_DEPLOYMENT_TARGET = 9.0;
				MTL_ENABLE_DEBUG_INFO = NO;
				MTL_FAST_MATH = YES;
				SDKROOT = iphoneos;
				SWIFT_COMPILATION_MODE = wholemodule;
				SWIFT_OPTIMIZATION_LEVEL = "-O";
				VALIDATE_PRODUCT = YES;
			};
			name = Release;
		};
		E79ECC4222A6C10D00736EF2 /* Debug */ = {
			isa = XCBuildConfiguration;
			buildSettings = {
				ASSETCATALOG_COMPILER_APPICON_NAME = AppIcon;
				CODE_SIGN_STYLE = Automatic;
				INFOPLIST_FILE = "$(SRCROOT)/Main/Info.plist";
				IPHONEOS_DEPLOYMENT_TARGET = 9.0;
				LD_RUNPATH_SEARCH_PATHS = (
					"$(inherited)",
					"@executable_path/Frameworks",
				);
				PRODUCT_BUNDLE_IDENTIFIER = "com.M-Quadra.MQKit";
				PRODUCT_NAME = "$(TARGET_NAME)";
				SWIFT_VERSION = 5.0;
				TARGETED_DEVICE_FAMILY = "1,2";
			};
			name = Debug;
		};
		E79ECC4322A6C10D00736EF2 /* Release */ = {
			isa = XCBuildConfiguration;
			buildSettings = {
				ASSETCATALOG_COMPILER_APPICON_NAME = AppIcon;
				CODE_SIGN_STYLE = Automatic;
				INFOPLIST_FILE = "$(SRCROOT)/Main/Info.plist";
				IPHONEOS_DEPLOYMENT_TARGET = 9.0;
				LD_RUNPATH_SEARCH_PATHS = (
					"$(inherited)",
					"@executable_path/Frameworks",
				);
				PRODUCT_BUNDLE_IDENTIFIER = "com.M-Quadra.MQKit";
				PRODUCT_NAME = "$(TARGET_NAME)";
				SWIFT_VERSION = 5.0;
				TARGETED_DEVICE_FAMILY = "1,2";
			};
			name = Release;
		};
/* End XCBuildConfiguration section */

/* Begin XCConfigurationList section */
		E79ECC2A22A6C10C00736EF2 /* Build configuration list for PBXProject "MQKit" */ = {
			isa = XCConfigurationList;
			buildConfigurations = (
				E79ECC3F22A6C10D00736EF2 /* Debug */,
				E79ECC4022A6C10D00736EF2 /* Release */,
			);
			defaultConfigurationIsVisible = 0;
			defaultConfigurationName = Release;
		};
		E79ECC4122A6C10D00736EF2 /* Build configuration list for PBXNativeTarget "MQKit" */ = {
			isa = XCConfigurationList;
			buildConfigurations = (
				E79ECC4222A6C10D00736EF2 /* Debug */,
				E79ECC4322A6C10D00736EF2 /* Release */,
			);
			defaultConfigurationIsVisible = 0;
			defaultConfigurationName = Release;
		};
/* End XCConfigurationList section */
	};
	rootObject = E79ECC2722A6C10C00736EF2 /* Project object */;
}
