// !$*UTF8*$!
{
	archiveVersion = 1;
	classes = {
	};
	objectVersion = 56;
	objects = {

/* Begin PBXBuildFile section */
		E73157D229A7008700923A3B /* ExtensionHomeViewController.swift in Sources */ = {isa = PBXBuildFile; fileRef = E73157D129A7008700923A3B /* ExtensionHomeViewController.swift */; };
		E73157D429A7009400923A3B /* UtilHomeViewController.swift in Sources */ = {isa = PBXBuildFile; fileRef = E73157D329A7009400923A3B /* UtilHomeViewController.swift */; };
		E73157D729A774F900923A3B /* SnapKit in Frameworks */ = {isa = PBXBuildFile; productRef = E73157D629A774F900923A3B /* SnapKit */; };
		E73EA3092A67C5FF000EF68F /* UITextField+DSL.swift in Sources */ = {isa = PBXBuildFile; fileRef = E73EA3082A67C5FF000EF68F /* UITextField+DSL.swift */; };
		E7443DFD2A85018B00D461E9 /* UIStackView+DSL.swift in Sources */ = {isa = PBXBuildFile; fileRef = E7443DFC2A85018B00D461E9 /* UIStackView+DSL.swift */; };
		E7AAB61529EFDE770096D3C2 /* TextCell.swift in Sources */ = {isa = PBXBuildFile; fileRef = E7AAB61429EFDE770096D3C2 /* TextCell.swift */; };
		E7AAB61C29EFE18E0096D3C2 /* FontExtensionViewController.swift in Sources */ = {isa = PBXBuildFile; fileRef = E7AAB61B29EFE18E0096D3C2 /* FontExtensionViewController.swift */; };
		E7AAB61E29EFE8650096D3C2 /* StringListViewController.swift in Sources */ = {isa = PBXBuildFile; fileRef = E7AAB61D29EFE8650096D3C2 /* StringListViewController.swift */; };
		E7BC641729A4674100C8C24E /* AppDelegate.swift in Sources */ = {isa = PBXBuildFile; fileRef = E7BC641629A4674100C8C24E /* AppDelegate.swift */; };
		E7BC641929A4674100C8C24E /* SceneDelegate.swift in Sources */ = {isa = PBXBuildFile; fileRef = E7BC641829A4674100C8C24E /* SceneDelegate.swift */; };
		E7BC642029A4674200C8C24E /* Assets.xcassets in Resources */ = {isa = PBXBuildFile; fileRef = E7BC641F29A4674200C8C24E /* Assets.xcassets */; };
		E7BC642329A4674200C8C24E /* LaunchScreen.storyboard in Resources */ = {isa = PBXBuildFile; fileRef = E7BC642129A4674200C8C24E /* LaunchScreen.storyboard */; };
		E7BC643329A4678F00C8C24E /* MQKit.framework in Frameworks */ = {isa = PBXBuildFile; fileRef = E7BC642D29A4678F00C8C24E /* MQKit.framework */; };
		E7BC649529A4681D00C8C24E /* CGColor+MQ.swift in Sources */ = {isa = PBXBuildFile; fileRef = E7BC643C29A4681C00C8C24E /* CGColor+MQ.swift */; };
		E7BC649629A4681D00C8C24E /* CGSize+MQ.swift in Sources */ = {isa = PBXBuildFile; fileRef = E7BC643E29A4681C00C8C24E /* CGSize+MQ.swift */; };
		E7BC649729A4681D00C8C24E /* CGSize+Creator.swift in Sources */ = {isa = PBXBuildFile; fileRef = E7BC643F29A4681C00C8C24E /* CGSize+Creator.swift */; };
		E7BC649829A4681D00C8C24E /* CGPoint+MQ.swift in Sources */ = {isa = PBXBuildFile; fileRef = E7BC644129A4681C00C8C24E /* CGPoint+MQ.swift */; };
		E7BC649929A4681D00C8C24E /* CGPoint+Creator.swift in Sources */ = {isa = PBXBuildFile; fileRef = E7BC644229A4681C00C8C24E /* CGPoint+Creator.swift */; };
		E7BC649A29A4681D00C8C24E /* CGRect+Creator.swift in Sources */ = {isa = PBXBuildFile; fileRef = E7BC644429A4681C00C8C24E /* CGRect+Creator.swift */; };
		E7BC649B29A4681D00C8C24E /* CGRect+MQ.swift in Sources */ = {isa = PBXBuildFile; fileRef = E7BC644529A4681C00C8C24E /* CGRect+MQ.swift */; };
		E7BC649C29A4681D00C8C24E /* MTLTexture+MQ.swift in Sources */ = {isa = PBXBuildFile; fileRef = E7BC644729A4681C00C8C24E /* MTLTexture+MQ.swift */; };
		E7BC649D29A4681D00C8C24E /* MTLClearColor+MQ.swift in Sources */ = {isa = PBXBuildFile; fileRef = E7BC644829A4681C00C8C24E /* MTLClearColor+MQ.swift */; };
		E7BC649E29A4681D00C8C24E /* UIImage+MQ.swift in Sources */ = {isa = PBXBuildFile; fileRef = E7BC644B29A4681C00C8C24E /* UIImage+MQ.swift */; };
		E7BC649F29A4681D00C8C24E /* UIImage+MQMetal.swift in Sources */ = {isa = PBXBuildFile; fileRef = E7BC644C29A4681C00C8C24E /* UIImage+MQMetal.swift */; };
		E7BC64A029A4681D00C8C24E /* UIImage+Creator.swift in Sources */ = {isa = PBXBuildFile; fileRef = E7BC644D29A4681C00C8C24E /* UIImage+Creator.swift */; };
		E7BC64A129A4681D00C8C24E /* UITextField+MQ.swift in Sources */ = {isa = PBXBuildFile; fileRef = E7BC644E29A4681C00C8C24E /* UITextField+MQ.swift */; };
		E7BC64A229A4681D00C8C24E /* UIColor+Metal.swift in Sources */ = {isa = PBXBuildFile; fileRef = E7BC645029A4681C00C8C24E /* UIColor+Metal.swift */; };
		E7BC64A329A4681D00C8C24E /* UIColor+MQ.swift in Sources */ = {isa = PBXBuildFile; fileRef = E7BC645129A4681C00C8C24E /* UIColor+MQ.swift */; };
		E7BC64A429A4681D00C8C24E /* UIColor+Creator.swift in Sources */ = {isa = PBXBuildFile; fileRef = E7BC645229A4681C00C8C24E /* UIColor+Creator.swift */; };
		E7BC64A529A4681D00C8C24E /* UIView+MQ.swift in Sources */ = {isa = PBXBuildFile; fileRef = E7BC645429A4681C00C8C24E /* UIView+MQ.swift */; };
		E7BC64A629A4681D00C8C24E /* UIView+Shortcut.swift in Sources */ = {isa = PBXBuildFile; fileRef = E7BC645529A4681C00C8C24E /* UIView+Shortcut.swift */; };
		E7BC64A729A4681D00C8C24E /* UIApplication+MQ.swift in Sources */ = {isa = PBXBuildFile; fileRef = E7BC645629A4681C00C8C24E /* UIApplication+MQ.swift */; };
		E7BC64A829A4681D00C8C24E /* NSDiffableDataSourceSnapshot+MQ.swift in Sources */ = {isa = PBXBuildFile; fileRef = E7BC645729A4681C00C8C24E /* NSDiffableDataSourceSnapshot+MQ.swift */; };
		E7BC64A929A4681D00C8C24E /* Coordinate+MQ.swift in Sources */ = {isa = PBXBuildFile; fileRef = E7BC645829A4681C00C8C24E /* Coordinate+MQ.swift */; };
		E7BC64AA29A4681D00C8C24E /* UIDevice+MQSoftware.swift in Sources */ = {isa = PBXBuildFile; fileRef = E7BC645A29A4681C00C8C24E /* UIDevice+MQSoftware.swift */; };
		E7BC64AB29A4681D00C8C24E /* UIDevice+MQHardware.swift in Sources */ = {isa = PBXBuildFile; fileRef = E7BC645B29A4681C00C8C24E /* UIDevice+MQHardware.swift */; };
		E7BC64AC29A4681D00C8C24E /* UICollectionViewLayout+MQ.swift in Sources */ = {isa = PBXBuildFile; fileRef = E7BC645D29A4681C00C8C24E /* UICollectionViewLayout+MQ.swift */; };
		E7BC64AD29A4681D00C8C24E /* UICollectionViewDiffableDataSource+MQ.swift in Sources */ = {isa = PBXBuildFile; fileRef = E7BC645E29A4681C00C8C24E /* UICollectionViewDiffableDataSource+MQ.swift */; };
		E7BC64AE29A4681D00C8C24E /* UICollectionViewCompositionalLayout+MQ.swift in Sources */ = {isa = PBXBuildFile; fileRef = E7BC645F29A4681C00C8C24E /* UICollectionViewCompositionalLayout+MQ.swift */; };
		E7BC64AF29A4681D00C8C24E /* UICollectionView+MQ.swift in Sources */ = {isa = PBXBuildFile; fileRef = E7BC646029A4681C00C8C24E /* UICollectionView+MQ.swift */; };
		E7BC64B029A4681D00C8C24E /* CGFloat+MQ.swift in Sources */ = {isa = PBXBuildFile; fileRef = E7BC646129A4681C00C8C24E /* CGFloat+MQ.swift */; };
		E7BC64B129A4681D00C8C24E /* UIRectEdge+MQ.swift in Sources */ = {isa = PBXBuildFile; fileRef = E7BC646229A4681C00C8C24E /* UIRectEdge+MQ.swift */; };
		E7BC64B229A4681D00C8C24E /* NSDirectionalEdgeInsets+MQ.swift in Sources */ = {isa = PBXBuildFile; fileRef = E7BC646329A4681C00C8C24E /* NSDirectionalEdgeInsets+MQ.swift */; };
		E7BC64B329A4681D00C8C24E /* NSCollectionLayoutGroup+MQ.swift in Sources */ = {isa = PBXBuildFile; fileRef = E7BC646529A4681C00C8C24E /* NSCollectionLayoutGroup+MQ.swift */; };
		E7BC64B429A4681D00C8C24E /* NSCollectionLayoutSize+MQ.swift in Sources */ = {isa = PBXBuildFile; fileRef = E7BC646629A4681C00C8C24E /* NSCollectionLayoutSize+MQ.swift */; };
		E7BC64B529A4681D00C8C24E /* NSCollectionLayoutDecorationItem+MQ.swift in Sources */ = {isa = PBXBuildFile; fileRef = E7BC646729A4681C00C8C24E /* NSCollectionLayoutDecorationItem+MQ.swift */; };
		E7BC64B629A4681D00C8C24E /* NSCollectionLayoutSection+MQ.swift in Sources */ = {isa = PBXBuildFile; fileRef = E7BC646829A4681C00C8C24E /* NSCollectionLayoutSection+MQ.swift */; };
		E7BC64B729A4681D00C8C24E /* NSCollectionLayoutBoundarySupplementaryItem+MQ.swift in Sources */ = {isa = PBXBuildFile; fileRef = E7BC646929A4681C00C8C24E /* NSCollectionLayoutBoundarySupplementaryItem+MQ.swift */; };
		E7BC64B829A4681D00C8C24E /* UIFont+MQ.swift in Sources */ = {isa = PBXBuildFile; fileRef = E7BC646A29A4681C00C8C24E /* UIFont+MQ.swift */; };
		E7BC64B929A4681D00C8C24E /* UIEdgeInsets+MQ.swift in Sources */ = {isa = PBXBuildFile; fileRef = E7BC646B29A4681C00C8C24E /* UIEdgeInsets+MQ.swift */; };
		E7BC64BA29A4681D00C8C24E /* OperationQueue+MQ.swift in Sources */ = {isa = PBXBuildFile; fileRef = E7BC646D29A4681C00C8C24E /* OperationQueue+MQ.swift */; };
		E7BC64BB29A4681D00C8C24E /* Array+MQ.swift in Sources */ = {isa = PBXBuildFile; fileRef = E7BC646E29A4681C00C8C24E /* Array+MQ.swift */; };
		E7BC64BC29A4681D00C8C24E /* CharacterSet+MQ.swift in Sources */ = {isa = PBXBuildFile; fileRef = E7BC646F29A4681C00C8C24E /* CharacterSet+MQ.swift */; };
		E7BC64BD29A4681D00C8C24E /* Date+MQ.swift in Sources */ = {isa = PBXBuildFile; fileRef = E7BC647029A4681C00C8C24E /* Date+MQ.swift */; };
		E7BC64BE29A4681D00C8C24E /* NSRegularExpression+MQ.swift in Sources */ = {isa = PBXBuildFile; fileRef = E7BC647129A4681C00C8C24E /* NSRegularExpression+MQ.swift */; };
		E7BC64BF29A4681D00C8C24E /* FixedWidthInteger+MQ.swift in Sources */ = {isa = PBXBuildFile; fileRef = E7BC647329A4681C00C8C24E /* FixedWidthInteger+MQ.swift */; };
		E7BC64C029A4681D00C8C24E /* Decimal+MQ.swift in Sources */ = {isa = PBXBuildFile; fileRef = E7BC647429A4681C00C8C24E /* Decimal+MQ.swift */; };
		E7BC64C129A4681D00C8C24E /* Pow+MQ.swift in Sources */ = {isa = PBXBuildFile; fileRef = E7BC647529A4681C00C8C24E /* Pow+MQ.swift */; };
		E7BC64C229A4681D00C8C24E /* Substring+Subscript.swift in Sources */ = {isa = PBXBuildFile; fileRef = E7BC647729A4681C00C8C24E /* Substring+Subscript.swift */; };
		E7BC64C329A4681D00C8C24E /* Substring+MQ.swift in Sources */ = {isa = PBXBuildFile; fileRef = E7BC647829A4681C00C8C24E /* Substring+MQ.swift */; };
		E7BC64C429A4681D00C8C24E /* Task+MQ.swift in Sources */ = {isa = PBXBuildFile; fileRef = E7BC647929A4681C00C8C24E /* Task+MQ.swift */; };
		E7BC64C529A4681D00C8C24E /* CFStringEncodings+MQCode.swift in Sources */ = {isa = PBXBuildFile; fileRef = E7BC647B29A4681C00C8C24E /* CFStringEncodings+MQCode.swift */; };
		E7BC64C629A4681D00C8C24E /* CFStringEncodings+MQList.swift in Sources */ = {isa = PBXBuildFile; fileRef = E7BC647C29A4681C00C8C24E /* CFStringEncodings+MQList.swift */; };
		E7BC64C729A4681D00C8C24E /* StringEncoding+MQWindows.swift in Sources */ = {isa = PBXBuildFile; fileRef = E7BC647D29A4681C00C8C24E /* StringEncoding+MQWindows.swift */; };
		E7BC64C829A4681D00C8C24E /* StringEncoding+MQIso.swift in Sources */ = {isa = PBXBuildFile; fileRef = E7BC647E29A4681C00C8C24E /* StringEncoding+MQIso.swift */; };
		E7BC64C929A4681D00C8C24E /* StringEncoding+MQCode.swift in Sources */ = {isa = PBXBuildFile; fileRef = E7BC647F29A4681C00C8C24E /* StringEncoding+MQCode.swift */; };
		E7BC64CA29A4681D00C8C24E /* StringEncoding+MQList.swift in Sources */ = {isa = PBXBuildFile; fileRef = E7BC648029A4681C00C8C24E /* StringEncoding+MQList.swift */; };
		E7BC64CB29A4681D00C8C24E /* StringEncoding+MQMac.swift in Sources */ = {isa = PBXBuildFile; fileRef = E7BC648129A4681C00C8C24E /* StringEncoding+MQMac.swift */; };
		E7BC64CC29A4681D00C8C24E /* StringEncoding+MQEuc.swift in Sources */ = {isa = PBXBuildFile; fileRef = E7BC648229A4681C00C8C24E /* StringEncoding+MQEuc.swift */; };
		E7BC64CD29A4681D00C8C24E /* StringEncoding+MQDoc.swift in Sources */ = {isa = PBXBuildFile; fileRef = E7BC648329A4681C00C8C24E /* StringEncoding+MQDoc.swift */; };
		E7BC64CE29A4681D00C8C24E /* UInt8+MQ.swift in Sources */ = {isa = PBXBuildFile; fileRef = E7BC648429A4681C00C8C24E /* UInt8+MQ.swift */; };
		E7BC64CF29A4681D00C8C24E /* RangeExpression+MQ.swift in Sources */ = {isa = PBXBuildFile; fileRef = E7BC648529A4681C00C8C24E /* RangeExpression+MQ.swift */; };
		E7BC64D029A4681D00C8C24E /* String+MQRegularExpression.swift in Sources */ = {isa = PBXBuildFile; fileRef = E7BC648729A4681C00C8C24E /* String+MQRegularExpression.swift */; };
		E7BC64D129A4681D00C8C24E /* String+MQPath.swift in Sources */ = {isa = PBXBuildFile; fileRef = E7BC648829A4681C00C8C24E /* String+MQPath.swift */; };
		E7BC64D229A4681D00C8C24E /* String+MQCode.swift in Sources */ = {isa = PBXBuildFile; fileRef = E7BC648929A4681C00C8C24E /* String+MQCode.swift */; };
		E7BC64D329A4681D00C8C24E /* String+Subscript.swift in Sources */ = {isa = PBXBuildFile; fileRef = E7BC648A29A4681C00C8C24E /* String+Subscript.swift */; };
		E7BC64D429A4681D00C8C24E /* String+MQSize.swift in Sources */ = {isa = PBXBuildFile; fileRef = E7BC648B29A4681C00C8C24E /* String+MQSize.swift */; };
		E7BC64D529A4681D00C8C24E /* String+MQ.swift in Sources */ = {isa = PBXBuildFile; fileRef = E7BC648C29A4681C00C8C24E /* String+MQ.swift */; };
		E7BC64D629A4681D00C8C24E /* String+MQMark.swift in Sources */ = {isa = PBXBuildFile; fileRef = E7BC648D29A4681C00C8C24E /* String+MQMark.swift */; };
		E7BC64D729A4681D00C8C24E /* String+MQChar.swift in Sources */ = {isa = PBXBuildFile; fileRef = E7BC648E29A4681C00C8C24E /* String+MQChar.swift */; };
		E7BC64D829A4681D00C8C24E /* Dictionary+MQ.swift in Sources */ = {isa = PBXBuildFile; fileRef = E7BC648F29A4681C00C8C24E /* Dictionary+MQ.swift */; };
		E7BC64D929A4681D00C8C24E /* Bundle+MQ.swift in Sources */ = {isa = PBXBuildFile; fileRef = E7BC649029A4681C00C8C24E /* Bundle+MQ.swift */; };
		E7BC64DA29A4681D00C8C24E /* Data+Hex.swift in Sources */ = {isa = PBXBuildFile; fileRef = E7BC649229A4681C00C8C24E /* Data+Hex.swift */; };
		E7BC64DB29A4681D00C8C24E /* URL+MQ.swift in Sources */ = {isa = PBXBuildFile; fileRef = E7BC649329A4681C00C8C24E /* URL+MQ.swift */; };
		E7BC64DC29A4681D00C8C24E /* NSMutableAttributedString+MQ.swift in Sources */ = {isa = PBXBuildFile; fileRef = E7BC649429A4681C00C8C24E /* NSMutableAttributedString+MQ.swift */; };
		E7BC64E829A4684A00C8C24E /* NSAttributedStringDocumentReadingOptionKey+DSL.swift in Sources */ = {isa = PBXBuildFile; fileRef = E7BC64DE29A4684A00C8C24E /* NSAttributedStringDocumentReadingOptionKey+DSL.swift */; };
		E7BC64E929A4684A00C8C24E /* UIButton+DSL.swift in Sources */ = {isa = PBXBuildFile; fileRef = E7BC64DF29A4684A00C8C24E /* UIButton+DSL.swift */; };
		E7BC64EA29A4684A00C8C24E /* UIScrollView+DSL.swift in Sources */ = {isa = PBXBuildFile; fileRef = E7BC64E029A4684A00C8C24E /* UIScrollView+DSL.swift */; };
		E7BC64EB29A4684A00C8C24E /* UIVIew+DSL.swift in Sources */ = {isa = PBXBuildFile; fileRef = E7BC64E129A4684A00C8C24E /* UIVIew+DSL.swift */; };
		E7BC64EC29A4684A00C8C24E /* CAShapeLayer+DSL.swift in Sources */ = {isa = PBXBuildFile; fileRef = E7BC64E229A4684A00C8C24E /* CAShapeLayer+DSL.swift */; };
		E7BC64ED29A4684A00C8C24E /* UICollectionView+DSL.swift in Sources */ = {isa = PBXBuildFile; fileRef = E7BC64E329A4684A00C8C24E /* UICollectionView+DSL.swift */; };
		E7BC64EE29A4684A00C8C24E /* CALayer+DSL.swift in Sources */ = {isa = PBXBuildFile; fileRef = E7BC64E429A4684A00C8C24E /* CALayer+DSL.swift */; };
		E7BC64EF29A4684A00C8C24E /* UILabel+DSL.swift in Sources */ = {isa = PBXBuildFile; fileRef = E7BC64E529A4684A00C8C24E /* UILabel+DSL.swift */; };
		E7BC64F029A4684A00C8C24E /* NSAttributedStringKey+DSL.swift in Sources */ = {isa = PBXBuildFile; fileRef = E7BC64E629A4684A00C8C24E /* NSAttributedStringKey+DSL.swift */; };
		E7BC64F129A4684A00C8C24E /* DSL.swift in Sources */ = {isa = PBXBuildFile; fileRef = E7BC64E729A4684A00C8C24E /* DSL.swift */; };
		E7BC64F729A4698800C8C24E /* ThirdScheme+QQ.swift in Sources */ = {isa = PBXBuildFile; fileRef = E7BC64F429A4698800C8C24E /* ThirdScheme+QQ.swift */; };
		E7BC64F829A4698800C8C24E /* ThirdScheme+WeChat.swift in Sources */ = {isa = PBXBuildFile; fileRef = E7BC64F529A4698800C8C24E /* ThirdScheme+WeChat.swift */; };
		E7BC64F929A4698800C8C24E /* ThirdScheme.swift in Sources */ = {isa = PBXBuildFile; fileRef = E7BC64F629A4698800C8C24E /* ThirdScheme.swift */; };
		E7BC650929A4699000C8C24E /* MQCrypto+CC.swift in Sources */ = {isa = PBXBuildFile; fileRef = E7BC64FB29A4699000C8C24E /* MQCrypto+CC.swift */; };
		E7BC650A29A4699000C8C24E /* Hash+MD5.swift in Sources */ = {isa = PBXBuildFile; fileRef = E7BC64FD29A4699000C8C24E /* Hash+MD5.swift */; };
		E7BC650B29A4699000C8C24E /* Hash+SHA256.swift in Sources */ = {isa = PBXBuildFile; fileRef = E7BC64FE29A4699000C8C24E /* Hash+SHA256.swift */; };
		E7BC650C29A4699000C8C24E /* RSA.swift in Sources */ = {isa = PBXBuildFile; fileRef = E7BC650029A4699000C8C24E /* RSA.swift */; };
		E7BC650D29A4699000C8C24E /* RSA+Raw.swift in Sources */ = {isa = PBXBuildFile; fileRef = E7BC650129A4699000C8C24E /* RSA+Raw.swift */; };
		E7BC650E29A4699000C8C24E /* RSA+PKCS1.swift in Sources */ = {isa = PBXBuildFile; fileRef = E7BC650229A4699000C8C24E /* RSA+PKCS1.swift */; };
		E7BC650F29A4699000C8C24E /* MQCrypto+Padding.swift in Sources */ = {isa = PBXBuildFile; fileRef = E7BC650329A4699000C8C24E /* MQCrypto+Padding.swift */; };
		E7BC651029A4699000C8C24E /* MQCrypto.swift in Sources */ = {isa = PBXBuildFile; fileRef = E7BC650429A4699000C8C24E /* MQCrypto.swift */; };
		E7BC651129A4699000C8C24E /* AES.swift in Sources */ = {isa = PBXBuildFile; fileRef = E7BC650629A4699000C8C24E /* AES.swift */; };
		E7BC651229A4699000C8C24E /* AES+GCM.swift in Sources */ = {isa = PBXBuildFile; fileRef = E7BC650729A4699000C8C24E /* AES+GCM.swift */; };
		E7BC651329A4699000C8C24E /* AES+CBC.swift in Sources */ = {isa = PBXBuildFile; fileRef = E7BC650829A4699000C8C24E /* AES+CBC.swift */; };
		E7BC651829A4699E00C8C24E /* MQTaptic.swift in Sources */ = {isa = PBXBuildFile; fileRef = E7BC651529A4699E00C8C24E /* MQTaptic.swift */; };
		E7BC651929A4699E00C8C24E /* MQKeychain.swift in Sources */ = {isa = PBXBuildFile; fileRef = E7BC651729A4699E00C8C24E /* MQKeychain.swift */; };
		E7BC652029A469A400C8C24E /* Channel.swift in Sources */ = {isa = PBXBuildFile; fileRef = E7BC651B29A469A400C8C24E /* Channel.swift */; };
		E7BC652129A469A400C8C24E /* Semaphore.swift in Sources */ = {isa = PBXBuildFile; fileRef = E7BC651C29A469A400C8C24E /* Semaphore.swift */; };
		E7BC652229A469A400C8C24E /* Mutex.swift in Sources */ = {isa = PBXBuildFile; fileRef = E7BC651D29A469A400C8C24E /* Mutex.swift */; };
		E7BC652329A469A400C8C24E /* Atomic.swift in Sources */ = {isa = PBXBuildFile; fileRef = E7BC651E29A469A400C8C24E /* Atomic.swift */; };
		E7BC652429A469A400C8C24E /* Actor.swift in Sources */ = {isa = PBXBuildFile; fileRef = E7BC651F29A469A400C8C24E /* Actor.swift */; };
		E7BC652729A469B300C8C24E /* MQHorizontalPagingView.swift in Sources */ = {isa = PBXBuildFile; fileRef = E7BC652629A469B300C8C24E /* MQHorizontalPagingView.swift */; };
		E7BC652C29A469BC00C8C24E /* MQTextField.swift in Sources */ = {isa = PBXBuildFile; fileRef = E7BC652929A469BC00C8C24E /* MQTextField.swift */; };
		E7BC652D29A469BC00C8C24E /* MQTextView.swift in Sources */ = {isa = PBXBuildFile; fileRef = E7BC652B29A469BC00C8C24E /* MQTextView.swift */; };
		E7BC652F29A469F800C8C24E /* MQCollectionView.swift in Sources */ = {isa = PBXBuildFile; fileRef = E7BC652E29A469F800C8C24E /* MQCollectionView.swift */; };
		E7BC653129A46C8D00C8C24E /* SceneDelegate+UI.swift in Sources */ = {isa = PBXBuildFile; fileRef = E7BC653029A46C8D00C8C24E /* SceneDelegate+UI.swift */; };
		E7BC653529A472EC00C8C24E /* ComponentHomeViewController.swift in Sources */ = {isa = PBXBuildFile; fileRef = E7BC653429A472EC00C8C24E /* ComponentHomeViewController.swift */; };
		E7FED9CD2A821A2A004ADF0D /* UITextView+DSL.swift in Sources */ = {isa = PBXBuildFile; fileRef = E7FED9CC2A821A2A004ADF0D /* UITextView+DSL.swift */; };
/* End PBXBuildFile section */

/* Begin PBXContainerItemProxy section */
		E7BC643129A4678F00C8C24E /* PBXContainerItemProxy */ = {
			isa = PBXContainerItemProxy;
			containerPortal = E7005B4229A34238009C4D03 /* Project object */;
			proxyType = 1;
			remoteGlobalIDString = E7BC642C29A4678F00C8C24E;
			remoteInfo = MQKit;
		};
/* End PBXContainerItemProxy section */

/* Begin PBXFileReference section */
		E73157D129A7008700923A3B /* ExtensionHomeViewController.swift */ = {isa = PBXFileReference; lastKnownFileType = sourcecode.swift; path = ExtensionHomeViewController.swift; sourceTree = "<group>"; };
		E73157D329A7009400923A3B /* UtilHomeViewController.swift */ = {isa = PBXFileReference; lastKnownFileType = sourcecode.swift; path = UtilHomeViewController.swift; sourceTree = "<group>"; };
		E73EA3082A67C5FF000EF68F /* UITextField+DSL.swift */ = {isa = PBXFileReference; lastKnownFileType = sourcecode.swift; path = "UITextField+DSL.swift"; sourceTree = "<group>"; };
		E7443DFC2A85018B00D461E9 /* UIStackView+DSL.swift */ = {isa = PBXFileReference; lastKnownFileType = sourcecode.swift; path = "UIStackView+DSL.swift"; sourceTree = "<group>"; };
		E7AAB61429EFDE770096D3C2 /* TextCell.swift */ = {isa = PBXFileReference; lastKnownFileType = sourcecode.swift; path = TextCell.swift; sourceTree = "<group>"; };
		E7AAB61B29EFE18E0096D3C2 /* FontExtensionViewController.swift */ = {isa = PBXFileReference; lastKnownFileType = sourcecode.swift; path = FontExtensionViewController.swift; sourceTree = "<group>"; };
		E7AAB61D29EFE8650096D3C2 /* StringListViewController.swift */ = {isa = PBXFileReference; lastKnownFileType = sourcecode.swift; path = StringListViewController.swift; sourceTree = "<group>"; };
		E7BC641429A4674100C8C24E /* Demo.app */ = {isa = PBXFileReference; explicitFileType = wrapper.application; includeInIndex = 0; path = Demo.app; sourceTree = BUILT_PRODUCTS_DIR; };
		E7BC641629A4674100C8C24E /* AppDelegate.swift */ = {isa = PBXFileReference; lastKnownFileType = sourcecode.swift; path = AppDelegate.swift; sourceTree = "<group>"; };
		E7BC641829A4674100C8C24E /* SceneDelegate.swift */ = {isa = PBXFileReference; lastKnownFileType = sourcecode.swift; path = SceneDelegate.swift; sourceTree = "<group>"; };
		E7BC641F29A4674200C8C24E /* Assets.xcassets */ = {isa = PBXFileReference; lastKnownFileType = folder.assetcatalog; path = Assets.xcassets; sourceTree = "<group>"; };
		E7BC642229A4674200C8C24E /* Base */ = {isa = PBXFileReference; lastKnownFileType = file.storyboard; name = Base; path = Base.lproj/LaunchScreen.storyboard; sourceTree = "<group>"; };
		E7BC642429A4674200C8C24E /* Info.plist */ = {isa = PBXFileReference; lastKnownFileType = text.plist.xml; path = Info.plist; sourceTree = "<group>"; };
		E7BC642D29A4678F00C8C24E /* MQKit.framework */ = {isa = PBXFileReference; explicitFileType = wrapper.framework; includeInIndex = 0; path = MQKit.framework; sourceTree = BUILT_PRODUCTS_DIR; };
		E7BC643C29A4681C00C8C24E /* CGColor+MQ.swift */ = {isa = PBXFileReference; fileEncoding = 4; lastKnownFileType = sourcecode.swift; path = "CGColor+MQ.swift"; sourceTree = "<group>"; };
		E7BC643E29A4681C00C8C24E /* CGSize+MQ.swift */ = {isa = PBXFileReference; fileEncoding = 4; lastKnownFileType = sourcecode.swift; path = "CGSize+MQ.swift"; sourceTree = "<group>"; };
		E7BC643F29A4681C00C8C24E /* CGSize+Creator.swift */ = {isa = PBXFileReference; fileEncoding = 4; lastKnownFileType = sourcecode.swift; path = "CGSize+Creator.swift"; sourceTree = "<group>"; };
		E7BC644129A4681C00C8C24E /* CGPoint+MQ.swift */ = {isa = PBXFileReference; fileEncoding = 4; lastKnownFileType = sourcecode.swift; path = "CGPoint+MQ.swift"; sourceTree = "<group>"; };
		E7BC644229A4681C00C8C24E /* CGPoint+Creator.swift */ = {isa = PBXFileReference; fileEncoding = 4; lastKnownFileType = sourcecode.swift; path = "CGPoint+Creator.swift"; sourceTree = "<group>"; };
		E7BC644429A4681C00C8C24E /* CGRect+Creator.swift */ = {isa = PBXFileReference; fileEncoding = 4; lastKnownFileType = sourcecode.swift; path = "CGRect+Creator.swift"; sourceTree = "<group>"; };
		E7BC644529A4681C00C8C24E /* CGRect+MQ.swift */ = {isa = PBXFileReference; fileEncoding = 4; lastKnownFileType = sourcecode.swift; path = "CGRect+MQ.swift"; sourceTree = "<group>"; };
		E7BC644729A4681C00C8C24E /* MTLTexture+MQ.swift */ = {isa = PBXFileReference; fileEncoding = 4; lastKnownFileType = sourcecode.swift; path = "MTLTexture+MQ.swift"; sourceTree = "<group>"; };
		E7BC644829A4681C00C8C24E /* MTLClearColor+MQ.swift */ = {isa = PBXFileReference; fileEncoding = 4; lastKnownFileType = sourcecode.swift; path = "MTLClearColor+MQ.swift"; sourceTree = "<group>"; };
		E7BC644B29A4681C00C8C24E /* UIImage+MQ.swift */ = {isa = PBXFileReference; fileEncoding = 4; lastKnownFileType = sourcecode.swift; path = "UIImage+MQ.swift"; sourceTree = "<group>"; };
		E7BC644C29A4681C00C8C24E /* UIImage+MQMetal.swift */ = {isa = PBXFileReference; fileEncoding = 4; lastKnownFileType = sourcecode.swift; path = "UIImage+MQMetal.swift"; sourceTree = "<group>"; };
		E7BC644D29A4681C00C8C24E /* UIImage+Creator.swift */ = {isa = PBXFileReference; fileEncoding = 4; lastKnownFileType = sourcecode.swift; path = "UIImage+Creator.swift"; sourceTree = "<group>"; };
		E7BC644E29A4681C00C8C24E /* UITextField+MQ.swift */ = {isa = PBXFileReference; fileEncoding = 4; lastKnownFileType = sourcecode.swift; path = "UITextField+MQ.swift"; sourceTree = "<group>"; };
		E7BC645029A4681C00C8C24E /* UIColor+Metal.swift */ = {isa = PBXFileReference; fileEncoding = 4; lastKnownFileType = sourcecode.swift; path = "UIColor+Metal.swift"; sourceTree = "<group>"; };
		E7BC645129A4681C00C8C24E /* UIColor+MQ.swift */ = {isa = PBXFileReference; fileEncoding = 4; lastKnownFileType = sourcecode.swift; path = "UIColor+MQ.swift"; sourceTree = "<group>"; };
		E7BC645229A4681C00C8C24E /* UIColor+Creator.swift */ = {isa = PBXFileReference; fileEncoding = 4; lastKnownFileType = sourcecode.swift; path = "UIColor+Creator.swift"; sourceTree = "<group>"; };
		E7BC645429A4681C00C8C24E /* UIView+MQ.swift */ = {isa = PBXFileReference; fileEncoding = 4; lastKnownFileType = sourcecode.swift; path = "UIView+MQ.swift"; sourceTree = "<group>"; };
		E7BC645529A4681C00C8C24E /* UIView+Shortcut.swift */ = {isa = PBXFileReference; fileEncoding = 4; lastKnownFileType = sourcecode.swift; path = "UIView+Shortcut.swift"; sourceTree = "<group>"; };
		E7BC645629A4681C00C8C24E /* UIApplication+MQ.swift */ = {isa = PBXFileReference; fileEncoding = 4; lastKnownFileType = sourcecode.swift; path = "UIApplication+MQ.swift"; sourceTree = "<group>"; };
		E7BC645729A4681C00C8C24E /* NSDiffableDataSourceSnapshot+MQ.swift */ = {isa = PBXFileReference; fileEncoding = 4; lastKnownFileType = sourcecode.swift; path = "NSDiffableDataSourceSnapshot+MQ.swift"; sourceTree = "<group>"; };
		E7BC645829A4681C00C8C24E /* Coordinate+MQ.swift */ = {isa = PBXFileReference; fileEncoding = 4; lastKnownFileType = sourcecode.swift; path = "Coordinate+MQ.swift"; sourceTree = "<group>"; };
		E7BC645A29A4681C00C8C24E /* UIDevice+MQSoftware.swift */ = {isa = PBXFileReference; fileEncoding = 4; lastKnownFileType = sourcecode.swift; path = "UIDevice+MQSoftware.swift"; sourceTree = "<group>"; };
		E7BC645B29A4681C00C8C24E /* UIDevice+MQHardware.swift */ = {isa = PBXFileReference; fileEncoding = 4; lastKnownFileType = sourcecode.swift; path = "UIDevice+MQHardware.swift"; sourceTree = "<group>"; };
		E7BC645D29A4681C00C8C24E /* UICollectionViewLayout+MQ.swift */ = {isa = PBXFileReference; fileEncoding = 4; lastKnownFileType = sourcecode.swift; path = "UICollectionViewLayout+MQ.swift"; sourceTree = "<group>"; };
		E7BC645E29A4681C00C8C24E /* UICollectionViewDiffableDataSource+MQ.swift */ = {isa = PBXFileReference; fileEncoding = 4; lastKnownFileType = sourcecode.swift; path = "UICollectionViewDiffableDataSource+MQ.swift"; sourceTree = "<group>"; };
		E7BC645F29A4681C00C8C24E /* UICollectionViewCompositionalLayout+MQ.swift */ = {isa = PBXFileReference; fileEncoding = 4; lastKnownFileType = sourcecode.swift; path = "UICollectionViewCompositionalLayout+MQ.swift"; sourceTree = "<group>"; };
		E7BC646029A4681C00C8C24E /* UICollectionView+MQ.swift */ = {isa = PBXFileReference; fileEncoding = 4; lastKnownFileType = sourcecode.swift; path = "UICollectionView+MQ.swift"; sourceTree = "<group>"; };
		E7BC646129A4681C00C8C24E /* CGFloat+MQ.swift */ = {isa = PBXFileReference; fileEncoding = 4; lastKnownFileType = sourcecode.swift; path = "CGFloat+MQ.swift"; sourceTree = "<group>"; };
		E7BC646229A4681C00C8C24E /* UIRectEdge+MQ.swift */ = {isa = PBXFileReference; fileEncoding = 4; lastKnownFileType = sourcecode.swift; path = "UIRectEdge+MQ.swift"; sourceTree = "<group>"; };
		E7BC646329A4681C00C8C24E /* NSDirectionalEdgeInsets+MQ.swift */ = {isa = PBXFileReference; fileEncoding = 4; lastKnownFileType = sourcecode.swift; path = "NSDirectionalEdgeInsets+MQ.swift"; sourceTree = "<group>"; };
		E7BC646529A4681C00C8C24E /* NSCollectionLayoutGroup+MQ.swift */ = {isa = PBXFileReference; fileEncoding = 4; lastKnownFileType = sourcecode.swift; path = "NSCollectionLayoutGroup+MQ.swift"; sourceTree = "<group>"; };
		E7BC646629A4681C00C8C24E /* NSCollectionLayoutSize+MQ.swift */ = {isa = PBXFileReference; fileEncoding = 4; lastKnownFileType = sourcecode.swift; path = "NSCollectionLayoutSize+MQ.swift"; sourceTree = "<group>"; };
		E7BC646729A4681C00C8C24E /* NSCollectionLayoutDecorationItem+MQ.swift */ = {isa = PBXFileReference; fileEncoding = 4; lastKnownFileType = sourcecode.swift; path = "NSCollectionLayoutDecorationItem+MQ.swift"; sourceTree = "<group>"; };
		E7BC646829A4681C00C8C24E /* NSCollectionLayoutSection+MQ.swift */ = {isa = PBXFileReference; fileEncoding = 4; lastKnownFileType = sourcecode.swift; path = "NSCollectionLayoutSection+MQ.swift"; sourceTree = "<group>"; };
		E7BC646929A4681C00C8C24E /* NSCollectionLayoutBoundarySupplementaryItem+MQ.swift */ = {isa = PBXFileReference; fileEncoding = 4; lastKnownFileType = sourcecode.swift; path = "NSCollectionLayoutBoundarySupplementaryItem+MQ.swift"; sourceTree = "<group>"; };
		E7BC646A29A4681C00C8C24E /* UIFont+MQ.swift */ = {isa = PBXFileReference; fileEncoding = 4; lastKnownFileType = sourcecode.swift; path = "UIFont+MQ.swift"; sourceTree = "<group>"; };
		E7BC646B29A4681C00C8C24E /* UIEdgeInsets+MQ.swift */ = {isa = PBXFileReference; fileEncoding = 4; lastKnownFileType = sourcecode.swift; path = "UIEdgeInsets+MQ.swift"; sourceTree = "<group>"; };
		E7BC646D29A4681C00C8C24E /* OperationQueue+MQ.swift */ = {isa = PBXFileReference; fileEncoding = 4; lastKnownFileType = sourcecode.swift; path = "OperationQueue+MQ.swift"; sourceTree = "<group>"; };
		E7BC646E29A4681C00C8C24E /* Array+MQ.swift */ = {isa = PBXFileReference; fileEncoding = 4; lastKnownFileType = sourcecode.swift; path = "Array+MQ.swift"; sourceTree = "<group>"; };
		E7BC646F29A4681C00C8C24E /* CharacterSet+MQ.swift */ = {isa = PBXFileReference; fileEncoding = 4; lastKnownFileType = sourcecode.swift; path = "CharacterSet+MQ.swift"; sourceTree = "<group>"; };
		E7BC647029A4681C00C8C24E /* Date+MQ.swift */ = {isa = PBXFileReference; fileEncoding = 4; lastKnownFileType = sourcecode.swift; path = "Date+MQ.swift"; sourceTree = "<group>"; };
		E7BC647129A4681C00C8C24E /* NSRegularExpression+MQ.swift */ = {isa = PBXFileReference; fileEncoding = 4; lastKnownFileType = sourcecode.swift; path = "NSRegularExpression+MQ.swift"; sourceTree = "<group>"; };
		E7BC647329A4681C00C8C24E /* FixedWidthInteger+MQ.swift */ = {isa = PBXFileReference; fileEncoding = 4; lastKnownFileType = sourcecode.swift; path = "FixedWidthInteger+MQ.swift"; sourceTree = "<group>"; };
		E7BC647429A4681C00C8C24E /* Decimal+MQ.swift */ = {isa = PBXFileReference; fileEncoding = 4; lastKnownFileType = sourcecode.swift; path = "Decimal+MQ.swift"; sourceTree = "<group>"; };
		E7BC647529A4681C00C8C24E /* Pow+MQ.swift */ = {isa = PBXFileReference; fileEncoding = 4; lastKnownFileType = sourcecode.swift; path = "Pow+MQ.swift"; sourceTree = "<group>"; };
		E7BC647729A4681C00C8C24E /* Substring+Subscript.swift */ = {isa = PBXFileReference; fileEncoding = 4; lastKnownFileType = sourcecode.swift; path = "Substring+Subscript.swift"; sourceTree = "<group>"; };
		E7BC647829A4681C00C8C24E /* Substring+MQ.swift */ = {isa = PBXFileReference; fileEncoding = 4; lastKnownFileType = sourcecode.swift; path = "Substring+MQ.swift"; sourceTree = "<group>"; };
		E7BC647929A4681C00C8C24E /* Task+MQ.swift */ = {isa = PBXFileReference; fileEncoding = 4; lastKnownFileType = sourcecode.swift; path = "Task+MQ.swift"; sourceTree = "<group>"; };
		E7BC647B29A4681C00C8C24E /* CFStringEncodings+MQCode.swift */ = {isa = PBXFileReference; fileEncoding = 4; lastKnownFileType = sourcecode.swift; path = "CFStringEncodings+MQCode.swift"; sourceTree = "<group>"; };
		E7BC647C29A4681C00C8C24E /* CFStringEncodings+MQList.swift */ = {isa = PBXFileReference; fileEncoding = 4; lastKnownFileType = sourcecode.swift; path = "CFStringEncodings+MQList.swift"; sourceTree = "<group>"; };
		E7BC647D29A4681C00C8C24E /* StringEncoding+MQWindows.swift */ = {isa = PBXFileReference; fileEncoding = 4; lastKnownFileType = sourcecode.swift; path = "StringEncoding+MQWindows.swift"; sourceTree = "<group>"; };
		E7BC647E29A4681C00C8C24E /* StringEncoding+MQIso.swift */ = {isa = PBXFileReference; fileEncoding = 4; lastKnownFileType = sourcecode.swift; path = "StringEncoding+MQIso.swift"; sourceTree = "<group>"; };
		E7BC647F29A4681C00C8C24E /* StringEncoding+MQCode.swift */ = {isa = PBXFileReference; fileEncoding = 4; lastKnownFileType = sourcecode.swift; path = "StringEncoding+MQCode.swift"; sourceTree = "<group>"; };
		E7BC648029A4681C00C8C24E /* StringEncoding+MQList.swift */ = {isa = PBXFileReference; fileEncoding = 4; lastKnownFileType = sourcecode.swift; path = "StringEncoding+MQList.swift"; sourceTree = "<group>"; };
		E7BC648129A4681C00C8C24E /* StringEncoding+MQMac.swift */ = {isa = PBXFileReference; fileEncoding = 4; lastKnownFileType = sourcecode.swift; path = "StringEncoding+MQMac.swift"; sourceTree = "<group>"; };
		E7BC648229A4681C00C8C24E /* StringEncoding+MQEuc.swift */ = {isa = PBXFileReference; fileEncoding = 4; lastKnownFileType = sourcecode.swift; path = "StringEncoding+MQEuc.swift"; sourceTree = "<group>"; };
		E7BC648329A4681C00C8C24E /* StringEncoding+MQDoc.swift */ = {isa = PBXFileReference; fileEncoding = 4; lastKnownFileType = sourcecode.swift; path = "StringEncoding+MQDoc.swift"; sourceTree = "<group>"; };
		E7BC648429A4681C00C8C24E /* UInt8+MQ.swift */ = {isa = PBXFileReference; fileEncoding = 4; lastKnownFileType = sourcecode.swift; path = "UInt8+MQ.swift"; sourceTree = "<group>"; };
		E7BC648529A4681C00C8C24E /* RangeExpression+MQ.swift */ = {isa = PBXFileReference; fileEncoding = 4; lastKnownFileType = sourcecode.swift; path = "RangeExpression+MQ.swift"; sourceTree = "<group>"; };
		E7BC648729A4681C00C8C24E /* String+MQRegularExpression.swift */ = {isa = PBXFileReference; fileEncoding = 4; lastKnownFileType = sourcecode.swift; path = "String+MQRegularExpression.swift"; sourceTree = "<group>"; };
		E7BC648829A4681C00C8C24E /* String+MQPath.swift */ = {isa = PBXFileReference; fileEncoding = 4; lastKnownFileType = sourcecode.swift; path = "String+MQPath.swift"; sourceTree = "<group>"; };
		E7BC648929A4681C00C8C24E /* String+MQCode.swift */ = {isa = PBXFileReference; fileEncoding = 4; lastKnownFileType = sourcecode.swift; path = "String+MQCode.swift"; sourceTree = "<group>"; };
		E7BC648A29A4681C00C8C24E /* String+Subscript.swift */ = {isa = PBXFileReference; fileEncoding = 4; lastKnownFileType = sourcecode.swift; path = "String+Subscript.swift"; sourceTree = "<group>"; };
		E7BC648B29A4681C00C8C24E /* String+MQSize.swift */ = {isa = PBXFileReference; fileEncoding = 4; lastKnownFileType = sourcecode.swift; path = "String+MQSize.swift"; sourceTree = "<group>"; };
		E7BC648C29A4681C00C8C24E /* String+MQ.swift */ = {isa = PBXFileReference; fileEncoding = 4; lastKnownFileType = sourcecode.swift; path = "String+MQ.swift"; sourceTree = "<group>"; };
		E7BC648D29A4681C00C8C24E /* String+MQMark.swift */ = {isa = PBXFileReference; fileEncoding = 4; lastKnownFileType = sourcecode.swift; path = "String+MQMark.swift"; sourceTree = "<group>"; };
		E7BC648E29A4681C00C8C24E /* String+MQChar.swift */ = {isa = PBXFileReference; fileEncoding = 4; lastKnownFileType = sourcecode.swift; path = "String+MQChar.swift"; sourceTree = "<group>"; };
		E7BC648F29A4681C00C8C24E /* Dictionary+MQ.swift */ = {isa = PBXFileReference; fileEncoding = 4; lastKnownFileType = sourcecode.swift; path = "Dictionary+MQ.swift"; sourceTree = "<group>"; };
		E7BC649029A4681C00C8C24E /* Bundle+MQ.swift */ = {isa = PBXFileReference; fileEncoding = 4; lastKnownFileType = sourcecode.swift; path = "Bundle+MQ.swift"; sourceTree = "<group>"; };
		E7BC649229A4681C00C8C24E /* Data+Hex.swift */ = {isa = PBXFileReference; fileEncoding = 4; lastKnownFileType = sourcecode.swift; path = "Data+Hex.swift"; sourceTree = "<group>"; };
		E7BC649329A4681C00C8C24E /* URL+MQ.swift */ = {isa = PBXFileReference; fileEncoding = 4; lastKnownFileType = sourcecode.swift; path = "URL+MQ.swift"; sourceTree = "<group>"; };
		E7BC649429A4681C00C8C24E /* NSMutableAttributedString+MQ.swift */ = {isa = PBXFileReference; fileEncoding = 4; lastKnownFileType = sourcecode.swift; path = "NSMutableAttributedString+MQ.swift"; sourceTree = "<group>"; };
		E7BC64DE29A4684A00C8C24E /* NSAttributedStringDocumentReadingOptionKey+DSL.swift */ = {isa = PBXFileReference; fileEncoding = 4; lastKnownFileType = sourcecode.swift; path = "NSAttributedStringDocumentReadingOptionKey+DSL.swift"; sourceTree = "<group>"; };
		E7BC64DF29A4684A00C8C24E /* UIButton+DSL.swift */ = {isa = PBXFileReference; fileEncoding = 4; lastKnownFileType = sourcecode.swift; path = "UIButton+DSL.swift"; sourceTree = "<group>"; };
		E7BC64E029A4684A00C8C24E /* UIScrollView+DSL.swift */ = {isa = PBXFileReference; fileEncoding = 4; lastKnownFileType = sourcecode.swift; path = "UIScrollView+DSL.swift"; sourceTree = "<group>"; };
		E7BC64E129A4684A00C8C24E /* UIVIew+DSL.swift */ = {isa = PBXFileReference; fileEncoding = 4; lastKnownFileType = sourcecode.swift; path = "UIVIew+DSL.swift"; sourceTree = "<group>"; };
		E7BC64E229A4684A00C8C24E /* CAShapeLayer+DSL.swift */ = {isa = PBXFileReference; fileEncoding = 4; lastKnownFileType = sourcecode.swift; path = "CAShapeLayer+DSL.swift"; sourceTree = "<group>"; };
		E7BC64E329A4684A00C8C24E /* UICollectionView+DSL.swift */ = {isa = PBXFileReference; fileEncoding = 4; lastKnownFileType = sourcecode.swift; path = "UICollectionView+DSL.swift"; sourceTree = "<group>"; };
		E7BC64E429A4684A00C8C24E /* CALayer+DSL.swift */ = {isa = PBXFileReference; fileEncoding = 4; lastKnownFileType = sourcecode.swift; path = "CALayer+DSL.swift"; sourceTree = "<group>"; };
		E7BC64E529A4684A00C8C24E /* UILabel+DSL.swift */ = {isa = PBXFileReference; fileEncoding = 4; lastKnownFileType = sourcecode.swift; path = "UILabel+DSL.swift"; sourceTree = "<group>"; };
		E7BC64E629A4684A00C8C24E /* NSAttributedStringKey+DSL.swift */ = {isa = PBXFileReference; fileEncoding = 4; lastKnownFileType = sourcecode.swift; path = "NSAttributedStringKey+DSL.swift"; sourceTree = "<group>"; };
		E7BC64E729A4684A00C8C24E /* DSL.swift */ = {isa = PBXFileReference; fileEncoding = 4; lastKnownFileType = sourcecode.swift; path = DSL.swift; sourceTree = "<group>"; };
		E7BC64F429A4698800C8C24E /* ThirdScheme+QQ.swift */ = {isa = PBXFileReference; fileEncoding = 4; lastKnownFileType = sourcecode.swift; path = "ThirdScheme+QQ.swift"; sourceTree = "<group>"; };
		E7BC64F529A4698800C8C24E /* ThirdScheme+WeChat.swift */ = {isa = PBXFileReference; fileEncoding = 4; lastKnownFileType = sourcecode.swift; path = "ThirdScheme+WeChat.swift"; sourceTree = "<group>"; };
		E7BC64F629A4698800C8C24E /* ThirdScheme.swift */ = {isa = PBXFileReference; fileEncoding = 4; lastKnownFileType = sourcecode.swift; path = ThirdScheme.swift; sourceTree = "<group>"; };
		E7BC64FB29A4699000C8C24E /* MQCrypto+CC.swift */ = {isa = PBXFileReference; fileEncoding = 4; lastKnownFileType = sourcecode.swift; path = "MQCrypto+CC.swift"; sourceTree = "<group>"; };
		E7BC64FD29A4699000C8C24E /* Hash+MD5.swift */ = {isa = PBXFileReference; fileEncoding = 4; lastKnownFileType = sourcecode.swift; path = "Hash+MD5.swift"; sourceTree = "<group>"; };
		E7BC64FE29A4699000C8C24E /* Hash+SHA256.swift */ = {isa = PBXFileReference; fileEncoding = 4; lastKnownFileType = sourcecode.swift; path = "Hash+SHA256.swift"; sourceTree = "<group>"; };
		E7BC650029A4699000C8C24E /* RSA.swift */ = {isa = PBXFileReference; fileEncoding = 4; lastKnownFileType = sourcecode.swift; path = RSA.swift; sourceTree = "<group>"; };
		E7BC650129A4699000C8C24E /* RSA+Raw.swift */ = {isa = PBXFileReference; fileEncoding = 4; lastKnownFileType = sourcecode.swift; path = "RSA+Raw.swift"; sourceTree = "<group>"; };
		E7BC650229A4699000C8C24E /* RSA+PKCS1.swift */ = {isa = PBXFileReference; fileEncoding = 4; lastKnownFileType = sourcecode.swift; path = "RSA+PKCS1.swift"; sourceTree = "<group>"; };
		E7BC650329A4699000C8C24E /* MQCrypto+Padding.swift */ = {isa = PBXFileReference; fileEncoding = 4; lastKnownFileType = sourcecode.swift; path = "MQCrypto+Padding.swift"; sourceTree = "<group>"; };
		E7BC650429A4699000C8C24E /* MQCrypto.swift */ = {isa = PBXFileReference; fileEncoding = 4; lastKnownFileType = sourcecode.swift; path = MQCrypto.swift; sourceTree = "<group>"; };
		E7BC650629A4699000C8C24E /* AES.swift */ = {isa = PBXFileReference; fileEncoding = 4; lastKnownFileType = sourcecode.swift; path = AES.swift; sourceTree = "<group>"; };
		E7BC650729A4699000C8C24E /* AES+GCM.swift */ = {isa = PBXFileReference; fileEncoding = 4; lastKnownFileType = sourcecode.swift; path = "AES+GCM.swift"; sourceTree = "<group>"; };
		E7BC650829A4699000C8C24E /* AES+CBC.swift */ = {isa = PBXFileReference; fileEncoding = 4; lastKnownFileType = sourcecode.swift; path = "AES+CBC.swift"; sourceTree = "<group>"; };
		E7BC651529A4699E00C8C24E /* MQTaptic.swift */ = {isa = PBXFileReference; fileEncoding = 4; lastKnownFileType = sourcecode.swift; path = MQTaptic.swift; sourceTree = "<group>"; };
		E7BC651729A4699E00C8C24E /* MQKeychain.swift */ = {isa = PBXFileReference; fileEncoding = 4; lastKnownFileType = sourcecode.swift; path = MQKeychain.swift; sourceTree = "<group>"; };
		E7BC651B29A469A400C8C24E /* Channel.swift */ = {isa = PBXFileReference; fileEncoding = 4; lastKnownFileType = sourcecode.swift; path = Channel.swift; sourceTree = "<group>"; };
		E7BC651C29A469A400C8C24E /* Semaphore.swift */ = {isa = PBXFileReference; fileEncoding = 4; lastKnownFileType = sourcecode.swift; path = Semaphore.swift; sourceTree = "<group>"; };
		E7BC651D29A469A400C8C24E /* Mutex.swift */ = {isa = PBXFileReference; fileEncoding = 4; lastKnownFileType = sourcecode.swift; path = Mutex.swift; sourceTree = "<group>"; };
		E7BC651E29A469A400C8C24E /* Atomic.swift */ = {isa = PBXFileReference; fileEncoding = 4; lastKnownFileType = sourcecode.swift; path = Atomic.swift; sourceTree = "<group>"; };
		E7BC651F29A469A400C8C24E /* Actor.swift */ = {isa = PBXFileReference; fileEncoding = 4; lastKnownFileType = sourcecode.swift; path = Actor.swift; sourceTree = "<group>"; };
		E7BC652629A469B300C8C24E /* MQHorizontalPagingView.swift */ = {isa = PBXFileReference; fileEncoding = 4; lastKnownFileType = sourcecode.swift; path = MQHorizontalPagingView.swift; sourceTree = "<group>"; };
		E7BC652929A469BC00C8C24E /* MQTextField.swift */ = {isa = PBXFileReference; fileEncoding = 4; lastKnownFileType = sourcecode.swift; path = MQTextField.swift; sourceTree = "<group>"; };
		E7BC652B29A469BC00C8C24E /* MQTextView.swift */ = {isa = PBXFileReference; fileEncoding = 4; lastKnownFileType = sourcecode.swift; path = MQTextView.swift; sourceTree = "<group>"; };
		E7BC652E29A469F800C8C24E /* MQCollectionView.swift */ = {isa = PBXFileReference; fileEncoding = 4; lastKnownFileType = sourcecode.swift; path = MQCollectionView.swift; sourceTree = "<group>"; };
		E7BC653029A46C8D00C8C24E /* SceneDelegate+UI.swift */ = {isa = PBXFileReference; lastKnownFileType = sourcecode.swift; path = "SceneDelegate+UI.swift"; sourceTree = "<group>"; };
		E7BC653429A472EC00C8C24E /* ComponentHomeViewController.swift */ = {isa = PBXFileReference; lastKnownFileType = sourcecode.swift; path = ComponentHomeViewController.swift; sourceTree = "<group>"; };
		E7FED9CC2A821A2A004ADF0D /* UITextView+DSL.swift */ = {isa = PBXFileReference; lastKnownFileType = sourcecode.swift; path = "UITextView+DSL.swift"; sourceTree = "<group>"; };
/* End PBXFileReference section */

/* Begin PBXFrameworksBuildPhase section */
		E7BC641129A4674100C8C24E /* Frameworks */ = {
			isa = PBXFrameworksBuildPhase;
			buildActionMask = 2147483647;
			files = (
				E7BC643329A4678F00C8C24E /* MQKit.framework in Frameworks */,
				E73157D729A774F900923A3B /* SnapKit in Frameworks */,
			);
			runOnlyForDeploymentPostprocessing = 0;
		};
		E7BC642A29A4678F00C8C24E /* Frameworks */ = {
			isa = PBXFrameworksBuildPhase;
			buildActionMask = 2147483647;
			files = (
			);
			runOnlyForDeploymentPostprocessing = 0;
		};
/* End PBXFrameworksBuildPhase section */

/* Begin PBXGroup section */
		E7005B4129A34238009C4D03 = {
			isa = PBXGroup;
			children = (
				E7BC641529A4674100C8C24E /* Demo */,
				E7BC642E29A4678F00C8C24E /* MQKit */,
				E7005B4B29A34238009C4D03 /* Products */,
				E73157D529A774F900923A3B /* Frameworks */,
			);
			sourceTree = "<group>";
		};
		E7005B4B29A34238009C4D03 /* Products */ = {
			isa = PBXGroup;
			children = (
				E7BC641429A4674100C8C24E /* Demo.app */,
				E7BC642D29A4678F00C8C24E /* MQKit.framework */,
			);
			name = Products;
			sourceTree = "<group>";
		};
		E73157CF29A6FF7500923A3B /* ExtensionHome */ = {
			isa = PBXGroup;
			children = (
				E73157D129A7008700923A3B /* ExtensionHomeViewController.swift */,
			);
			path = ExtensionHome;
			sourceTree = "<group>";
		};
		E73157D029A6FF7E00923A3B /* UtilHome */ = {
			isa = PBXGroup;
			children = (
				E73157D329A7009400923A3B /* UtilHomeViewController.swift */,
			);
			path = UtilHome;
			sourceTree = "<group>";
		};
		E73157D529A774F900923A3B /* Frameworks */ = {
			isa = PBXGroup;
			children = (
			);
			name = Frameworks;
			sourceTree = "<group>";
		};
		E7AAB61129EFBB130096D3C2 /* Resource */ = {
			isa = PBXGroup;
			children = (
			);
			path = Resource;
			sourceTree = "<group>";
		};
		E7AAB61329EFD43B0096D3C2 /* Util */ = {
			isa = PBXGroup;
			children = (
				E7AAB61429EFDE770096D3C2 /* TextCell.swift */,
				E7AAB61D29EFE8650096D3C2 /* StringListViewController.swift */,
			);
			path = Util;
			sourceTree = "<group>";
		};
		E7AAB61729EFE12F0096D3C2 /* Home */ = {
			isa = PBXGroup;
			children = (
				E7BC653329A4721800C8C24E /* ComponentHome */,
				E73157CF29A6FF7500923A3B /* ExtensionHome */,
				E73157D029A6FF7E00923A3B /* UtilHome */,
			);
			path = Home;
			sourceTree = "<group>";
		};
		E7AAB61829EFE1390096D3C2 /* Extension */ = {
			isa = PBXGroup;
			children = (
				E7AAB61B29EFE18E0096D3C2 /* FontExtensionViewController.swift */,
			);
			path = Extension;
			sourceTree = "<group>";
		};
		E7BC641529A4674100C8C24E /* Demo */ = {
			isa = PBXGroup;
			children = (
				E7AAB61329EFD43B0096D3C2 /* Util */,
				E7AAB61129EFBB130096D3C2 /* Resource */,
				E7BC653229A471FD00C8C24E /* App */,
				E7BC641629A4674100C8C24E /* AppDelegate.swift */,
				E7BC641829A4674100C8C24E /* SceneDelegate.swift */,
				E7BC653029A46C8D00C8C24E /* SceneDelegate+UI.swift */,
				E7BC641F29A4674200C8C24E /* Assets.xcassets */,
				E7BC642129A4674200C8C24E /* LaunchScreen.storyboard */,
				E7BC642429A4674200C8C24E /* Info.plist */,
			);
			path = Demo;
			sourceTree = "<group>";
		};
		E7BC642E29A4678F00C8C24E /* MQKit */ = {
			isa = PBXGroup;
			children = (
				E7BC64F229A4686100C8C24E /* Component */,
				E7BC643A29A4681C00C8C24E /* Extension */,
				E7BC643929A467E800C8C24E /* Util */,
			);
			path = MQKit;
			sourceTree = "<group>";
		};
		E7BC643929A467E800C8C24E /* Util */ = {
			isa = PBXGroup;
			children = (
				E7BC64FA29A4699000C8C24E /* Crypto */,
				E7BC64DD29A4684A00C8C24E /* DSL */,
				E7BC651629A4699E00C8C24E /* MQKeychain */,
				E7BC651429A4699E00C8C24E /* MQTaptic */,
				E7BC651A29A469A400C8C24E /* Sync */,
				E7BC64F329A4698800C8C24E /* ThirdScheme */,
			);
			path = Util;
			sourceTree = "<group>";
		};
		E7BC643A29A4681C00C8C24E /* Extension */ = {
			isa = PBXGroup;
			children = (
				E7BC643B29A4681C00C8C24E /* CoreGraphics */,
				E7BC646C29A4681C00C8C24E /* Foundation */,
				E7BC644629A4681C00C8C24E /* Metal */,
				E7BC644929A4681C00C8C24E /* UIKit */,
			);
			path = Extension;
			sourceTree = "<group>";
		};
		E7BC643B29A4681C00C8C24E /* CoreGraphics */ = {
			isa = PBXGroup;
			children = (
				E7BC643C29A4681C00C8C24E /* CGColor+MQ.swift */,
				E7BC644029A4681C00C8C24E /* CGPoint */,
				E7BC644329A4681C00C8C24E /* CGRect */,
				E7BC643D29A4681C00C8C24E /* CGSize */,
			);
			path = CoreGraphics;
			sourceTree = "<group>";
		};
		E7BC643D29A4681C00C8C24E /* CGSize */ = {
			isa = PBXGroup;
			children = (
				E7BC643E29A4681C00C8C24E /* CGSize+MQ.swift */,
				E7BC643F29A4681C00C8C24E /* CGSize+Creator.swift */,
			);
			path = CGSize;
			sourceTree = "<group>";
		};
		E7BC644029A4681C00C8C24E /* CGPoint */ = {
			isa = PBXGroup;
			children = (
				E7BC644129A4681C00C8C24E /* CGPoint+MQ.swift */,
				E7BC644229A4681C00C8C24E /* CGPoint+Creator.swift */,
			);
			path = CGPoint;
			sourceTree = "<group>";
		};
		E7BC644329A4681C00C8C24E /* CGRect */ = {
			isa = PBXGroup;
			children = (
				E7BC644429A4681C00C8C24E /* CGRect+Creator.swift */,
				E7BC644529A4681C00C8C24E /* CGRect+MQ.swift */,
			);
			path = CGRect;
			sourceTree = "<group>";
		};
		E7BC644629A4681C00C8C24E /* Metal */ = {
			isa = PBXGroup;
			children = (
				E7BC644729A4681C00C8C24E /* MTLTexture+MQ.swift */,
				E7BC644829A4681C00C8C24E /* MTLClearColor+MQ.swift */,
			);
			path = Metal;
			sourceTree = "<group>";
		};
		E7BC644929A4681C00C8C24E /* UIKit */ = {
			isa = PBXGroup;
			children = (
				E7BC646129A4681C00C8C24E /* CGFloat+MQ.swift */,
				E7BC645829A4681C00C8C24E /* Coordinate+MQ.swift */,
				E7BC646429A4681C00C8C24E /* NSCollectionLayout */,
				E7BC645729A4681C00C8C24E /* NSDiffableDataSourceSnapshot+MQ.swift */,
				E7BC646329A4681C00C8C24E /* NSDirectionalEdgeInsets+MQ.swift */,
				E7BC645629A4681C00C8C24E /* UIApplication+MQ.swift */,
				E7BC645C29A4681C00C8C24E /* UICollectionView */,
				E7BC644F29A4681C00C8C24E /* UIColor */,
				E7BC645929A4681C00C8C24E /* UIDevice */,
				E7BC646B29A4681C00C8C24E /* UIEdgeInsets+MQ.swift */,
				E7BC646A29A4681C00C8C24E /* UIFont+MQ.swift */,
				E7BC644A29A4681C00C8C24E /* UIImage */,
				E7BC646229A4681C00C8C24E /* UIRectEdge+MQ.swift */,
				E7BC644E29A4681C00C8C24E /* UITextField+MQ.swift */,
				E7BC645329A4681C00C8C24E /* UIView */,
			);
			path = UIKit;
			sourceTree = "<group>";
		};
		E7BC644A29A4681C00C8C24E /* UIImage */ = {
			isa = PBXGroup;
			children = (
				E7BC644B29A4681C00C8C24E /* UIImage+MQ.swift */,
				E7BC644C29A4681C00C8C24E /* UIImage+MQMetal.swift */,
				E7BC644D29A4681C00C8C24E /* UIImage+Creator.swift */,
			);
			path = UIImage;
			sourceTree = "<group>";
		};
		E7BC644F29A4681C00C8C24E /* UIColor */ = {
			isa = PBXGroup;
			children = (
				E7BC645029A4681C00C8C24E /* UIColor+Metal.swift */,
				E7BC645129A4681C00C8C24E /* UIColor+MQ.swift */,
				E7BC645229A4681C00C8C24E /* UIColor+Creator.swift */,
			);
			path = UIColor;
			sourceTree = "<group>";
		};
		E7BC645329A4681C00C8C24E /* UIView */ = {
			isa = PBXGroup;
			children = (
				E7BC645429A4681C00C8C24E /* UIView+MQ.swift */,
				E7BC645529A4681C00C8C24E /* UIView+Shortcut.swift */,
			);
			path = UIView;
			sourceTree = "<group>";
		};
		E7BC645929A4681C00C8C24E /* UIDevice */ = {
			isa = PBXGroup;
			children = (
				E7BC645A29A4681C00C8C24E /* UIDevice+MQSoftware.swift */,
				E7BC645B29A4681C00C8C24E /* UIDevice+MQHardware.swift */,
			);
			path = UIDevice;
			sourceTree = "<group>";
		};
		E7BC645C29A4681C00C8C24E /* UICollectionView */ = {
			isa = PBXGroup;
			children = (
				E7BC645D29A4681C00C8C24E /* UICollectionViewLayout+MQ.swift */,
				E7BC645E29A4681C00C8C24E /* UICollectionViewDiffableDataSource+MQ.swift */,
				E7BC645F29A4681C00C8C24E /* UICollectionViewCompositionalLayout+MQ.swift */,
				E7BC646029A4681C00C8C24E /* UICollectionView+MQ.swift */,
			);
			path = UICollectionView;
			sourceTree = "<group>";
		};
		E7BC646429A4681C00C8C24E /* NSCollectionLayout */ = {
			isa = PBXGroup;
			children = (
				E7BC646529A4681C00C8C24E /* NSCollectionLayoutGroup+MQ.swift */,
				E7BC646629A4681C00C8C24E /* NSCollectionLayoutSize+MQ.swift */,
				E7BC646729A4681C00C8C24E /* NSCollectionLayoutDecorationItem+MQ.swift */,
				E7BC646829A4681C00C8C24E /* NSCollectionLayoutSection+MQ.swift */,
				E7BC646929A4681C00C8C24E /* NSCollectionLayoutBoundarySupplementaryItem+MQ.swift */,
			);
			path = NSCollectionLayout;
			sourceTree = "<group>";
		};
		E7BC646C29A4681C00C8C24E /* Foundation */ = {
			isa = PBXGroup;
			children = (
				E7BC646E29A4681C00C8C24E /* Array+MQ.swift */,
				E7BC649029A4681C00C8C24E /* Bundle+MQ.swift */,
				E7BC646F29A4681C00C8C24E /* CharacterSet+MQ.swift */,
				E7BC649129A4681C00C8C24E /* Data */,
				E7BC647029A4681C00C8C24E /* Date+MQ.swift */,
				E7BC648F29A4681C00C8C24E /* Dictionary+MQ.swift */,
				E7BC649429A4681C00C8C24E /* NSMutableAttributedString+MQ.swift */,
				E7BC647129A4681C00C8C24E /* NSRegularExpression+MQ.swift */,
				E7BC647229A4681C00C8C24E /* Number */,
				E7BC646D29A4681C00C8C24E /* OperationQueue+MQ.swift */,
				E7BC648529A4681C00C8C24E /* RangeExpression+MQ.swift */,
				E7BC648629A4681C00C8C24E /* String */,
				E7BC647A29A4681C00C8C24E /* StringEncoding */,
				E7BC647629A4681C00C8C24E /* Substring */,
				E7BC647929A4681C00C8C24E /* Task+MQ.swift */,
				E7BC648429A4681C00C8C24E /* UInt8+MQ.swift */,
				E7BC649329A4681C00C8C24E /* URL+MQ.swift */,
			);
			path = Foundation;
			sourceTree = "<group>";
		};
		E7BC647229A4681C00C8C24E /* Number */ = {
			isa = PBXGroup;
			children = (
				E7BC647329A4681C00C8C24E /* FixedWidthInteger+MQ.swift */,
				E7BC647429A4681C00C8C24E /* Decimal+MQ.swift */,
				E7BC647529A4681C00C8C24E /* Pow+MQ.swift */,
			);
			path = Number;
			sourceTree = "<group>";
		};
		E7BC647629A4681C00C8C24E /* Substring */ = {
			isa = PBXGroup;
			children = (
				E7BC647729A4681C00C8C24E /* Substring+Subscript.swift */,
				E7BC647829A4681C00C8C24E /* Substring+MQ.swift */,
			);
			path = Substring;
			sourceTree = "<group>";
		};
		E7BC647A29A4681C00C8C24E /* StringEncoding */ = {
			isa = PBXGroup;
			children = (
				E7BC647B29A4681C00C8C24E /* CFStringEncodings+MQCode.swift */,
				E7BC647C29A4681C00C8C24E /* CFStringEncodings+MQList.swift */,
				E7BC647D29A4681C00C8C24E /* StringEncoding+MQWindows.swift */,
				E7BC647E29A4681C00C8C24E /* StringEncoding+MQIso.swift */,
				E7BC647F29A4681C00C8C24E /* StringEncoding+MQCode.swift */,
				E7BC648029A4681C00C8C24E /* StringEncoding+MQList.swift */,
				E7BC648129A4681C00C8C24E /* StringEncoding+MQMac.swift */,
				E7BC648229A4681C00C8C24E /* StringEncoding+MQEuc.swift */,
				E7BC648329A4681C00C8C24E /* StringEncoding+MQDoc.swift */,
			);
			path = StringEncoding;
			sourceTree = "<group>";
		};
		E7BC648629A4681C00C8C24E /* String */ = {
			isa = PBXGroup;
			children = (
				E7BC648729A4681C00C8C24E /* String+MQRegularExpression.swift */,
				E7BC648829A4681C00C8C24E /* String+MQPath.swift */,
				E7BC648929A4681C00C8C24E /* String+MQCode.swift */,
				E7BC648A29A4681C00C8C24E /* String+Subscript.swift */,
				E7BC648B29A4681C00C8C24E /* String+MQSize.swift */,
				E7BC648C29A4681C00C8C24E /* String+MQ.swift */,
				E7BC648D29A4681C00C8C24E /* String+MQMark.swift */,
				E7BC648E29A4681C00C8C24E /* String+MQChar.swift */,
			);
			path = String;
			sourceTree = "<group>";
		};
		E7BC649129A4681C00C8C24E /* Data */ = {
			isa = PBXGroup;
			children = (
				E7BC649229A4681C00C8C24E /* Data+Hex.swift */,
			);
			path = Data;
			sourceTree = "<group>";
		};
		E7BC64DD29A4684A00C8C24E /* DSL */ = {
			isa = PBXGroup;
			children = (
				E7BC64DE29A4684A00C8C24E /* NSAttributedStringDocumentReadingOptionKey+DSL.swift */,
				E7BC64DF29A4684A00C8C24E /* UIButton+DSL.swift */,
				E7BC64E029A4684A00C8C24E /* UIScrollView+DSL.swift */,
				E7BC64E129A4684A00C8C24E /* UIVIew+DSL.swift */,
				E73EA3082A67C5FF000EF68F /* UITextField+DSL.swift */,
				E7FED9CC2A821A2A004ADF0D /* UITextView+DSL.swift */,
				E7BC64E229A4684A00C8C24E /* CAShapeLayer+DSL.swift */,
				E7BC64E329A4684A00C8C24E /* UICollectionView+DSL.swift */,
				E7BC64E429A4684A00C8C24E /* CALayer+DSL.swift */,
				E7BC64E529A4684A00C8C24E /* UILabel+DSL.swift */,
				E7BC64E629A4684A00C8C24E /* NSAttributedStringKey+DSL.swift */,
				E7BC64E729A4684A00C8C24E /* DSL.swift */,
				E7443DFC2A85018B00D461E9 /* UIStackView+DSL.swift */,
			);
			path = DSL;
			sourceTree = "<group>";
		};
		E7BC64F229A4686100C8C24E /* Component */ = {
			isa = PBXGroup;
			children = (
				E7BC652E29A469F800C8C24E /* MQCollectionView.swift */,
				E7BC652529A469B300C8C24E /* MQHorizontalPagingView */,
				E7BC652829A469BC00C8C24E /* MQTextField */,
				E7BC652A29A469BC00C8C24E /* MQTextView */,
			);
			path = Component;
			sourceTree = "<group>";
		};
		E7BC64F329A4698800C8C24E /* ThirdScheme */ = {
			isa = PBXGroup;
			children = (
				E7BC64F429A4698800C8C24E /* ThirdScheme+QQ.swift */,
				E7BC64F529A4698800C8C24E /* ThirdScheme+WeChat.swift */,
				E7BC64F629A4698800C8C24E /* ThirdScheme.swift */,
			);
			path = ThirdScheme;
			sourceTree = "<group>";
		};
		E7BC64FA29A4699000C8C24E /* Crypto */ = {
			isa = PBXGroup;
			children = (
				E7BC64FB29A4699000C8C24E /* MQCrypto+CC.swift */,
				E7BC64FC29A4699000C8C24E /* Hash */,
				E7BC64FF29A4699000C8C24E /* RSA */,
				E7BC650329A4699000C8C24E /* MQCrypto+Padding.swift */,
				E7BC650429A4699000C8C24E /* MQCrypto.swift */,
				E7BC650529A4699000C8C24E /* AES */,
			);
			path = Crypto;
			sourceTree = "<group>";
		};
		E7BC64FC29A4699000C8C24E /* Hash */ = {
			isa = PBXGroup;
			children = (
				E7BC64FD29A4699000C8C24E /* Hash+MD5.swift */,
				E7BC64FE29A4699000C8C24E /* Hash+SHA256.swift */,
			);
			path = Hash;
			sourceTree = "<group>";
		};
		E7BC64FF29A4699000C8C24E /* RSA */ = {
			isa = PBXGroup;
			children = (
				E7BC650029A4699000C8C24E /* RSA.swift */,
				E7BC650129A4699000C8C24E /* RSA+Raw.swift */,
				E7BC650229A4699000C8C24E /* RSA+PKCS1.swift */,
			);
			path = RSA;
			sourceTree = "<group>";
		};
		E7BC650529A4699000C8C24E /* AES */ = {
			isa = PBXGroup;
			children = (
				E7BC650629A4699000C8C24E /* AES.swift */,
				E7BC650729A4699000C8C24E /* AES+GCM.swift */,
				E7BC650829A4699000C8C24E /* AES+CBC.swift */,
			);
			path = AES;
			sourceTree = "<group>";
		};
		E7BC651429A4699E00C8C24E /* MQTaptic */ = {
			isa = PBXGroup;
			children = (
				E7BC651529A4699E00C8C24E /* MQTaptic.swift */,
			);
			path = MQTaptic;
			sourceTree = "<group>";
		};
		E7BC651629A4699E00C8C24E /* MQKeychain */ = {
			isa = PBXGroup;
			children = (
				E7BC651729A4699E00C8C24E /* MQKeychain.swift */,
			);
			path = MQKeychain;
			sourceTree = "<group>";
		};
		E7BC651A29A469A400C8C24E /* Sync */ = {
			isa = PBXGroup;
			children = (
				E7BC651B29A469A400C8C24E /* Channel.swift */,
				E7BC651C29A469A400C8C24E /* Semaphore.swift */,
				E7BC651D29A469A400C8C24E /* Mutex.swift */,
				E7BC651E29A469A400C8C24E /* Atomic.swift */,
				E7BC651F29A469A400C8C24E /* Actor.swift */,
			);
			path = Sync;
			sourceTree = "<group>";
		};
		E7BC652529A469B300C8C24E /* MQHorizontalPagingView */ = {
			isa = PBXGroup;
			children = (
				E7BC652629A469B300C8C24E /* MQHorizontalPagingView.swift */,
			);
			path = MQHorizontalPagingView;
			sourceTree = "<group>";
		};
		E7BC652829A469BC00C8C24E /* MQTextField */ = {
			isa = PBXGroup;
			children = (
				E7BC652929A469BC00C8C24E /* MQTextField.swift */,
			);
			path = MQTextField;
			sourceTree = "<group>";
		};
		E7BC652A29A469BC00C8C24E /* MQTextView */ = {
			isa = PBXGroup;
			children = (
				E7BC652B29A469BC00C8C24E /* MQTextView.swift */,
			);
			path = MQTextView;
			sourceTree = "<group>";
		};
		E7BC653229A471FD00C8C24E /* App */ = {
			isa = PBXGroup;
			children = (
				E7AAB61829EFE1390096D3C2 /* Extension */,
				E7AAB61729EFE12F0096D3C2 /* Home */,
			);
			path = App;
			sourceTree = "<group>";
		};
		E7BC653329A4721800C8C24E /* ComponentHome */ = {
			isa = PBXGroup;
			children = (
				E7BC653429A472EC00C8C24E /* ComponentHomeViewController.swift */,
			);
			path = ComponentHome;
			sourceTree = "<group>";
		};
/* End PBXGroup section */

/* Begin PBXHeadersBuildPhase section */
		E7BC642829A4678F00C8C24E /* Headers */ = {
			isa = PBXHeadersBuildPhase;
			buildActionMask = 2147483647;
			files = (
			);
			runOnlyForDeploymentPostprocessing = 0;
		};
/* End PBXHeadersBuildPhase section */

/* Begin PBXNativeTarget section */
		E7BC641329A4674100C8C24E /* Demo */ = {
			isa = PBXNativeTarget;
			buildConfigurationList = E7BC642529A4674200C8C24E /* Build configuration list for PBXNativeTarget "Demo" */;
			buildPhases = (
				E7BC641029A4674100C8C24E /* Sources */,
				E7BC641129A4674100C8C24E /* Frameworks */,
				E7BC641229A4674100C8C24E /* Resources */,
			);
			buildRules = (
			);
			dependencies = (
				E7BC643229A4678F00C8C24E /* PBXTargetDependency */,
			);
			name = Demo;
			packageProductDependencies = (
				E73157D629A774F900923A3B /* SnapKit */,
			);
			productName = Demo;
			productReference = E7BC641429A4674100C8C24E /* Demo.app */;
			productType = "com.apple.product-type.application";
		};
		E7BC642C29A4678F00C8C24E /* MQKit */ = {
			isa = PBXNativeTarget;
			buildConfigurationList = E7BC643529A4678F00C8C24E /* Build configuration list for PBXNativeTarget "MQKit" */;
			buildPhases = (
				E7BC642829A4678F00C8C24E /* Headers */,
				E7BC642929A4678F00C8C24E /* Sources */,
				E7BC642A29A4678F00C8C24E /* Frameworks */,
				E7BC642B29A4678F00C8C24E /* Resources */,
			);
			buildRules = (
			);
			dependencies = (
			);
			name = MQKit;
			productName = MQKit;
			productReference = E7BC642D29A4678F00C8C24E /* MQKit.framework */;
			productType = "com.apple.product-type.framework";
		};
/* End PBXNativeTarget section */

/* Begin PBXProject section */
		E7005B4229A34238009C4D03 /* Project object */ = {
			isa = PBXProject;
			attributes = {
				BuildIndependentTargetsInParallel = 1;
				LastSwiftUpdateCheck = 1420;
				LastUpgradeCheck = 1420;
				TargetAttributes = {
					E7BC641329A4674100C8C24E = {
						CreatedOnToolsVersion = 14.2;
					};
					E7BC642C29A4678F00C8C24E = {
						CreatedOnToolsVersion = 14.2;
					};
				};
			};
			buildConfigurationList = E7005B4529A34238009C4D03 /* Build configuration list for PBXProject "MQKit" */;
			compatibilityVersion = "Xcode 14.0";
			developmentRegion = en;
			hasScannedForEncodings = 0;
			knownRegions = (
				en,
				Base,
			);
			mainGroup = E7005B4129A34238009C4D03;
			packageReferences = (
				E7005B6129A35AB7009C4D03 /* XCRemoteSwiftPackageReference "SnapKit" */,
			);
			productRefGroup = E7005B4B29A34238009C4D03 /* Products */;
			projectDirPath = "";
			projectRoot = "";
			targets = (
				E7BC641329A4674100C8C24E /* Demo */,
				E7BC642C29A4678F00C8C24E /* MQKit */,
			);
		};
/* End PBXProject section */

/* Begin PBXResourcesBuildPhase section */
		E7BC641229A4674100C8C24E /* Resources */ = {
			isa = PBXResourcesBuildPhase;
			buildActionMask = 2147483647;
			files = (
				E7BC642329A4674200C8C24E /* LaunchScreen.storyboard in Resources */,
				E7BC642029A4674200C8C24E /* Assets.xcassets in Resources */,
			);
			runOnlyForDeploymentPostprocessing = 0;
		};
		E7BC642B29A4678F00C8C24E /* Resources */ = {
			isa = PBXResourcesBuildPhase;
			buildActionMask = 2147483647;
			files = (
			);
			runOnlyForDeploymentPostprocessing = 0;
		};
/* End PBXResourcesBuildPhase section */

/* Begin PBXSourcesBuildPhase section */
		E7BC641029A4674100C8C24E /* Sources */ = {
			isa = PBXSourcesBuildPhase;
			buildActionMask = 2147483647;
			files = (
				E73157D229A7008700923A3B /* ExtensionHomeViewController.swift in Sources */,
				E7BC641729A4674100C8C24E /* AppDelegate.swift in Sources */,
				E7BC653529A472EC00C8C24E /* ComponentHomeViewController.swift in Sources */,
				E7AAB61C29EFE18E0096D3C2 /* FontExtensionViewController.swift in Sources */,
				E7AAB61E29EFE8650096D3C2 /* StringListViewController.swift in Sources */,
				E7AAB61529EFDE770096D3C2 /* TextCell.swift in Sources */,
				E7BC641929A4674100C8C24E /* SceneDelegate.swift in Sources */,
				E7BC653129A46C8D00C8C24E /* SceneDelegate+UI.swift in Sources */,
				E73157D429A7009400923A3B /* UtilHomeViewController.swift in Sources */,
			);
			runOnlyForDeploymentPostprocessing = 0;
		};
		E7BC642929A4678F00C8C24E /* Sources */ = {
			isa = PBXSourcesBuildPhase;
			buildActionMask = 2147483647;
			files = (
				E7BC64B529A4681D00C8C24E /* NSCollectionLayoutDecorationItem+MQ.swift in Sources */,
				E7BC64EA29A4684A00C8C24E /* UIScrollView+DSL.swift in Sources */,
				E7BC652129A469A400C8C24E /* Semaphore.swift in Sources */,
				E7BC64AF29A4681D00C8C24E /* UICollectionView+MQ.swift in Sources */,
				E7BC652329A469A400C8C24E /* Atomic.swift in Sources */,
				E7BC64BC29A4681D00C8C24E /* CharacterSet+MQ.swift in Sources */,
				E7BC64D629A4681D00C8C24E /* String+MQMark.swift in Sources */,
				E7BC64A729A4681D00C8C24E /* UIApplication+MQ.swift in Sources */,
				E7BC64B329A4681D00C8C24E /* NSCollectionLayoutGroup+MQ.swift in Sources */,
				E7BC64B629A4681D00C8C24E /* NSCollectionLayoutSection+MQ.swift in Sources */,
				E7BC649829A4681D00C8C24E /* CGPoint+MQ.swift in Sources */,
				E7BC64C229A4681D00C8C24E /* Substring+Subscript.swift in Sources */,
				E7BC64A229A4681D00C8C24E /* UIColor+Metal.swift in Sources */,
				E7BC64D429A4681D00C8C24E /* String+MQSize.swift in Sources */,
				E7BC64ED29A4684A00C8C24E /* UICollectionView+DSL.swift in Sources */,
				E7FED9CD2A821A2A004ADF0D /* UITextView+DSL.swift in Sources */,
				E7BC649629A4681D00C8C24E /* CGSize+MQ.swift in Sources */,
				E7BC64F829A4698800C8C24E /* ThirdScheme+WeChat.swift in Sources */,
				E7BC649B29A4681D00C8C24E /* CGRect+MQ.swift in Sources */,
				E7BC64E929A4684A00C8C24E /* UIButton+DSL.swift in Sources */,
				E7BC64C729A4681D00C8C24E /* StringEncoding+MQWindows.swift in Sources */,
				E7BC64BA29A4681D00C8C24E /* OperationQueue+MQ.swift in Sources */,
				E7BC652C29A469BC00C8C24E /* MQTextField.swift in Sources */,
				E7BC649F29A4681D00C8C24E /* UIImage+MQMetal.swift in Sources */,
				E7BC651329A4699000C8C24E /* AES+CBC.swift in Sources */,
				E7BC64A029A4681D00C8C24E /* UIImage+Creator.swift in Sources */,
				E7BC64BF29A4681D00C8C24E /* FixedWidthInteger+MQ.swift in Sources */,
				E7BC64B429A4681D00C8C24E /* NSCollectionLayoutSize+MQ.swift in Sources */,
				E7BC64BD29A4681D00C8C24E /* Date+MQ.swift in Sources */,
				E7BC64E829A4684A00C8C24E /* NSAttributedStringDocumentReadingOptionKey+DSL.swift in Sources */,
				E7BC64EF29A4684A00C8C24E /* UILabel+DSL.swift in Sources */,
				E7BC64B729A4681D00C8C24E /* NSCollectionLayoutBoundarySupplementaryItem+MQ.swift in Sources */,
				E7BC649D29A4681D00C8C24E /* MTLClearColor+MQ.swift in Sources */,
				E7BC649529A4681D00C8C24E /* CGColor+MQ.swift in Sources */,
				E7BC64DB29A4681D00C8C24E /* URL+MQ.swift in Sources */,
				E7BC64CA29A4681D00C8C24E /* StringEncoding+MQList.swift in Sources */,
				E7BC652D29A469BC00C8C24E /* MQTextView.swift in Sources */,
				E7BC64B229A4681D00C8C24E /* NSDirectionalEdgeInsets+MQ.swift in Sources */,
				E7BC64A529A4681D00C8C24E /* UIView+MQ.swift in Sources */,
				E7BC64C829A4681D00C8C24E /* StringEncoding+MQIso.swift in Sources */,
				E7BC64CC29A4681D00C8C24E /* StringEncoding+MQEuc.swift in Sources */,
				E7BC64A429A4681D00C8C24E /* UIColor+Creator.swift in Sources */,
				E7BC64B029A4681D00C8C24E /* CGFloat+MQ.swift in Sources */,
				E7BC64C629A4681D00C8C24E /* CFStringEncodings+MQList.swift in Sources */,
				E7BC64DC29A4681D00C8C24E /* NSMutableAttributedString+MQ.swift in Sources */,
				E7BC64C929A4681D00C8C24E /* StringEncoding+MQCode.swift in Sources */,
				E7BC651929A4699E00C8C24E /* MQKeychain.swift in Sources */,
				E7BC64D529A4681D00C8C24E /* String+MQ.swift in Sources */,
				E7BC64D829A4681D00C8C24E /* Dictionary+MQ.swift in Sources */,
				E7BC649929A4681D00C8C24E /* CGPoint+Creator.swift in Sources */,
				E7BC650E29A4699000C8C24E /* RSA+PKCS1.swift in Sources */,
				E7BC651229A4699000C8C24E /* AES+GCM.swift in Sources */,
				E7BC64B129A4681D00C8C24E /* UIRectEdge+MQ.swift in Sources */,
				E7BC649C29A4681D00C8C24E /* MTLTexture+MQ.swift in Sources */,
				E7BC652429A469A400C8C24E /* Actor.swift in Sources */,
				E7BC64D329A4681D00C8C24E /* String+Subscript.swift in Sources */,
				E7BC64AB29A4681D00C8C24E /* UIDevice+MQHardware.swift in Sources */,
				E7BC64F929A4698800C8C24E /* ThirdScheme.swift in Sources */,
				E7BC64CE29A4681D00C8C24E /* UInt8+MQ.swift in Sources */,
				E7BC64AC29A4681D00C8C24E /* UICollectionViewLayout+MQ.swift in Sources */,
				E7BC64AD29A4681D00C8C24E /* UICollectionViewDiffableDataSource+MQ.swift in Sources */,
				E7BC64C329A4681D00C8C24E /* Substring+MQ.swift in Sources */,
				E73EA3092A67C5FF000EF68F /* UITextField+DSL.swift in Sources */,
				E7BC64A329A4681D00C8C24E /* UIColor+MQ.swift in Sources */,
				E7BC649E29A4681D00C8C24E /* UIImage+MQ.swift in Sources */,
				E7BC650C29A4699000C8C24E /* RSA.swift in Sources */,
				E7BC64AE29A4681D00C8C24E /* UICollectionViewCompositionalLayout+MQ.swift in Sources */,
				E7BC64EC29A4684A00C8C24E /* CAShapeLayer+DSL.swift in Sources */,
				E7BC64F729A4698800C8C24E /* ThirdScheme+QQ.swift in Sources */,
				E7BC651129A4699000C8C24E /* AES.swift in Sources */,
				E7BC650A29A4699000C8C24E /* Hash+MD5.swift in Sources */,
				E7BC64BE29A4681D00C8C24E /* NSRegularExpression+MQ.swift in Sources */,
				E7BC64D029A4681D00C8C24E /* String+MQRegularExpression.swift in Sources */,
				E7BC651829A4699E00C8C24E /* MQTaptic.swift in Sources */,
				E7BC650B29A4699000C8C24E /* Hash+SHA256.swift in Sources */,
				E7BC64D729A4681D00C8C24E /* String+MQChar.swift in Sources */,
				E7BC652729A469B300C8C24E /* MQHorizontalPagingView.swift in Sources */,
				E7BC64A629A4681D00C8C24E /* UIView+Shortcut.swift in Sources */,
				E7BC64CB29A4681D00C8C24E /* StringEncoding+MQMac.swift in Sources */,
				E7BC650D29A4699000C8C24E /* RSA+Raw.swift in Sources */,
				E7BC64C429A4681D00C8C24E /* Task+MQ.swift in Sources */,
				E7BC64BB29A4681D00C8C24E /* Array+MQ.swift in Sources */,
				E7BC650929A4699000C8C24E /* MQCrypto+CC.swift in Sources */,
				E7BC64C129A4681D00C8C24E /* Pow+MQ.swift in Sources */,
				E7BC64A929A4681D00C8C24E /* Coordinate+MQ.swift in Sources */,
				E7BC64CF29A4681D00C8C24E /* RangeExpression+MQ.swift in Sources */,
				E7BC64D929A4681D00C8C24E /* Bundle+MQ.swift in Sources */,
				E7BC652029A469A400C8C24E /* Channel.swift in Sources */,
				E7BC64B929A4681D00C8C24E /* UIEdgeInsets+MQ.swift in Sources */,
				E7BC651029A4699000C8C24E /* MQCrypto.swift in Sources */,
				E7BC652F29A469F800C8C24E /* MQCollectionView.swift in Sources */,
				E7BC64D229A4681D00C8C24E /* String+MQCode.swift in Sources */,
				E7BC64D129A4681D00C8C24E /* String+MQPath.swift in Sources */,
				E7BC64A129A4681D00C8C24E /* UITextField+MQ.swift in Sources */,
				E7BC64DA29A4681D00C8C24E /* Data+Hex.swift in Sources */,
				E7BC64AA29A4681D00C8C24E /* UIDevice+MQSoftware.swift in Sources */,
				E7BC64C529A4681D00C8C24E /* CFStringEncodings+MQCode.swift in Sources */,
				E7BC64EE29A4684A00C8C24E /* CALayer+DSL.swift in Sources */,
				E7BC64C029A4681D00C8C24E /* Decimal+MQ.swift in Sources */,
				E7BC64B829A4681D00C8C24E /* UIFont+MQ.swift in Sources */,
				E7BC649A29A4681D00C8C24E /* CGRect+Creator.swift in Sources */,
				E7BC64A829A4681D00C8C24E /* NSDiffableDataSourceSnapshot+MQ.swift in Sources */,
				E7BC650F29A4699000C8C24E /* MQCrypto+Padding.swift in Sources */,
				E7BC649729A4681D00C8C24E /* CGSize+Creator.swift in Sources */,
				E7BC64F029A4684A00C8C24E /* NSAttributedStringKey+DSL.swift in Sources */,
				E7443DFD2A85018B00D461E9 /* UIStackView+DSL.swift in Sources */,
				E7BC652229A469A400C8C24E /* Mutex.swift in Sources */,
				E7BC64F129A4684A00C8C24E /* DSL.swift in Sources */,
				E7BC64EB29A4684A00C8C24E /* UIVIew+DSL.swift in Sources */,
				E7BC64CD29A4681D00C8C24E /* StringEncoding+MQDoc.swift in Sources */,
			);
			runOnlyForDeploymentPostprocessing = 0;
		};
/* End PBXSourcesBuildPhase section */

/* Begin PBXTargetDependency section */
		E7BC643229A4678F00C8C24E /* PBXTargetDependency */ = {
			isa = PBXTargetDependency;
			target = E7BC642C29A4678F00C8C24E /* MQKit */;
			targetProxy = E7BC643129A4678F00C8C24E /* PBXContainerItemProxy */;
		};
/* End PBXTargetDependency section */

/* Begin PBXVariantGroup section */
		E7BC642129A4674200C8C24E /* LaunchScreen.storyboard */ = {
			isa = PBXVariantGroup;
			children = (
				E7BC642229A4674200C8C24E /* Base */,
			);
			name = LaunchScreen.storyboard;
			sourceTree = "<group>";
		};
/* End PBXVariantGroup section */

/* Begin XCBuildConfiguration section */
		E7005B5C29A3423A009C4D03 /* Debug */ = {
			isa = XCBuildConfiguration;
			buildSettings = {
				ALWAYS_SEARCH_USER_PATHS = NO;
				CLANG_ANALYZER_NONNULL = YES;
				CLANG_ANALYZER_NUMBER_OBJECT_CONVERSION = YES_AGGRESSIVE;
				CLANG_CXX_LANGUAGE_STANDARD = "gnu++20";
				CLANG_ENABLE_MODULES = YES;
				CLANG_ENABLE_OBJC_ARC = YES;
				CLANG_ENABLE_OBJC_WEAK = YES;
				CLANG_WARN_BLOCK_CAPTURE_AUTORELEASING = YES;
				CLANG_WARN_BOOL_CONVERSION = YES;
				CLANG_WARN_COMMA = YES;
				CLANG_WARN_CONSTANT_CONVERSION = YES;
				CLANG_WARN_DEPRECATED_OBJC_IMPLEMENTATIONS = YES;
				CLANG_WARN_DIRECT_OBJC_ISA_USAGE = YES_ERROR;
				CLANG_WARN_DOCUMENTATION_COMMENTS = YES;
				CLANG_WARN_EMPTY_BODY = YES;
				CLANG_WARN_ENUM_CONVERSION = YES;
				CLANG_WARN_INFINITE_RECURSION = YES;
				CLANG_WARN_INT_CONVERSION = YES;
				CLANG_WARN_NON_LITERAL_NULL_CONVERSION = YES;
				CLANG_WARN_OBJC_IMPLICIT_RETAIN_SELF = YES;
				CLANG_WARN_OBJC_LITERAL_CONVERSION = YES;
				CLANG_WARN_OBJC_ROOT_CLASS = YES_ERROR;
				CLANG_WARN_QUOTED_INCLUDE_IN_FRAMEWORK_HEADER = YES;
				CLANG_WARN_RANGE_LOOP_ANALYSIS = YES;
				CLANG_WARN_STRICT_PROTOTYPES = YES;
				CLANG_WARN_SUSPICIOUS_MOVE = YES;
				CLANG_WARN_UNGUARDED_AVAILABILITY = YES_AGGRESSIVE;
				CLANG_WARN_UNREACHABLE_CODE = YES;
				CLANG_WARN__DUPLICATE_METHOD_MATCH = YES;
				COPY_PHASE_STRIP = NO;
				DEBUG_INFORMATION_FORMAT = dwarf;
				ENABLE_STRICT_OBJC_MSGSEND = YES;
				ENABLE_TESTABILITY = YES;
				GCC_C_LANGUAGE_STANDARD = gnu11;
				GCC_DYNAMIC_NO_PIC = NO;
				GCC_NO_COMMON_BLOCKS = YES;
				GCC_OPTIMIZATION_LEVEL = 0;
				GCC_PREPROCESSOR_DEFINITIONS = (
					"DEBUG=1",
					"$(inherited)",
				);
				GCC_WARN_64_TO_32_BIT_CONVERSION = YES;
				GCC_WARN_ABOUT_RETURN_TYPE = YES_ERROR;
				GCC_WARN_UNDECLARED_SELECTOR = YES;
				GCC_WARN_UNINITIALIZED_AUTOS = YES_AGGRESSIVE;
				GCC_WARN_UNUSED_FUNCTION = YES;
				GCC_WARN_UNUSED_VARIABLE = YES;
				IPHONEOS_DEPLOYMENT_TARGET = 16.4;
				MTL_ENABLE_DEBUG_INFO = INCLUDE_SOURCE;
				MTL_FAST_MATH = YES;
				ONLY_ACTIVE_ARCH = YES;
				SDKROOT = iphoneos;
				SWIFT_ACTIVE_COMPILATION_CONDITIONS = DEBUG;
				SWIFT_OPTIMIZATION_LEVEL = "-Onone";
			};
			name = Debug;
		};
		E7005B5D29A3423A009C4D03 /* Release */ = {
			isa = XCBuildConfiguration;
			buildSettings = {
				ALWAYS_SEARCH_USER_PATHS = NO;
				CLANG_ANALYZER_NONNULL = YES;
				CLANG_ANALYZER_NUMBER_OBJECT_CONVERSION = YES_AGGRESSIVE;
				CLANG_CXX_LANGUAGE_STANDARD = "gnu++20";
				CLANG_ENABLE_MODULES = YES;
				CLANG_ENABLE_OBJC_ARC = YES;
				CLANG_ENABLE_OBJC_WEAK = YES;
				CLANG_WARN_BLOCK_CAPTURE_AUTORELEASING = YES;
				CLANG_WARN_BOOL_CONVERSION = YES;
				CLANG_WARN_COMMA = YES;
				CLANG_WARN_CONSTANT_CONVERSION = YES;
				CLANG_WARN_DEPRECATED_OBJC_IMPLEMENTATIONS = YES;
				CLANG_WARN_DIRECT_OBJC_ISA_USAGE = YES_ERROR;
				CLANG_WARN_DOCUMENTATION_COMMENTS = YES;
				CLANG_WARN_EMPTY_BODY = YES;
				CLANG_WARN_ENUM_CONVERSION = YES;
				CLANG_WARN_INFINITE_RECURSION = YES;
				CLANG_WARN_INT_CONVERSION = YES;
				CLANG_WARN_NON_LITERAL_NULL_CONVERSION = YES;
				CLANG_WARN_OBJC_IMPLICIT_RETAIN_SELF = YES;
				CLANG_WARN_OBJC_LITERAL_CONVERSION = YES;
				CLANG_WARN_OBJC_ROOT_CLASS = YES_ERROR;
				CLANG_WARN_QUOTED_INCLUDE_IN_FRAMEWORK_HEADER = YES;
				CLANG_WARN_RANGE_LOOP_ANALYSIS = YES;
				CLANG_WARN_STRICT_PROTOTYPES = YES;
				CLANG_WARN_SUSPICIOUS_MOVE = YES;
				CLANG_WARN_UNGUARDED_AVAILABILITY = YES_AGGRESSIVE;
				CLANG_WARN_UNREACHABLE_CODE = YES;
				CLANG_WARN__DUPLICATE_METHOD_MATCH = YES;
				COPY_PHASE_STRIP = NO;
				DEBUG_INFORMATION_FORMAT = "dwarf-with-dsym";
				ENABLE_NS_ASSERTIONS = NO;
				ENABLE_STRICT_OBJC_MSGSEND = YES;
				GCC_C_LANGUAGE_STANDARD = gnu11;
				GCC_NO_COMMON_BLOCKS = YES;
				GCC_WARN_64_TO_32_BIT_CONVERSION = YES;
				GCC_WARN_ABOUT_RETURN_TYPE = YES_ERROR;
				GCC_WARN_UNDECLARED_SELECTOR = YES;
				GCC_WARN_UNINITIALIZED_AUTOS = YES_AGGRESSIVE;
				GCC_WARN_UNUSED_FUNCTION = YES;
				GCC_WARN_UNUSED_VARIABLE = YES;
				IPHONEOS_DEPLOYMENT_TARGET = 16.4;
				MTL_ENABLE_DEBUG_INFO = NO;
				MTL_FAST_MATH = YES;
				SDKROOT = iphoneos;
				SWIFT_COMPILATION_MODE = wholemodule;
				SWIFT_OPTIMIZATION_LEVEL = "-O";
				VALIDATE_PRODUCT = YES;
			};
			name = Release;
		};
		E7BC642629A4674200C8C24E /* Debug */ = {
			isa = XCBuildConfiguration;
			buildSettings = {
				ASSETCATALOG_COMPILER_APPICON_NAME = AppIcon;
				ASSETCATALOG_COMPILER_GLOBAL_ACCENT_COLOR_NAME = AccentColor;
				CODE_SIGN_STYLE = Automatic;
				CURRENT_PROJECT_VERSION = 1;
				GENERATE_INFOPLIST_FILE = YES;
				INFOPLIST_FILE = Demo/Info.plist;
				INFOPLIST_KEY_UIApplicationSupportsIndirectInputEvents = YES;
				INFOPLIST_KEY_UILaunchStoryboardName = LaunchScreen;
				INFOPLIST_KEY_UISupportedInterfaceOrientations_iPad = "UIInterfaceOrientationPortrait UIInterfaceOrientationPortraitUpsideDown UIInterfaceOrientationLandscapeLeft UIInterfaceOrientationLandscapeRight";
				INFOPLIST_KEY_UISupportedInterfaceOrientations_iPhone = "UIInterfaceOrientationPortrait UIInterfaceOrientationLandscapeLeft UIInterfaceOrientationLandscapeRight";
				IPHONEOS_DEPLOYMENT_TARGET = 13.0;
				LD_RUNPATH_SEARCH_PATHS = (
					"$(inherited)",
					"@executable_path/Frameworks",
				);
				MARKETING_VERSION = 1.0;
				PRODUCT_BUNDLE_IDENTIFIER = "M-Quadra.Demo";
				PRODUCT_NAME = "$(TARGET_NAME)";
				SUPPORTED_PLATFORMS = "iphoneos iphonesimulator";
				SUPPORTS_MACCATALYST = NO;
				SUPPORTS_MAC_DESIGNED_FOR_IPHONE_IPAD = NO;
				SWIFT_EMIT_LOC_STRINGS = YES;
				SWIFT_VERSION = 5.0;
				TARGETED_DEVICE_FAMILY = 1;
			};
			name = Debug;
		};
		E7BC642729A4674200C8C24E /* Release */ = {
			isa = XCBuildConfiguration;
			buildSettings = {
				ASSETCATALOG_COMPILER_APPICON_NAME = AppIcon;
				ASSETCATALOG_COMPILER_GLOBAL_ACCENT_COLOR_NAME = AccentColor;
				CODE_SIGN_STYLE = Automatic;
				CURRENT_PROJECT_VERSION = 1;
				GENERATE_INFOPLIST_FILE = YES;
				INFOPLIST_FILE = Demo/Info.plist;
				INFOPLIST_KEY_UIApplicationSupportsIndirectInputEvents = YES;
				INFOPLIST_KEY_UILaunchStoryboardName = LaunchScreen;
				INFOPLIST_KEY_UISupportedInterfaceOrientations_iPad = "UIInterfaceOrientationPortrait UIInterfaceOrientationPortraitUpsideDown UIInterfaceOrientationLandscapeLeft UIInterfaceOrientationLandscapeRight";
				INFOPLIST_KEY_UISupportedInterfaceOrientations_iPhone = "UIInterfaceOrientationPortrait UIInterfaceOrientationLandscapeLeft UIInterfaceOrientationLandscapeRight";
				IPHONEOS_DEPLOYMENT_TARGET = 13.0;
				LD_RUNPATH_SEARCH_PATHS = (
					"$(inherited)",
					"@executable_path/Frameworks",
				);
				MARKETING_VERSION = 1.0;
				PRODUCT_BUNDLE_IDENTIFIER = "M-Quadra.Demo";
				PRODUCT_NAME = "$(TARGET_NAME)";
				SUPPORTED_PLATFORMS = "iphoneos iphonesimulator";
				SUPPORTS_MACCATALYST = NO;
				SUPPORTS_MAC_DESIGNED_FOR_IPHONE_IPAD = NO;
				SWIFT_EMIT_LOC_STRINGS = YES;
				SWIFT_VERSION = 5.0;
				TARGETED_DEVICE_FAMILY = 1;
			};
			name = Release;
		};
		E7BC643629A4678F00C8C24E /* Debug */ = {
			isa = XCBuildConfiguration;
			buildSettings = {
				CODE_SIGN_STYLE = Automatic;
				CURRENT_PROJECT_VERSION = 1;
				DEFINES_MODULE = YES;
				DYLIB_COMPATIBILITY_VERSION = 1;
				DYLIB_CURRENT_VERSION = 1;
				DYLIB_INSTALL_NAME_BASE = "@rpath";
				GENERATE_INFOPLIST_FILE = YES;
				INFOPLIST_KEY_NSHumanReadableCopyright = "";
				INSTALL_PATH = "$(LOCAL_LIBRARY_DIR)/Frameworks";
				IPHONEOS_DEPLOYMENT_TARGET = 11.0;
				LD_RUNPATH_SEARCH_PATHS = (
					"$(inherited)",
					"@executable_path/Frameworks",
					"@loader_path/Frameworks",
				);
				MACH_O_TYPE = staticlib;
				MARKETING_VERSION = 1.0;
				PRODUCT_BUNDLE_IDENTIFIER = "M-Quadra.MQKit";
				PRODUCT_NAME = "$(TARGET_NAME:c99extidentifier)";
				SKIP_INSTALL = YES;
				SUPPORTED_PLATFORMS = "iphoneos iphonesimulator";
				SUPPORTS_MACCATALYST = NO;
				SUPPORTS_MAC_DESIGNED_FOR_IPHONE_IPAD = NO;
				SWIFT_EMIT_LOC_STRINGS = YES;
				SWIFT_VERSION = 5.0;
				TARGETED_DEVICE_FAMILY = 1;
				VERSIONING_SYSTEM = "apple-generic";
				VERSION_INFO_PREFIX = "";
			};
			name = Debug;
		};
		E7BC643729A4678F00C8C24E /* Release */ = {
			isa = XCBuildConfiguration;
			buildSettings = {
				CODE_SIGN_STYLE = Automatic;
				CURRENT_PROJECT_VERSION = 1;
				DEFINES_MODULE = YES;
				DYLIB_COMPATIBILITY_VERSION = 1;
				DYLIB_CURRENT_VERSION = 1;
				DYLIB_INSTALL_NAME_BASE = "@rpath";
				GENERATE_INFOPLIST_FILE = YES;
				INFOPLIST_KEY_NSHumanReadableCopyright = "";
				INSTALL_PATH = "$(LOCAL_LIBRARY_DIR)/Frameworks";
				IPHONEOS_DEPLOYMENT_TARGET = 11.0;
				LD_RUNPATH_SEARCH_PATHS = (
					"$(inherited)",
					"@executable_path/Frameworks",
					"@loader_path/Frameworks",
				);
				MACH_O_TYPE = staticlib;
				MARKETING_VERSION = 1.0;
				PRODUCT_BUNDLE_IDENTIFIER = "M-Quadra.MQKit";
				PRODUCT_NAME = "$(TARGET_NAME:c99extidentifier)";
				SKIP_INSTALL = YES;
				SUPPORTED_PLATFORMS = "iphoneos iphonesimulator";
				SUPPORTS_MACCATALYST = NO;
				SUPPORTS_MAC_DESIGNED_FOR_IPHONE_IPAD = NO;
				SWIFT_EMIT_LOC_STRINGS = YES;
				SWIFT_VERSION = 5.0;
				TARGETED_DEVICE_FAMILY = 1;
				VERSIONING_SYSTEM = "apple-generic";
				VERSION_INFO_PREFIX = "";
			};
			name = Release;
		};
/* End XCBuildConfiguration section */

/* Begin XCConfigurationList section */
		E7005B4529A34238009C4D03 /* Build configuration list for PBXProject "MQKit" */ = {
			isa = XCConfigurationList;
			buildConfigurations = (
				E7005B5C29A3423A009C4D03 /* Debug */,
				E7005B5D29A3423A009C4D03 /* Release */,
			);
			defaultConfigurationIsVisible = 0;
			defaultConfigurationName = Release;
		};
		E7BC642529A4674200C8C24E /* Build configuration list for PBXNativeTarget "Demo" */ = {
			isa = XCConfigurationList;
			buildConfigurations = (
				E7BC642629A4674200C8C24E /* Debug */,
				E7BC642729A4674200C8C24E /* Release */,
			);
			defaultConfigurationIsVisible = 0;
			defaultConfigurationName = Release;
		};
		E7BC643529A4678F00C8C24E /* Build configuration list for PBXNativeTarget "MQKit" */ = {
			isa = XCConfigurationList;
			buildConfigurations = (
				E7BC643629A4678F00C8C24E /* Debug */,
				E7BC643729A4678F00C8C24E /* Release */,
			);
			defaultConfigurationIsVisible = 0;
			defaultConfigurationName = Release;
		};
/* End XCConfigurationList section */

/* Begin XCRemoteSwiftPackageReference section */
		E7005B6129A35AB7009C4D03 /* XCRemoteSwiftPackageReference "SnapKit" */ = {
			isa = XCRemoteSwiftPackageReference;
			repositoryURL = "https://github.com/SnapKit/SnapKit";
			requirement = {
				kind = upToNextMajorVersion;
				minimumVersion = 5.0.0;
			};
		};
/* End XCRemoteSwiftPackageReference section */

/* Begin XCSwiftPackageProductDependency section */
		E73157D629A774F900923A3B /* SnapKit */ = {
			isa = XCSwiftPackageProductDependency;
			package = E7005B6129A35AB7009C4D03 /* XCRemoteSwiftPackageReference "SnapKit" */;
			productName = SnapKit;
		};
/* End XCSwiftPackageProductDependency section */
	};
	rootObject = E7005B4229A34238009C4D03 /* Project object */;
}
